// !$*UTF8*$!
{
	archiveVersion = 1;
	classes = {
	};
	objectVersion = 46;
	objects = {

/* Begin PBXBuildFile section */
		750065B81895ADEC00778029 /* TimeMachineCell.m in Sources */ = {isa = PBXBuildFile; fileRef = 750065B71895ADEC00778029 /* TimeMachineCell.m */; };
		750065BB1895B26600778029 /* ResultsCVC.m in Sources */ = {isa = PBXBuildFile; fileRef = 750065BA1895B26600778029 /* ResultsCVC.m */; };
		750065BE1895B3CC00778029 /* SongCell.m in Sources */ = {isa = PBXBuildFile; fileRef = 750065BD1895B3CC00778029 /* SongCell.m */; };
		7511EA0D18A0602800CE553B /* _DCTCDSManagedObjectContext.m in Sources */ = {isa = PBXBuildFile; fileRef = 7511EA0818A0602800CE553B /* _DCTCDSManagedObjectContext.m */; };
		7511EA0E18A0602800CE553B /* DCTCoreDataStack.m in Sources */ = {isa = PBXBuildFile; fileRef = 7511EA0A18A0602800CE553B /* DCTCoreDataStack.m */; };
		7511EA0F18A0602800CE553B /* NSManagedObjectContext+DCTCoreDataStack.m in Sources */ = {isa = PBXBuildFile; fileRef = 7511EA0C18A0602800CE553B /* NSManagedObjectContext+DCTCoreDataStack.m */; };
		7519BA49188252900010D874 /* TimeMachineTVC.m in Sources */ = {isa = PBXBuildFile; fileRef = 7519BA48188252900010D874 /* TimeMachineTVC.m */; };
		7519BA4F18825BCD0010D874 /* SignUpCell.m in Sources */ = {isa = PBXBuildFile; fileRef = 7519BA4E18825BCD0010D874 /* SignUpCell.m */; };
		75270AC0187CCBB700B49643 /* DataLoader.m in Sources */ = {isa = PBXBuildFile; fileRef = 75270ABF187CCBB700B49643 /* DataLoader.m */; };
		75B729801882D3B500D0A695 /* Song.m in Sources */ = {isa = PBXBuildFile; fileRef = 75B7297F1882D3B500D0A695 /* Song.m */; };
		75B729861882D81B00D0A695 /* Song+Networking.m in Sources */ = {isa = PBXBuildFile; fileRef = 75B729851882D81B00D0A695 /* Song+Networking.m */; };
		75B729881882DBB900D0A695 /* MusicRanked.json in Resources */ = {isa = PBXBuildFile; fileRef = 75B729871882DBB900D0A695 /* MusicRanked.json */; };
		75B7298B1882DFF200D0A695 /* Constants.m in Sources */ = {isa = PBXBuildFile; fileRef = 75B7298A1882DFF200D0A695 /* Constants.m */; };
		75B7298F1883920900D0A695 /* DatePickerTVC.m in Sources */ = {isa = PBXBuildFile; fileRef = 75B7298E1883920900D0A695 /* DatePickerTVC.m */; };
		75C735B41846E0260055F8C3 /* Foundation.framework in Frameworks */ = {isa = PBXBuildFile; fileRef = 75C735B31846E0260055F8C3 /* Foundation.framework */; };
		75C735B61846E0260055F8C3 /* CoreGraphics.framework in Frameworks */ = {isa = PBXBuildFile; fileRef = 75C735B51846E0260055F8C3 /* CoreGraphics.framework */; };
		75C735B81846E0260055F8C3 /* UIKit.framework in Frameworks */ = {isa = PBXBuildFile; fileRef = 75C735B71846E0260055F8C3 /* UIKit.framework */; };
		75C735BE1846E0260055F8C3 /* InfoPlist.strings in Resources */ = {isa = PBXBuildFile; fileRef = 75C735BC1846E0260055F8C3 /* InfoPlist.strings */; };
		75C735C01846E0260055F8C3 /* main.m in Sources */ = {isa = PBXBuildFile; fileRef = 75C735BF1846E0260055F8C3 /* main.m */; };
		75C735C41846E0260055F8C3 /* AppDelegate.m in Sources */ = {isa = PBXBuildFile; fileRef = 75C735C31846E0260055F8C3 /* AppDelegate.m */; };
		75C735C71846E0260055F8C3 /* Main.storyboard in Resources */ = {isa = PBXBuildFile; fileRef = 75C735C51846E0260055F8C3 /* Main.storyboard */; };
		75C735CA1846E0260055F8C3 /* PickerVC.m in Sources */ = {isa = PBXBuildFile; fileRef = 75C735C91846E0260055F8C3 /* PickerVC.m */; };
		75C735CC1846E0260055F8C3 /* Images.xcassets in Resources */ = {isa = PBXBuildFile; fileRef = 75C735CB1846E0260055F8C3 /* Images.xcassets */; };
		75C735D31846E0270055F8C3 /* XCTest.framework in Frameworks */ = {isa = PBXBuildFile; fileRef = 75C735D21846E0270055F8C3 /* XCTest.framework */; };
		75C735D41846E0270055F8C3 /* Foundation.framework in Frameworks */ = {isa = PBXBuildFile; fileRef = 75C735B31846E0260055F8C3 /* Foundation.framework */; };
		75C735D51846E0270055F8C3 /* UIKit.framework in Frameworks */ = {isa = PBXBuildFile; fileRef = 75C735B71846E0260055F8C3 /* UIKit.framework */; };
		75C735DD1846E0270055F8C3 /* InfoPlist.strings in Resources */ = {isa = PBXBuildFile; fileRef = 75C735DB1846E0270055F8C3 /* InfoPlist.strings */; };
		75C735DF1846E0270055F8C3 /* NostalgiaTests.m in Sources */ = {isa = PBXBuildFile; fileRef = 75C735DE1846E0270055F8C3 /* NostalgiaTests.m */; };
		75CA879C18821D24007A9F06 /* Nostalgia.xcdatamodeld in Sources */ = {isa = PBXBuildFile; fileRef = 75CA879A18821D24007A9F06 /* Nostalgia.xcdatamodeld */; };
		75CA87A21882247F007A9F06 /* CoreData.framework in Frameworks */ = {isa = PBXBuildFile; fileRef = 75CA87A11882247F007A9F06 /* CoreData.framework */; };
		75CA87A81882499D007A9F06 /* SignUpTVC.m in Sources */ = {isa = PBXBuildFile; fileRef = 75CA87A71882499D007A9F06 /* SignUpTVC.m */; };
		75CA87AB18824A39007A9F06 /* TextFieldCell.m in Sources */ = {isa = PBXBuildFile; fileRef = 75CA87AA18824A39007A9F06 /* TextFieldCell.m */; };
		FA3EFB11A6DD40D1917C6D71 /* libPods-Nostalgia.a in Frameworks */ = {isa = PBXBuildFile; fileRef = 89784CB92502488DB677EEE9 /* libPods-Nostalgia.a */; };
/* End PBXBuildFile section */

/* Begin PBXContainerItemProxy section */
		75C735D61846E0270055F8C3 /* PBXContainerItemProxy */ = {
			isa = PBXContainerItemProxy;
			containerPortal = 75C735A81846E0260055F8C3 /* Project object */;
			proxyType = 1;
			remoteGlobalIDString = 75C735AF1846E0260055F8C3;
			remoteInfo = Nostalgia;
		};
/* End PBXContainerItemProxy section */

/* Begin PBXFileReference section */
		03196A2CFEB8495180B11472 /* Pods-Nostalgia.xcconfig */ = {isa = PBXFileReference; includeInIndex = 1; lastKnownFileType = text.xcconfig; name = "Pods-Nostalgia.xcconfig"; path = "Pods/Pods-Nostalgia.xcconfig"; sourceTree = "<group>"; };
		750065B61895ADEC00778029 /* TimeMachineCell.h */ = {isa = PBXFileReference; fileEncoding = 4; lastKnownFileType = sourcecode.c.h; path = TimeMachineCell.h; sourceTree = "<group>"; };
		750065B71895ADEC00778029 /* TimeMachineCell.m */ = {isa = PBXFileReference; fileEncoding = 4; lastKnownFileType = sourcecode.c.objc; path = TimeMachineCell.m; sourceTree = "<group>"; };
		750065B91895B26600778029 /* ResultsCVC.h */ = {isa = PBXFileReference; fileEncoding = 4; lastKnownFileType = sourcecode.c.h; path = ResultsCVC.h; sourceTree = "<group>"; };
		750065BA1895B26600778029 /* ResultsCVC.m */ = {isa = PBXFileReference; fileEncoding = 4; lastKnownFileType = sourcecode.c.objc; path = ResultsCVC.m; sourceTree = "<group>"; };
		750065BC1895B3CC00778029 /* SongCell.h */ = {isa = PBXFileReference; fileEncoding = 4; lastKnownFileType = sourcecode.c.h; path = SongCell.h; sourceTree = "<group>"; };
		750065BD1895B3CC00778029 /* SongCell.m */ = {isa = PBXFileReference; fileEncoding = 4; lastKnownFileType = sourcecode.c.objc; path = SongCell.m; sourceTree = "<group>"; };
		7511EA0718A0602800CE553B /* _DCTCDSManagedObjectContext.h */ = {isa = PBXFileReference; fileEncoding = 4; lastKnownFileType = sourcecode.c.h; path = _DCTCDSManagedObjectContext.h; sourceTree = "<group>"; };
		7511EA0818A0602800CE553B /* _DCTCDSManagedObjectContext.m */ = {isa = PBXFileReference; fileEncoding = 4; lastKnownFileType = sourcecode.c.objc; path = _DCTCDSManagedObjectContext.m; sourceTree = "<group>"; };
		7511EA0918A0602800CE553B /* DCTCoreDataStack.h */ = {isa = PBXFileReference; fileEncoding = 4; lastKnownFileType = sourcecode.c.h; path = DCTCoreDataStack.h; sourceTree = "<group>"; };
		7511EA0A18A0602800CE553B /* DCTCoreDataStack.m */ = {isa = PBXFileReference; fileEncoding = 4; lastKnownFileType = sourcecode.c.objc; path = DCTCoreDataStack.m; sourceTree = "<group>"; };
		7511EA0B18A0602800CE553B /* NSManagedObjectContext+DCTCoreDataStack.h */ = {isa = PBXFileReference; fileEncoding = 4; lastKnownFileType = sourcecode.c.h; path = "NSManagedObjectContext+DCTCoreDataStack.h"; sourceTree = "<group>"; };
		7511EA0C18A0602800CE553B /* NSManagedObjectContext+DCTCoreDataStack.m */ = {isa = PBXFileReference; fileEncoding = 4; lastKnownFileType = sourcecode.c.objc; path = "NSManagedObjectContext+DCTCoreDataStack.m"; sourceTree = "<group>"; };
		7519BA47188252900010D874 /* TimeMachineTVC.h */ = {isa = PBXFileReference; fileEncoding = 4; lastKnownFileType = sourcecode.c.h; path = TimeMachineTVC.h; sourceTree = "<group>"; };
		7519BA48188252900010D874 /* TimeMachineTVC.m */ = {isa = PBXFileReference; fileEncoding = 4; lastKnownFileType = sourcecode.c.objc; path = TimeMachineTVC.m; sourceTree = "<group>"; };
		7519BA4D18825BCD0010D874 /* SignUpCell.h */ = {isa = PBXFileReference; fileEncoding = 4; lastKnownFileType = sourcecode.c.h; path = SignUpCell.h; sourceTree = "<group>"; };
		7519BA4E18825BCD0010D874 /* SignUpCell.m */ = {isa = PBXFileReference; fileEncoding = 4; lastKnownFileType = sourcecode.c.objc; path = SignUpCell.m; sourceTree = "<group>"; };
		75270ABE187CCBB700B49643 /* DataLoader.h */ = {isa = PBXFileReference; fileEncoding = 4; lastKnownFileType = sourcecode.c.h; path = DataLoader.h; sourceTree = "<group>"; };
		75270ABF187CCBB700B49643 /* DataLoader.m */ = {isa = PBXFileReference; fileEncoding = 4; lastKnownFileType = sourcecode.c.objc; path = DataLoader.m; sourceTree = "<group>"; };
		75B7297E1882D3B500D0A695 /* Song.h */ = {isa = PBXFileReference; fileEncoding = 4; lastKnownFileType = sourcecode.c.h; path = Song.h; sourceTree = "<group>"; };
		75B7297F1882D3B500D0A695 /* Song.m */ = {isa = PBXFileReference; fileEncoding = 4; lastKnownFileType = sourcecode.c.objc; path = Song.m; sourceTree = "<group>"; };
		75B729841882D81B00D0A695 /* Song+Networking.h */ = {isa = PBXFileReference; fileEncoding = 4; lastKnownFileType = sourcecode.c.h; path = "Song+Networking.h"; sourceTree = "<group>"; };
		75B729851882D81B00D0A695 /* Song+Networking.m */ = {isa = PBXFileReference; fileEncoding = 4; lastKnownFileType = sourcecode.c.objc; path = "Song+Networking.m"; sourceTree = "<group>"; };
		75B729871882DBB900D0A695 /* MusicRanked.json */ = {isa = PBXFileReference; fileEncoding = 4; lastKnownFileType = text.json; path = MusicRanked.json; sourceTree = "<group>"; };
		75B729891882DFF200D0A695 /* Constants.h */ = {isa = PBXFileReference; fileEncoding = 4; lastKnownFileType = sourcecode.c.h; path = Constants.h; sourceTree = "<group>"; };
		75B7298A1882DFF200D0A695 /* Constants.m */ = {isa = PBXFileReference; fileEncoding = 4; lastKnownFileType = sourcecode.c.objc; path = Constants.m; sourceTree = "<group>"; };
		75B7298D1883920900D0A695 /* DatePickerTVC.h */ = {isa = PBXFileReference; fileEncoding = 4; lastKnownFileType = sourcecode.c.h; path = DatePickerTVC.h; sourceTree = "<group>"; };
		75B7298E1883920900D0A695 /* DatePickerTVC.m */ = {isa = PBXFileReference; fileEncoding = 4; lastKnownFileType = sourcecode.c.objc; path = DatePickerTVC.m; sourceTree = "<group>"; };
		75C735B01846E0260055F8C3 /* Nostalgia.app */ = {isa = PBXFileReference; explicitFileType = wrapper.application; includeInIndex = 0; path = Nostalgia.app; sourceTree = BUILT_PRODUCTS_DIR; };
		75C735B31846E0260055F8C3 /* Foundation.framework */ = {isa = PBXFileReference; lastKnownFileType = wrapper.framework; name = Foundation.framework; path = System/Library/Frameworks/Foundation.framework; sourceTree = SDKROOT; };
		75C735B51846E0260055F8C3 /* CoreGraphics.framework */ = {isa = PBXFileReference; lastKnownFileType = wrapper.framework; name = CoreGraphics.framework; path = System/Library/Frameworks/CoreGraphics.framework; sourceTree = SDKROOT; };
		75C735B71846E0260055F8C3 /* UIKit.framework */ = {isa = PBXFileReference; lastKnownFileType = wrapper.framework; name = UIKit.framework; path = System/Library/Frameworks/UIKit.framework; sourceTree = SDKROOT; };
		75C735BB1846E0260055F8C3 /* Nostalgia-Info.plist */ = {isa = PBXFileReference; lastKnownFileType = text.plist.xml; path = "Nostalgia-Info.plist"; sourceTree = "<group>"; };
		75C735BD1846E0260055F8C3 /* en */ = {isa = PBXFileReference; lastKnownFileType = text.plist.strings; name = en; path = en.lproj/InfoPlist.strings; sourceTree = "<group>"; };
		75C735BF1846E0260055F8C3 /* main.m */ = {isa = PBXFileReference; lastKnownFileType = sourcecode.c.objc; path = main.m; sourceTree = "<group>"; };
		75C735C11846E0260055F8C3 /* Nostalgia-Prefix.pch */ = {isa = PBXFileReference; lastKnownFileType = sourcecode.c.h; path = "Nostalgia-Prefix.pch"; sourceTree = "<group>"; };
		75C735C21846E0260055F8C3 /* AppDelegate.h */ = {isa = PBXFileReference; lastKnownFileType = sourcecode.c.h; path = AppDelegate.h; sourceTree = "<group>"; };
		75C735C31846E0260055F8C3 /* AppDelegate.m */ = {isa = PBXFileReference; lastKnownFileType = sourcecode.c.objc; path = AppDelegate.m; sourceTree = "<group>"; };
		75C735C61846E0260055F8C3 /* Base */ = {isa = PBXFileReference; lastKnownFileType = file.storyboard; name = Base; path = Base.lproj/Main.storyboard; sourceTree = "<group>"; };
		75C735C81846E0260055F8C3 /* PickerVC.h */ = {isa = PBXFileReference; lastKnownFileType = sourcecode.c.h; path = PickerVC.h; sourceTree = "<group>"; };
		75C735C91846E0260055F8C3 /* PickerVC.m */ = {isa = PBXFileReference; lastKnownFileType = sourcecode.c.objc; path = PickerVC.m; sourceTree = "<group>"; };
		75C735CB1846E0260055F8C3 /* Images.xcassets */ = {isa = PBXFileReference; lastKnownFileType = folder.assetcatalog; path = Images.xcassets; sourceTree = "<group>"; };
		75C735D11846E0270055F8C3 /* NostalgiaTests.xctest */ = {isa = PBXFileReference; explicitFileType = wrapper.cfbundle; includeInIndex = 0; path = NostalgiaTests.xctest; sourceTree = BUILT_PRODUCTS_DIR; };
		75C735D21846E0270055F8C3 /* XCTest.framework */ = {isa = PBXFileReference; lastKnownFileType = wrapper.framework; name = XCTest.framework; path = Library/Frameworks/XCTest.framework; sourceTree = DEVELOPER_DIR; };
		75C735DA1846E0270055F8C3 /* NostalgiaTests-Info.plist */ = {isa = PBXFileReference; lastKnownFileType = text.plist.xml; path = "NostalgiaTests-Info.plist"; sourceTree = "<group>"; };
		75C735DC1846E0270055F8C3 /* en */ = {isa = PBXFileReference; lastKnownFileType = text.plist.strings; name = en; path = en.lproj/InfoPlist.strings; sourceTree = "<group>"; };
		75C735DE1846E0270055F8C3 /* NostalgiaTests.m */ = {isa = PBXFileReference; lastKnownFileType = sourcecode.c.objc; path = NostalgiaTests.m; sourceTree = "<group>"; };
		75CA879B18821D24007A9F06 /* Nostalgia.xcdatamodel */ = {isa = PBXFileReference; lastKnownFileType = wrapper.xcdatamodel; path = Nostalgia.xcdatamodel; sourceTree = "<group>"; };
		75CA87A11882247F007A9F06 /* CoreData.framework */ = {isa = PBXFileReference; lastKnownFileType = wrapper.framework; name = CoreData.framework; path = System/Library/Frameworks/CoreData.framework; sourceTree = SDKROOT; };
		75CA87A61882499D007A9F06 /* SignUpTVC.h */ = {isa = PBXFileReference; fileEncoding = 4; lastKnownFileType = sourcecode.c.h; path = SignUpTVC.h; sourceTree = "<group>"; };
		75CA87A71882499D007A9F06 /* SignUpTVC.m */ = {isa = PBXFileReference; fileEncoding = 4; lastKnownFileType = sourcecode.c.objc; path = SignUpTVC.m; sourceTree = "<group>"; };
		75CA87A918824A39007A9F06 /* TextFieldCell.h */ = {isa = PBXFileReference; fileEncoding = 4; lastKnownFileType = sourcecode.c.h; path = TextFieldCell.h; sourceTree = "<group>"; };
		75CA87AA18824A39007A9F06 /* TextFieldCell.m */ = {isa = PBXFileReference; fileEncoding = 4; lastKnownFileType = sourcecode.c.objc; path = TextFieldCell.m; sourceTree = "<group>"; };
		89784CB92502488DB677EEE9 /* libPods-Nostalgia.a */ = {isa = PBXFileReference; explicitFileType = archive.ar; includeInIndex = 0; path = "libPods-Nostalgia.a"; sourceTree = BUILT_PRODUCTS_DIR; };
/* End PBXFileReference section */

/* Begin PBXFrameworksBuildPhase section */
		75C735AD1846E0260055F8C3 /* Frameworks */ = {
			isa = PBXFrameworksBuildPhase;
			buildActionMask = 2147483647;
			files = (
				75CA87A21882247F007A9F06 /* CoreData.framework in Frameworks */,
				75C735B61846E0260055F8C3 /* CoreGraphics.framework in Frameworks */,
				75C735B81846E0260055F8C3 /* UIKit.framework in Frameworks */,
				75C735B41846E0260055F8C3 /* Foundation.framework in Frameworks */,
				FA3EFB11A6DD40D1917C6D71 /* libPods-Nostalgia.a in Frameworks */,
			);
			runOnlyForDeploymentPostprocessing = 0;
		};
		75C735CE1846E0270055F8C3 /* Frameworks */ = {
			isa = PBXFrameworksBuildPhase;
			buildActionMask = 2147483647;
			files = (
				75C735D31846E0270055F8C3 /* XCTest.framework in Frameworks */,
				75C735D51846E0270055F8C3 /* UIKit.framework in Frameworks */,
				75C735D41846E0270055F8C3 /* Foundation.framework in Frameworks */,
			);
			runOnlyForDeploymentPostprocessing = 0;
		};
/* End PBXFrameworksBuildPhase section */

/* Begin PBXGroup section */
		7511EA0618A0602800CE553B /* DCTCoreDataStack */ = {
			isa = PBXGroup;
			children = (
				7511EA0718A0602800CE553B /* _DCTCDSManagedObjectContext.h */,
				7511EA0818A0602800CE553B /* _DCTCDSManagedObjectContext.m */,
				7511EA0918A0602800CE553B /* DCTCoreDataStack.h */,
				7511EA0A18A0602800CE553B /* DCTCoreDataStack.m */,
				7511EA0B18A0602800CE553B /* NSManagedObjectContext+DCTCoreDataStack.h */,
				7511EA0C18A0602800CE553B /* NSManagedObjectContext+DCTCoreDataStack.m */,
			);
			path = DCTCoreDataStack;
			sourceTree = "<group>";
		};
		7519BA50188265970010D874 /* Sign Up */ = {
			isa = PBXGroup;
			children = (
				75CA87A61882499D007A9F06 /* SignUpTVC.h */,
				75CA87A71882499D007A9F06 /* SignUpTVC.m */,
				75B7298D1883920900D0A695 /* DatePickerTVC.h */,
				75B7298E1883920900D0A695 /* DatePickerTVC.m */,
				75CA87A918824A39007A9F06 /* TextFieldCell.h */,
				75CA87AA18824A39007A9F06 /* TextFieldCell.m */,
				7519BA4D18825BCD0010D874 /* SignUpCell.h */,
				7519BA4E18825BCD0010D874 /* SignUpCell.m */,
			);
			name = "Sign Up";
			sourceTree = "<group>";
		};
		75B7298C18837D4200D0A695 /* Time Machine */ = {
			isa = PBXGroup;
			children = (
				7519BA47188252900010D874 /* TimeMachineTVC.h */,
				7519BA48188252900010D874 /* TimeMachineTVC.m */,
				75C735C81846E0260055F8C3 /* PickerVC.h */,
				75C735C91846E0260055F8C3 /* PickerVC.m */,
				750065B61895ADEC00778029 /* TimeMachineCell.h */,
				750065B71895ADEC00778029 /* TimeMachineCell.m */,
			);
			name = "Time Machine";
			sourceTree = "<group>";
		};
		75C735A71846E0260055F8C3 = {
			isa = PBXGroup;
			children = (
				75C735B91846E0260055F8C3 /* Nostalgia */,
				75C735D81846E0270055F8C3 /* NostalgiaTests */,
				75C735B21846E0260055F8C3 /* Frameworks */,
				75C735B11846E0260055F8C3 /* Products */,
				03196A2CFEB8495180B11472 /* Pods-Nostalgia.xcconfig */,
			);
			sourceTree = "<group>";
		};
		75C735B11846E0260055F8C3 /* Products */ = {
			isa = PBXGroup;
			children = (
				75C735B01846E0260055F8C3 /* Nostalgia.app */,
				75C735D11846E0270055F8C3 /* NostalgiaTests.xctest */,
			);
			name = Products;
			sourceTree = "<group>";
		};
		75C735B21846E0260055F8C3 /* Frameworks */ = {
			isa = PBXGroup;
			children = (
				75CA87A11882247F007A9F06 /* CoreData.framework */,
				75C735B31846E0260055F8C3 /* Foundation.framework */,
				75C735B51846E0260055F8C3 /* CoreGraphics.framework */,
				75C735B71846E0260055F8C3 /* UIKit.framework */,
				75C735D21846E0270055F8C3 /* XCTest.framework */,
				89784CB92502488DB677EEE9 /* libPods-Nostalgia.a */,
			);
			name = Frameworks;
			sourceTree = "<group>";
		};
		75C735B91846E0260055F8C3 /* Nostalgia */ = {
			isa = PBXGroup;
			children = (
				75C735C21846E0260055F8C3 /* AppDelegate.h */,
				75C735C31846E0260055F8C3 /* AppDelegate.m */,
				75B729891882DFF200D0A695 /* Constants.h */,
				75B7298A1882DFF200D0A695 /* Constants.m */,
				75C735C51846E0260055F8C3 /* Main.storyboard */,
				7519BA50188265970010D874 /* Sign Up */,
				75B7298C18837D4200D0A695 /* Time Machine */,
				750065B91895B26600778029 /* ResultsCVC.h */,
				750065BA1895B26600778029 /* ResultsCVC.m */,
				750065BC1895B3CC00778029 /* SongCell.h */,
				750065BD1895B3CC00778029 /* SongCell.m */,
				75CA879D18821D87007A9F06 /* Model */,
				75C735CB1846E0260055F8C3 /* Images.xcassets */,
				75C735BA1846E0260055F8C3 /* Supporting Files */,
			);
			path = Nostalgia;
			sourceTree = "<group>";
		};
		75C735BA1846E0260055F8C3 /* Supporting Files */ = {
			isa = PBXGroup;
			children = (
				75C735BB1846E0260055F8C3 /* Nostalgia-Info.plist */,
				75C735BC1846E0260055F8C3 /* InfoPlist.strings */,
				75C735BF1846E0260055F8C3 /* main.m */,
				75C735C11846E0260055F8C3 /* Nostalgia-Prefix.pch */,
			);
			name = "Supporting Files";
			sourceTree = "<group>";
		};
		75C735D81846E0270055F8C3 /* NostalgiaTests */ = {
			isa = PBXGroup;
			children = (
				75C735DE1846E0270055F8C3 /* NostalgiaTests.m */,
				75C735D91846E0270055F8C3 /* Supporting Files */,
			);
			path = NostalgiaTests;
			sourceTree = "<group>";
		};
		75C735D91846E0270055F8C3 /* Supporting Files */ = {
			isa = PBXGroup;
			children = (
				75C735DA1846E0270055F8C3 /* NostalgiaTests-Info.plist */,
				75C735DB1846E0270055F8C3 /* InfoPlist.strings */,
			);
			name = "Supporting Files";
			sourceTree = "<group>";
		};
		75CA879D18821D87007A9F06 /* Model */ = {
			isa = PBXGroup;
			children = (
				7511EA0618A0602800CE553B /* DCTCoreDataStack */,
				75B729871882DBB900D0A695 /* MusicRanked.json */,
				75270ABE187CCBB700B49643 /* DataLoader.h */,
				75270ABF187CCBB700B49643 /* DataLoader.m */,
				75CA879A18821D24007A9F06 /* Nostalgia.xcdatamodeld */,
				75B7297E1882D3B500D0A695 /* Song.h */,
				75B7297F1882D3B500D0A695 /* Song.m */,
				75B729841882D81B00D0A695 /* Song+Networking.h */,
				75B729851882D81B00D0A695 /* Song+Networking.m */,
			);
			name = Model;
			sourceTree = "<group>";
		};
/* End PBXGroup section */

/* Begin PBXNativeTarget section */
		75C735AF1846E0260055F8C3 /* Nostalgia */ = {
			isa = PBXNativeTarget;
			buildConfigurationList = 75C735E21846E0270055F8C3 /* Build configuration list for PBXNativeTarget "Nostalgia" */;
			buildPhases = (
				0A680BC1065C470ABB8C0D9C /* Check Pods Manifest.lock */,
				75C735AC1846E0260055F8C3 /* Sources */,
				75C735AD1846E0260055F8C3 /* Frameworks */,
				75C735AE1846E0260055F8C3 /* Resources */,
				BA2C48A2B27143A98011575A /* Copy Pods Resources */,
			);
			buildRules = (
			);
			dependencies = (
			);
			name = Nostalgia;
			productName = Nostalgia;
			productReference = 75C735B01846E0260055F8C3 /* Nostalgia.app */;
			productType = "com.apple.product-type.application";
		};
		75C735D01846E0270055F8C3 /* NostalgiaTests */ = {
			isa = PBXNativeTarget;
			buildConfigurationList = 75C735E51846E0270055F8C3 /* Build configuration list for PBXNativeTarget "NostalgiaTests" */;
			buildPhases = (
				75C735CD1846E0270055F8C3 /* Sources */,
				75C735CE1846E0270055F8C3 /* Frameworks */,
				75C735CF1846E0270055F8C3 /* Resources */,
			);
			buildRules = (
			);
			dependencies = (
				75C735D71846E0270055F8C3 /* PBXTargetDependency */,
			);
			name = NostalgiaTests;
			productName = NostalgiaTests;
			productReference = 75C735D11846E0270055F8C3 /* NostalgiaTests.xctest */;
			productType = "com.apple.product-type.bundle.unit-test";
		};
/* End PBXNativeTarget section */

/* Begin PBXProject section */
		75C735A81846E0260055F8C3 /* Project object */ = {
			isa = PBXProject;
			attributes = {
				LastUpgradeCheck = 0500;
				ORGANIZATIONNAME = placeholder;
				TargetAttributes = {
					75C735AF1846E0260055F8C3 = {
						DevelopmentTeam = 28UAY82S25;
					};
					75C735D01846E0270055F8C3 = {
						TestTargetID = 75C735AF1846E0260055F8C3;
					};
				};
			};
			buildConfigurationList = 75C735AB1846E0260055F8C3 /* Build configuration list for PBXProject "Nostalgia" */;
			compatibilityVersion = "Xcode 3.2";
			developmentRegion = English;
			hasScannedForEncodings = 0;
			knownRegions = (
				en,
				Base,
			);
			mainGroup = 75C735A71846E0260055F8C3;
			productRefGroup = 75C735B11846E0260055F8C3 /* Products */;
			projectDirPath = "";
			projectRoot = "";
			targets = (
				75C735AF1846E0260055F8C3 /* Nostalgia */,
				75C735D01846E0270055F8C3 /* NostalgiaTests */,
			);
		};
/* End PBXProject section */

/* Begin PBXResourcesBuildPhase section */
		75C735AE1846E0260055F8C3 /* Resources */ = {
			isa = PBXResourcesBuildPhase;
			buildActionMask = 2147483647;
			files = (
				75C735CC1846E0260055F8C3 /* Images.xcassets in Resources */,
				75C735BE1846E0260055F8C3 /* InfoPlist.strings in Resources */,
				75B729881882DBB900D0A695 /* MusicRanked.json in Resources */,
				75C735C71846E0260055F8C3 /* Main.storyboard in Resources */,
			);
			runOnlyForDeploymentPostprocessing = 0;
		};
		75C735CF1846E0270055F8C3 /* Resources */ = {
			isa = PBXResourcesBuildPhase;
			buildActionMask = 2147483647;
			files = (
				75C735DD1846E0270055F8C3 /* InfoPlist.strings in Resources */,
			);
			runOnlyForDeploymentPostprocessing = 0;
		};
/* End PBXResourcesBuildPhase section */

/* Begin PBXShellScriptBuildPhase section */
		0A680BC1065C470ABB8C0D9C /* Check Pods Manifest.lock */ = {
			isa = PBXShellScriptBuildPhase;
			buildActionMask = 2147483647;
			files = (
			);
			inputPaths = (
			);
			name = "Check Pods Manifest.lock";
			outputPaths = (
			);
			runOnlyForDeploymentPostprocessing = 0;
			shellPath = /bin/sh;
			shellScript = "diff \"${PODS_ROOT}/../Podfile.lock\" \"${PODS_ROOT}/Manifest.lock\" > /dev/null\nif [[ $? != 0 ]] ; then\n    cat << EOM\nerror: The sandbox is not in sync with the Podfile.lock. Run 'pod install' or update your CocoaPods installation.\nEOM\n    exit 1\nfi\n";
			showEnvVarsInLog = 0;
		};
		BA2C48A2B27143A98011575A /* Copy Pods Resources */ = {
			isa = PBXShellScriptBuildPhase;
			buildActionMask = 2147483647;
			files = (
			);
			inputPaths = (
			);
			name = "Copy Pods Resources";
			outputPaths = (
			);
			runOnlyForDeploymentPostprocessing = 0;
			shellPath = /bin/sh;
			shellScript = "\"${SRCROOT}/Pods/Pods-Nostalgia-resources.sh\"\n";
			showEnvVarsInLog = 0;
		};
/* End PBXShellScriptBuildPhase section */

/* Begin PBXSourcesBuildPhase section */
		75C735AC1846E0260055F8C3 /* Sources */ = {
			isa = PBXSourcesBuildPhase;
			buildActionMask = 2147483647;
			files = (
				75B729801882D3B500D0A695 /* Song.m in Sources */,
				7511EA0F18A0602800CE553B /* NSManagedObjectContext+DCTCoreDataStack.m in Sources */,
				7511EA0D18A0602800CE553B /* _DCTCDSManagedObjectContext.m in Sources */,
				75B729861882D81B00D0A695 /* Song+Networking.m in Sources */,
				7519BA49188252900010D874 /* TimeMachineTVC.m in Sources */,
				75CA87A81882499D007A9F06 /* SignUpTVC.m in Sources */,
				750065BB1895B26600778029 /* ResultsCVC.m in Sources */,
				75B7298B1882DFF200D0A695 /* Constants.m in Sources */,
				75CA879C18821D24007A9F06 /* Nostalgia.xcdatamodeld in Sources */,
				750065BE1895B3CC00778029 /* SongCell.m in Sources */,
				75CA87AB18824A39007A9F06 /* TextFieldCell.m in Sources */,
				75270AC0187CCBB700B49643 /* DataLoader.m in Sources */,
				75B7298F1883920900D0A695 /* DatePickerTVC.m in Sources */,
				7511EA0E18A0602800CE553B /* DCTCoreDataStack.m in Sources */,
				75C735CA1846E0260055F8C3 /* PickerVC.m in Sources */,
				75C735C41846E0260055F8C3 /* AppDelegate.m in Sources */,
				75C735C01846E0260055F8C3 /* main.m in Sources */,
				7519BA4F18825BCD0010D874 /* SignUpCell.m in Sources */,
				750065B81895ADEC00778029 /* TimeMachineCell.m in Sources */,
			);
			runOnlyForDeploymentPostprocessing = 0;
		};
		75C735CD1846E0270055F8C3 /* Sources */ = {
			isa = PBXSourcesBuildPhase;
			buildActionMask = 2147483647;
			files = (
				75C735DF1846E0270055F8C3 /* NostalgiaTests.m in Sources */,
			);
			runOnlyForDeploymentPostprocessing = 0;
		};
/* End PBXSourcesBuildPhase section */

/* Begin PBXTargetDependency section */
		75C735D71846E0270055F8C3 /* PBXTargetDependency */ = {
			isa = PBXTargetDependency;
			target = 75C735AF1846E0260055F8C3 /* Nostalgia */;
			targetProxy = 75C735D61846E0270055F8C3 /* PBXContainerItemProxy */;
		};
/* End PBXTargetDependency section */

/* Begin PBXVariantGroup section */
		75C735BC1846E0260055F8C3 /* InfoPlist.strings */ = {
			isa = PBXVariantGroup;
			children = (
				75C735BD1846E0260055F8C3 /* en */,
			);
			name = InfoPlist.strings;
			sourceTree = "<group>";
		};
		75C735C51846E0260055F8C3 /* Main.storyboard */ = {
			isa = PBXVariantGroup;
			children = (
				75C735C61846E0260055F8C3 /* Base */,
			);
			name = Main.storyboard;
			sourceTree = "<group>";
		};
		75C735DB1846E0270055F8C3 /* InfoPlist.strings */ = {
			isa = PBXVariantGroup;
			children = (
				75C735DC1846E0270055F8C3 /* en */,
			);
			name = InfoPlist.strings;
			sourceTree = "<group>";
		};
/* End PBXVariantGroup section */

/* Begin XCBuildConfiguration section */
		75C735E01846E0270055F8C3 /* Debug */ = {
			isa = XCBuildConfiguration;
			buildSettings = {
				ALWAYS_SEARCH_USER_PATHS = NO;
				ARCHS = "$(ARCHS_STANDARD_INCLUDING_64_BIT)";
				CLANG_CXX_LANGUAGE_STANDARD = "gnu++0x";
				CLANG_CXX_LIBRARY = "libc++";
				CLANG_ENABLE_MODULES = YES;
				CLANG_ENABLE_OBJC_ARC = YES;
				CLANG_WARN_BOOL_CONVERSION = YES;
				CLANG_WARN_CONSTANT_CONVERSION = YES;
				CLANG_WARN_DIRECT_OBJC_ISA_USAGE = YES_ERROR;
				CLANG_WARN_EMPTY_BODY = YES;
				CLANG_WARN_ENUM_CONVERSION = YES;
				CLANG_WARN_INT_CONVERSION = YES;
				CLANG_WARN_OBJC_ROOT_CLASS = YES_ERROR;
				CLANG_WARN__DUPLICATE_METHOD_MATCH = YES;
				"CODE_SIGN_IDENTITY[sdk=iphoneos*]" = "iPhone Developer";
				COPY_PHASE_STRIP = NO;
				GCC_C_LANGUAGE_STANDARD = gnu99;
				GCC_DYNAMIC_NO_PIC = NO;
				GCC_OPTIMIZATION_LEVEL = 0;
				GCC_PREPROCESSOR_DEFINITIONS = (
					"DEBUG=1",
					"$(inherited)",
				);
				GCC_SYMBOLS_PRIVATE_EXTERN = NO;
				GCC_WARN_64_TO_32_BIT_CONVERSION = YES;
				GCC_WARN_ABOUT_RETURN_TYPE = YES_ERROR;
				GCC_WARN_UNDECLARED_SELECTOR = YES;
				GCC_WARN_UNINITIALIZED_AUTOS = YES;
				GCC_WARN_UNUSED_FUNCTION = YES;
				GCC_WARN_UNUSED_VARIABLE = YES;
				IPHONEOS_DEPLOYMENT_TARGET = 7.0;
				ONLY_ACTIVE_ARCH = YES;
				SDKROOT = iphoneos;
			};
			name = Debug;
		};
		75C735E11846E0270055F8C3 /* Release */ = {
			isa = XCBuildConfiguration;
			buildSettings = {
				ALWAYS_SEARCH_USER_PATHS = NO;
				ARCHS = "$(ARCHS_STANDARD_INCLUDING_64_BIT)";
				CLANG_CXX_LANGUAGE_STANDARD = "gnu++0x";
				CLANG_CXX_LIBRARY = "libc++";
				CLANG_ENABLE_MODULES = YES;
				CLANG_ENABLE_OBJC_ARC = YES;
				CLANG_WARN_BOOL_CONVERSION = YES;
				CLANG_WARN_CONSTANT_CONVERSION = YES;
				CLANG_WARN_DIRECT_OBJC_ISA_USAGE = YES_ERROR;
				CLANG_WARN_EMPTY_BODY = YES;
				CLANG_WARN_ENUM_CONVERSION = YES;
				CLANG_WARN_INT_CONVERSION = YES;
				CLANG_WARN_OBJC_ROOT_CLASS = YES_ERROR;
				CLANG_WARN__DUPLICATE_METHOD_MATCH = YES;
				"CODE_SIGN_IDENTITY[sdk=iphoneos*]" = "iPhone Developer";
				COPY_PHASE_STRIP = YES;
				ENABLE_NS_ASSERTIONS = NO;
				GCC_C_LANGUAGE_STANDARD = gnu99;
				GCC_WARN_64_TO_32_BIT_CONVERSION = YES;
				GCC_WARN_ABOUT_RETURN_TYPE = YES_ERROR;
				GCC_WARN_UNDECLARED_SELECTOR = YES;
				GCC_WARN_UNINITIALIZED_AUTOS = YES;
				GCC_WARN_UNUSED_FUNCTION = YES;
				GCC_WARN_UNUSED_VARIABLE = YES;
				IPHONEOS_DEPLOYMENT_TARGET = 7.0;
				SDKROOT = iphoneos;
				VALIDATE_PRODUCT = YES;
			};
			name = Release;
		};
		75C735E31846E0270055F8C3 /* Debug */ = {
			isa = XCBuildConfiguration;
			baseConfigurationReference = 03196A2CFEB8495180B11472 /* Pods-Nostalgia.xcconfig */;
			buildSettings = {
				ASSETCATALOG_COMPILER_APPICON_NAME = AppIcon;
				ASSETCATALOG_COMPILER_LAUNCHIMAGE_NAME = LaunchImage;
				CODE_SIGN_IDENTITY = "iPhone Developer";
				"CODE_SIGN_IDENTITY[sdk=iphoneos*]" = "iPhone Developer";
				GCC_PRECOMPILE_PREFIX_HEADER = YES;
				GCC_PREFIX_HEADER = "Nostalgia/Nostalgia-Prefix.pch";
				INFOPLIST_FILE = "Nostalgia/Nostalgia-Info.plist";
				PRODUCT_NAME = "$(TARGET_NAME)";
				PROVISIONING_PROFILE = "4CFB419D-FAD0-45DC-BB64-263519E0E336";
				WRAPPER_EXTENSION = app;
			};
			name = Debug;
		};
		75C735E41846E0270055F8C3 /* Release */ = {
			isa = XCBuildConfiguration;
			baseConfigurationReference = 03196A2CFEB8495180B11472 /* Pods-Nostalgia.xcconfig */;
			buildSettings = {
				ASSETCATALOG_COMPILER_APPICON_NAME = AppIcon;
				ASSETCATALOG_COMPILER_LAUNCHIMAGE_NAME = LaunchImage;
				CODE_SIGN_IDENTITY = "iPhone Distribution: Walter Vargas-Pena (28UAY82S25)";
				"CODE_SIGN_IDENTITY[sdk=iphoneos*]" = "iPhone Distribution: Walter Vargas-Pena (28UAY82S25)";
				GCC_PRECOMPILE_PREFIX_HEADER = YES;
				GCC_PREFIX_HEADER = "Nostalgia/Nostalgia-Prefix.pch";
				INFOPLIST_FILE = "Nostalgia/Nostalgia-Info.plist";
				PRODUCT_NAME = "$(TARGET_NAME)";
				PROVISIONING_PROFILE = "4CFB419D-FAD0-45DC-BB64-263519E0E336";
				WRAPPER_EXTENSION = app;
			};
			name = Release;
		};
		75C735E61846E0270055F8C3 /* Debug */ = {
			isa = XCBuildConfiguration;
			buildSettings = {
				ARCHS = "$(ARCHS_STANDARD_INCLUDING_64_BIT)";
				BUNDLE_LOADER = "$(BUILT_PRODUCTS_DIR)/Nostalgia.app/Nostalgia";
				FRAMEWORK_SEARCH_PATHS = (
					"$(SDKROOT)/Developer/Library/Frameworks",
					"$(inherited)",
					"$(DEVELOPER_FRAMEWORKS_DIR)",
				);
				GCC_PRECOMPILE_PREFIX_HEADER = YES;
				GCC_PREFIX_HEADER = "Nostalgia/Nostalgia-Prefix.pch";
				GCC_PREPROCESSOR_DEFINITIONS = (
					"DEBUG=1",
					"$(inherited)",
				);
				INFOPLIST_FILE = "NostalgiaTests/NostalgiaTests-Info.plist";
				PRODUCT_NAME = "$(TARGET_NAME)";
				TEST_HOST = "$(BUNDLE_LOADER)";
				WRAPPER_EXTENSION = xctest;
			};
			name = Debug;
		};
		75C735E71846E0270055F8C3 /* Release */ = {
			isa = XCBuildConfiguration;
			buildSettings = {
				ARCHS = "$(ARCHS_STANDARD_INCLUDING_64_BIT)";
				BUNDLE_LOADER = "$(BUILT_PRODUCTS_DIR)/Nostalgia.app/Nostalgia";
				FRAMEWORK_SEARCH_PATHS = (
					"$(SDKROOT)/Developer/Library/Frameworks",
					"$(inherited)",
					"$(DEVELOPER_FRAMEWORKS_DIR)",
				);
				GCC_PRECOMPILE_PREFIX_HEADER = YES;
				GCC_PREFIX_HEADER = "Nostalgia/Nostalgia-Prefix.pch";
				INFOPLIST_FILE = "NostalgiaTests/NostalgiaTests-Info.plist";
				PRODUCT_NAME = "$(TARGET_NAME)";
				TEST_HOST = "$(BUNDLE_LOADER)";
				WRAPPER_EXTENSION = xctest;
			};
			name = Release;
		};
/* End XCBuildConfiguration section */

/* Begin XCConfigurationList section */
		75C735AB1846E0260055F8C3 /* Build configuration list for PBXProject "Nostalgia" */ = {
			isa = XCConfigurationList;
			buildConfigurations = (
				75C735E01846E0270055F8C3 /* Debug */,
				75C735E11846E0270055F8C3 /* Release */,
			);
			defaultConfigurationIsVisible = 0;
			defaultConfigurationName = Release;
		};
		75C735E21846E0270055F8C3 /* Build configuration list for PBXNativeTarget "Nostalgia" */ = {
			isa = XCConfigurationList;
			buildConfigurations = (
				75C735E31846E0270055F8C3 /* Debug */,
				75C735E41846E0270055F8C3 /* Release */,
			);
			defaultConfigurationIsVisible = 0;
			defaultConfigurationName = Release;
		};
		75C735E51846E0270055F8C3 /* Build configuration list for PBXNativeTarget "NostalgiaTests" */ = {
			isa = XCConfigurationList;
			buildConfigurations = (
				75C735E61846E0270055F8C3 /* Debug */,
				75C735E71846E0270055F8C3 /* Release */,
			);
			defaultConfigurationIsVisible = 0;
			defaultConfigurationName = Release;
		};
/* End XCConfigurationList section */

/* Begin XCVersionGroup section */
		75CA879A18821D24007A9F06 /* Nostalgia.xcdatamodeld */ = {
			isa = XCVersionGroup;
			children = (
				75CA879B18821D24007A9F06 /* Nostalgia.xcdatamodel */,
			);
			currentVersion = 75CA879B18821D24007A9F06 /* Nostalgia.xcdatamodel */;
			path = Nostalgia.xcdatamodeld;
			sourceTree = "<group>";
			versionGroupType = wrapper.xcdatamodel;
		};
/* End XCVersionGroup section */
	};
	rootObject = 75C735A81846E0260055F8C3 /* Project object */;
}
