// !$*UTF8*$!
{
	archiveVersion = 1;
	classes = {
	};
	objectVersion = 46;
	objects = {

/* Begin PBXBuildFile section */
		750065B81895ADEC00778029 /* TimeMachineCell.m in Sources */ = {isa = PBXBuildFile; fileRef = 750065B71895ADEC00778029 /* TimeMachineCell.m */; };
		750065BB1895B26600778029 /* ResultsCVC.m in Sources */ = {isa = PBXBuildFile; fileRef = 750065BA1895B26600778029 /* ResultsCVC.m */; };
		750065BE1895B3CC00778029 /* SongCell.m in Sources */ = {isa = PBXBuildFile; fileRef = 750065BD1895B3CC00778029 /* SongCell.m */; };
		750A55A218B6B2D900E3BFA6 /* FavoritesCVC.m in Sources */ = {isa = PBXBuildFile; fileRef = 750A55A118B6B2D900E3BFA6 /* FavoritesCVC.m */; };
		750A55A818B6BDFE00E3BFA6 /* 726-star-gray.png in Resources */ = {isa = PBXBuildFile; fileRef = 750A55A618B6BDFE00E3BFA6 /* 726-star-gray.png */; };
		750A55A918B6BDFE00E3BFA6 /* 726-star-gray@2x.png in Resources */ = {isa = PBXBuildFile; fileRef = 750A55A718B6BDFE00E3BFA6 /* 726-star-gray@2x.png */; };
		750A55AC18B6BE1800E3BFA6 /* 726-star-white.png in Resources */ = {isa = PBXBuildFile; fileRef = 750A55AA18B6BE1800E3BFA6 /* 726-star-white.png */; };
		750A55AD18B6BE1800E3BFA6 /* 726-star-white@2x.png in Resources */ = {isa = PBXBuildFile; fileRef = 750A55AB18B6BE1800E3BFA6 /* 726-star-white@2x.png */; };
		750A55B118B6C4EE00E3BFA6 /* SongAttributeCell.m in Sources */ = {isa = PBXBuildFile; fileRef = 750A55B018B6C4EE00E3BFA6 /* SongAttributeCell.m */; };
		750F138018DF53CA0004BA86 /* 729-top-list-white.png in Resources */ = {isa = PBXBuildFile; fileRef = 750F137E18DF53CA0004BA86 /* 729-top-list-white.png */; };
		750F138118DF53CA0004BA86 /* 729-top-list-white@2x.png in Resources */ = {isa = PBXBuildFile; fileRef = 750F137F18DF53CA0004BA86 /* 729-top-list-white@2x.png */; };
		750F138318DF64D90004BA86 /* info.html in Resources */ = {isa = PBXBuildFile; fileRef = 750F138218DF64D90004BA86 /* info.html */; };
		750F138E18DF7C990004BA86 /* 80s@2x.png in Resources */ = {isa = PBXBuildFile; fileRef = 750F138818DF7C990004BA86 /* 80s@2x.png */; };
		750F138F18DF7C990004BA86 /* 90s.png in Resources */ = {isa = PBXBuildFile; fileRef = 750F138918DF7C990004BA86 /* 90s.png */; };
		750F139018DF7C990004BA86 /* 90s@2x.png in Resources */ = {isa = PBXBuildFile; fileRef = 750F138A18DF7C990004BA86 /* 90s@2x.png */; };
		750F139118DF7C990004BA86 /* 70s.png in Resources */ = {isa = PBXBuildFile; fileRef = 750F138B18DF7C990004BA86 /* 70s.png */; };
		750F139218DF7C990004BA86 /* 70s@2x.png in Resources */ = {isa = PBXBuildFile; fileRef = 750F138C18DF7C990004BA86 /* 70s@2x.png */; };
		750F139318DF7C990004BA86 /* 80s.png in Resources */ = {isa = PBXBuildFile; fileRef = 750F138D18DF7C990004BA86 /* 80s.png */; };
		750F139618DF813E0004BA86 /* 769-male-gray.png in Resources */ = {isa = PBXBuildFile; fileRef = 750F139418DF813E0004BA86 /* 769-male-gray.png */; };
		750F139718DF813E0004BA86 /* 769-male-gray@2x.png in Resources */ = {isa = PBXBuildFile; fileRef = 750F139518DF813E0004BA86 /* 769-male-gray@2x.png */; };
		750F139A18DF81B50004BA86 /* 769-male-white.png in Resources */ = {isa = PBXBuildFile; fileRef = 750F139818DF81B50004BA86 /* 769-male-white.png */; };
		750F139B18DF81B50004BA86 /* 769-male-white@2x.png in Resources */ = {isa = PBXBuildFile; fileRef = 750F139918DF81B50004BA86 /* 769-male-white@2x.png */; };
		750F13A218DFB8470004BA86 /* 700-heart-filled.png in Resources */ = {isa = PBXBuildFile; fileRef = 750F139C18DFB8470004BA86 /* 700-heart-filled.png */; };
		750F13A318DFB8470004BA86 /* 700-heart-filled@2x.png in Resources */ = {isa = PBXBuildFile; fileRef = 750F139D18DFB8470004BA86 /* 700-heart-filled@2x.png */; };
		750F13A418DFB8470004BA86 /* 700-info-filled.png in Resources */ = {isa = PBXBuildFile; fileRef = 750F139E18DFB8470004BA86 /* 700-info-filled.png */; };
		750F13A518DFB8470004BA86 /* 700-info-filled@2x.png in Resources */ = {isa = PBXBuildFile; fileRef = 750F139F18DFB8470004BA86 /* 700-info-filled@2x.png */; };
		7519BA49188252900010D874 /* TimeMachineTVC.m in Sources */ = {isa = PBXBuildFile; fileRef = 7519BA48188252900010D874 /* TimeMachineTVC.m */; };
		7519BA4F18825BCD0010D874 /* SignUpCell.m in Sources */ = {isa = PBXBuildFile; fileRef = 7519BA4E18825BCD0010D874 /* SignUpCell.m */; };
		75270AC0187CCBB700B49643 /* DataLoader.m in Sources */ = {isa = PBXBuildFile; fileRef = 75270ABF187CCBB700B49643 /* DataLoader.m */; };
		754BD99A18BBA2B20057EC38 /* Song.m in Sources */ = {isa = PBXBuildFile; fileRef = 754BD99918BBA2B20057EC38 /* Song.m */; };
		754BD99D18BBA2B30057EC38 /* Thumbnail.m in Sources */ = {isa = PBXBuildFile; fileRef = 754BD99C18BBA2B30057EC38 /* Thumbnail.m */; };
		754BD9A618BBA5460057EC38 /* Media+Keys.m in Sources */ = {isa = PBXBuildFile; fileRef = 754BD9A518BBA5460057EC38 /* Media+Keys.m */; };
		754BD9AC18BBA84C0057EC38 /* Movie.m in Sources */ = {isa = PBXBuildFile; fileRef = 754BD9AB18BBA84C0057EC38 /* Movie.m */; };
		756A482318EB56EA007B2F97 /* Media.m in Sources */ = {isa = PBXBuildFile; fileRef = 756A482218EB56EA007B2F97 /* Media.m */; };
		756DE87B18ADB3BB003A8518 /* SongAttributeCell.xib in Resources */ = {isa = PBXBuildFile; fileRef = 756DE87A18ADB3BB003A8518 /* SongAttributeCell.xib */; };
		756DE87E18ADC3E3003A8518 /* 724-info-white.png in Resources */ = {isa = PBXBuildFile; fileRef = 756DE87C18ADC3E3003A8518 /* 724-info-white.png */; };
		756DE87F18ADC3E3003A8518 /* 724-info-white@2x.png in Resources */ = {isa = PBXBuildFile; fileRef = 756DE87D18ADC3E3003A8518 /* 724-info-white@2x.png */; };
		756DE88218ADC3FF003A8518 /* 724-info-gray.png in Resources */ = {isa = PBXBuildFile; fileRef = 756DE88018ADC3FF003A8518 /* 724-info-gray.png */; };
		756DE88318ADC3FF003A8518 /* 724-info-gray@2x.png in Resources */ = {isa = PBXBuildFile; fileRef = 756DE88118ADC3FF003A8518 /* 724-info-gray@2x.png */; };
		756F50DC18AEA70B0068C7AC /* FilterTVC.m in Sources */ = {isa = PBXBuildFile; fileRef = 756F50DB18AEA70B0068C7AC /* FilterTVC.m */; };
		756F510318B16B8C0068C7AC /* 798-filter-gray.png in Resources */ = {isa = PBXBuildFile; fileRef = 756F510118B16B8C0068C7AC /* 798-filter-gray.png */; };
		756F510418B16B8C0068C7AC /* 798-filter-gray@2x.png in Resources */ = {isa = PBXBuildFile; fileRef = 756F510218B16B8C0068C7AC /* 798-filter-gray@2x.png */; };
		756F510718B16BAF0068C7AC /* 798-filter-white.png in Resources */ = {isa = PBXBuildFile; fileRef = 756F510518B16BAF0068C7AC /* 798-filter-white.png */; };
		756F510818B16BAF0068C7AC /* 798-filter-white@2x.png in Resources */ = {isa = PBXBuildFile; fileRef = 756F510618B16BAF0068C7AC /* 798-filter-white@2x.png */; };
		756F510A18B1740B0068C7AC /* MessageUI.framework in Frameworks */ = {isa = PBXBuildFile; fileRef = 756F510918B1740B0068C7AC /* MessageUI.framework */; };
		7587C44718AE6B2B000721C3 /* ExampleThumbnail.jpg in Resources */ = {isa = PBXBuildFile; fileRef = 7587C44618AE6B2B000721C3 /* ExampleThumbnail.jpg */; };
		7587C44A18AEA093000721C3 /* 702-share-gray.png in Resources */ = {isa = PBXBuildFile; fileRef = 7587C44818AEA093000721C3 /* 702-share-gray.png */; };
		7587C44B18AEA093000721C3 /* 702-share-gray@2x.png in Resources */ = {isa = PBXBuildFile; fileRef = 7587C44918AEA093000721C3 /* 702-share-gray@2x.png */; };
		7587C44E18AEA0A7000721C3 /* 702-share-white.png in Resources */ = {isa = PBXBuildFile; fileRef = 7587C44C18AEA0A7000721C3 /* 702-share-white.png */; };
		7587C44F18AEA0A7000721C3 /* 702-share-white@2x.png in Resources */ = {isa = PBXBuildFile; fileRef = 7587C44D18AEA0A7000721C3 /* 702-share-white@2x.png */; };
		758AB1A618B430C800E5CBF3 /* 748-heart-white.png in Resources */ = {isa = PBXBuildFile; fileRef = 758AB1A418B430C800E5CBF3 /* 748-heart-white.png */; };
		758AB1A718B430C800E5CBF3 /* 748-heart-white@2x.png in Resources */ = {isa = PBXBuildFile; fileRef = 758AB1A518B430C800E5CBF3 /* 748-heart-white@2x.png */; };
		758AB1AA18B430F100E5CBF3 /* 748-heart-gray.png in Resources */ = {isa = PBXBuildFile; fileRef = 758AB1A818B430F100E5CBF3 /* 748-heart-gray.png */; };
		758AB1AB18B430F100E5CBF3 /* 748-heart-gray@2x.png in Resources */ = {isa = PBXBuildFile; fileRef = 758AB1A918B430F100E5CBF3 /* 748-heart-gray@2x.png */; };
		758CDBB418BBEBC0005FD9E7 /* SongCell.xib in Resources */ = {isa = PBXBuildFile; fileRef = 758CDBB318BBEBC0005FD9E7 /* SongCell.xib */; };
		758CDBB618BBEBD6005FD9E7 /* MovieCell.xib in Resources */ = {isa = PBXBuildFile; fileRef = 758CDBB518BBEBD6005FD9E7 /* MovieCell.xib */; };
		758CDBB918BBEBE8005FD9E7 /* MovieCell.m in Sources */ = {isa = PBXBuildFile; fileRef = 758CDBB818BBEBE8005FD9E7 /* MovieCell.m */; };
		758CDBBB18BC0D8D005FD9E7 /* HeaderView.xib in Resources */ = {isa = PBXBuildFile; fileRef = 758CDBBA18BC0D8D005FD9E7 /* HeaderView.xib */; };
		758CDBBE18BC1978005FD9E7 /* HeaderView.m in Sources */ = {isa = PBXBuildFile; fileRef = 758CDBBD18BC1978005FD9E7 /* HeaderView.m */; };
		758FF25C18E8B772008C010D /* 726-star-filled-gray.png in Resources */ = {isa = PBXBuildFile; fileRef = 758FF25A18E8B772008C010D /* 726-star-filled-gray.png */; };
		758FF25D18E8B772008C010D /* 726-star-filled-gray@2x.png in Resources */ = {isa = PBXBuildFile; fileRef = 758FF25B18E8B772008C010D /* 726-star-filled-gray@2x.png */; };
		758FF26018E8BC46008C010D /* 726-star-filled-white.png in Resources */ = {isa = PBXBuildFile; fileRef = 758FF25E18E8BC46008C010D /* 726-star-filled-white.png */; };
		758FF26118E8BC46008C010D /* 726-star-filled-white@2x.png in Resources */ = {isa = PBXBuildFile; fileRef = 758FF25F18E8BC46008C010D /* 726-star-filled-white@2x.png */; };
		75B0EB8A18AB154800673236 /* MediaDetailVC.m in Sources */ = {isa = PBXBuildFile; fileRef = 75B0EB8918AB154800673236 /* MediaDetailVC.m */; };
		75B729861882D81B00D0A695 /* Song+Networking.m in Sources */ = {isa = PBXBuildFile; fileRef = 75B729851882D81B00D0A695 /* Song+Networking.m */; };
		75B729881882DBB900D0A695 /* MusicRanked.json in Resources */ = {isa = PBXBuildFile; fileRef = 75B729871882DBB900D0A695 /* MusicRanked.json */; };
		75B7298B1882DFF200D0A695 /* Constants.m in Sources */ = {isa = PBXBuildFile; fileRef = 75B7298A1882DFF200D0A695 /* Constants.m */; };
		75B7298F1883920900D0A695 /* DatePickerTVC.m in Sources */ = {isa = PBXBuildFile; fileRef = 75B7298E1883920900D0A695 /* DatePickerTVC.m */; };
		75C735B41846E0260055F8C3 /* Foundation.framework in Frameworks */ = {isa = PBXBuildFile; fileRef = 75C735B31846E0260055F8C3 /* Foundation.framework */; };
		75C735B61846E0260055F8C3 /* CoreGraphics.framework in Frameworks */ = {isa = PBXBuildFile; fileRef = 75C735B51846E0260055F8C3 /* CoreGraphics.framework */; };
		75C735B81846E0260055F8C3 /* UIKit.framework in Frameworks */ = {isa = PBXBuildFile; fileRef = 75C735B71846E0260055F8C3 /* UIKit.framework */; };
		75C735BE1846E0260055F8C3 /* InfoPlist.strings in Resources */ = {isa = PBXBuildFile; fileRef = 75C735BC1846E0260055F8C3 /* InfoPlist.strings */; };
		75C735C01846E0260055F8C3 /* main.m in Sources */ = {isa = PBXBuildFile; fileRef = 75C735BF1846E0260055F8C3 /* main.m */; };
		75C735C41846E0260055F8C3 /* AppDelegate.m in Sources */ = {isa = PBXBuildFile; fileRef = 75C735C31846E0260055F8C3 /* AppDelegate.m */; };
		75C735C71846E0260055F8C3 /* Main.storyboard in Resources */ = {isa = PBXBuildFile; fileRef = 75C735C51846E0260055F8C3 /* Main.storyboard */; };
		75C735CA1846E0260055F8C3 /* PickerVC.m in Sources */ = {isa = PBXBuildFile; fileRef = 75C735C91846E0260055F8C3 /* PickerVC.m */; };
		75C735CC1846E0260055F8C3 /* Images.xcassets in Resources */ = {isa = PBXBuildFile; fileRef = 75C735CB1846E0260055F8C3 /* Images.xcassets */; };
		75C735D31846E0270055F8C3 /* XCTest.framework in Frameworks */ = {isa = PBXBuildFile; fileRef = 75C735D21846E0270055F8C3 /* XCTest.framework */; };
		75C735D41846E0270055F8C3 /* Foundation.framework in Frameworks */ = {isa = PBXBuildFile; fileRef = 75C735B31846E0260055F8C3 /* Foundation.framework */; };
		75C735D51846E0270055F8C3 /* UIKit.framework in Frameworks */ = {isa = PBXBuildFile; fileRef = 75C735B71846E0260055F8C3 /* UIKit.framework */; };
		75C735DD1846E0270055F8C3 /* InfoPlist.strings in Resources */ = {isa = PBXBuildFile; fileRef = 75C735DB1846E0270055F8C3 /* InfoPlist.strings */; };
		75C735DF1846E0270055F8C3 /* NostalgiaTests.m in Sources */ = {isa = PBXBuildFile; fileRef = 75C735DE1846E0270055F8C3 /* NostalgiaTests.m */; };
		75CA879C18821D24007A9F06 /* Nostalgia.xcdatamodeld in Sources */ = {isa = PBXBuildFile; fileRef = 75CA879A18821D24007A9F06 /* Nostalgia.xcdatamodeld */; };
		75CA87A21882247F007A9F06 /* CoreData.framework in Frameworks */ = {isa = PBXBuildFile; fileRef = 75CA87A11882247F007A9F06 /* CoreData.framework */; };
		75CA87A81882499D007A9F06 /* SignUpTVC.m in Sources */ = {isa = PBXBuildFile; fileRef = 75CA87A71882499D007A9F06 /* SignUpTVC.m */; };
		75CA87AB18824A39007A9F06 /* TextFieldCell.m in Sources */ = {isa = PBXBuildFile; fileRef = 75CA87AA18824A39007A9F06 /* TextFieldCell.m */; };
		75D4596218B1EBAF00E5144E /* Movie+Networking.m in Sources */ = {isa = PBXBuildFile; fileRef = 75D4596118B1EBAF00E5144E /* Movie+Networking.m */; };
		75D52A3618AE4755008177C3 /* 767-photo-1-gray.png in Resources */ = {isa = PBXBuildFile; fileRef = 75D52A3418AE4755008177C3 /* 767-photo-1-gray.png */; };
		75D52A3718AE4755008177C3 /* 767-photo-1-gray@2x.png in Resources */ = {isa = PBXBuildFile; fileRef = 75D52A3518AE4755008177C3 /* 767-photo-1-gray@2x.png */; };
		75D52A3A18AE47ED008177C3 /* 767-photo-1-white.png in Resources */ = {isa = PBXBuildFile; fileRef = 75D52A3818AE47ED008177C3 /* 767-photo-1-white.png */; };
		75D52A3B18AE47ED008177C3 /* 767-photo-1-white@2x.png in Resources */ = {isa = PBXBuildFile; fileRef = 75D52A3918AE47ED008177C3 /* 767-photo-1-white@2x.png */; };
		75DC3D9418B9899B000A4778 /* InfoTVC.m in Sources */ = {isa = PBXBuildFile; fileRef = 75DC3D9318B9899B000A4778 /* InfoTVC.m */; };
		75DC3D9618B9B1B9000A4778 /* SignUpCell.xib in Resources */ = {isa = PBXBuildFile; fileRef = 75DC3D9518B9B1B9000A4778 /* SignUpCell.xib */; };
		75DC3D9818B9B1C6000A4778 /* TextFieldCell.xib in Resources */ = {isa = PBXBuildFile; fileRef = 75DC3D9718B9B1C6000A4778 /* TextFieldCell.xib */; };
		75FBBE3518AAE11E00914A98 /* Localizable.strings in Resources */ = {isa = PBXBuildFile; fileRef = 75FBBE3318AAE11E00914A98 /* Localizable.strings */; };
		FA3EFB11A6DD40D1917C6D71 /* libPods-Nostalgia.a in Frameworks */ = {isa = PBXBuildFile; fileRef = 89784CB92502488DB677EEE9 /* libPods-Nostalgia.a */; };
/* End PBXBuildFile section */

/* Begin PBXContainerItemProxy section */
		75C735D61846E0270055F8C3 /* PBXContainerItemProxy */ = {
			isa = PBXContainerItemProxy;
			containerPortal = 75C735A81846E0260055F8C3 /* Project object */;
			proxyType = 1;
			remoteGlobalIDString = 75C735AF1846E0260055F8C3;
			remoteInfo = Nostalgia;
		};
/* End PBXContainerItemProxy section */

/* Begin PBXFileReference section */
		03196A2CFEB8495180B11472 /* Pods-Nostalgia.xcconfig */ = {isa = PBXFileReference; includeInIndex = 1; lastKnownFileType = text.xcconfig; name = "Pods-Nostalgia.xcconfig"; path = "Pods/Pods-Nostalgia.xcconfig"; sourceTree = "<group>"; };
		750065B61895ADEC00778029 /* TimeMachineCell.h */ = {isa = PBXFileReference; fileEncoding = 4; lastKnownFileType = sourcecode.c.h; path = TimeMachineCell.h; sourceTree = "<group>"; };
		750065B71895ADEC00778029 /* TimeMachineCell.m */ = {isa = PBXFileReference; fileEncoding = 4; lastKnownFileType = sourcecode.c.objc; path = TimeMachineCell.m; sourceTree = "<group>"; };
		750065B91895B26600778029 /* ResultsCVC.h */ = {isa = PBXFileReference; fileEncoding = 4; lastKnownFileType = sourcecode.c.h; path = ResultsCVC.h; sourceTree = "<group>"; };
		750065BA1895B26600778029 /* ResultsCVC.m */ = {isa = PBXFileReference; fileEncoding = 4; lastKnownFileType = sourcecode.c.objc; path = ResultsCVC.m; sourceTree = "<group>"; };
		750065BC1895B3CC00778029 /* SongCell.h */ = {isa = PBXFileReference; fileEncoding = 4; lastKnownFileType = sourcecode.c.h; path = SongCell.h; sourceTree = "<group>"; };
		750065BD1895B3CC00778029 /* SongCell.m */ = {isa = PBXFileReference; fileEncoding = 4; lastKnownFileType = sourcecode.c.objc; path = SongCell.m; sourceTree = "<group>"; };
		750A55A018B6B2D900E3BFA6 /* FavoritesCVC.h */ = {isa = PBXFileReference; fileEncoding = 4; lastKnownFileType = sourcecode.c.h; path = FavoritesCVC.h; sourceTree = "<group>"; };
		750A55A118B6B2D900E3BFA6 /* FavoritesCVC.m */ = {isa = PBXFileReference; fileEncoding = 4; lastKnownFileType = sourcecode.c.objc; path = FavoritesCVC.m; sourceTree = "<group>"; };
		750A55A618B6BDFE00E3BFA6 /* 726-star-gray.png */ = {isa = PBXFileReference; lastKnownFileType = image.png; path = "726-star-gray.png"; sourceTree = "<group>"; };
		750A55A718B6BDFE00E3BFA6 /* 726-star-gray@2x.png */ = {isa = PBXFileReference; lastKnownFileType = image.png; path = "726-star-gray@2x.png"; sourceTree = "<group>"; };
		750A55AA18B6BE1800E3BFA6 /* 726-star-white.png */ = {isa = PBXFileReference; lastKnownFileType = image.png; path = "726-star-white.png"; sourceTree = "<group>"; };
		750A55AB18B6BE1800E3BFA6 /* 726-star-white@2x.png */ = {isa = PBXFileReference; lastKnownFileType = image.png; path = "726-star-white@2x.png"; sourceTree = "<group>"; };
		750A55AF18B6C4EE00E3BFA6 /* SongAttributeCell.h */ = {isa = PBXFileReference; fileEncoding = 4; lastKnownFileType = sourcecode.c.h; path = SongAttributeCell.h; sourceTree = "<group>"; };
		750A55B018B6C4EE00E3BFA6 /* SongAttributeCell.m */ = {isa = PBXFileReference; fileEncoding = 4; lastKnownFileType = sourcecode.c.objc; path = SongAttributeCell.m; sourceTree = "<group>"; };
		750F137E18DF53CA0004BA86 /* 729-top-list-white.png */ = {isa = PBXFileReference; lastKnownFileType = image.png; path = "729-top-list-white.png"; sourceTree = "<group>"; };
		750F137F18DF53CA0004BA86 /* 729-top-list-white@2x.png */ = {isa = PBXFileReference; lastKnownFileType = image.png; path = "729-top-list-white@2x.png"; sourceTree = "<group>"; };
		750F138218DF64D90004BA86 /* info.html */ = {isa = PBXFileReference; fileEncoding = 4; lastKnownFileType = text.html; path = info.html; sourceTree = "<group>"; };
		750F138818DF7C990004BA86 /* 80s@2x.png */ = {isa = PBXFileReference; lastKnownFileType = image.png; path = "80s@2x.png"; sourceTree = "<group>"; };
		750F138918DF7C990004BA86 /* 90s.png */ = {isa = PBXFileReference; lastKnownFileType = image.png; path = 90s.png; sourceTree = "<group>"; };
		750F138A18DF7C990004BA86 /* 90s@2x.png */ = {isa = PBXFileReference; lastKnownFileType = image.png; path = "90s@2x.png"; sourceTree = "<group>"; };
		750F138B18DF7C990004BA86 /* 70s.png */ = {isa = PBXFileReference; lastKnownFileType = image.png; path = 70s.png; sourceTree = "<group>"; };
		750F138C18DF7C990004BA86 /* 70s@2x.png */ = {isa = PBXFileReference; lastKnownFileType = image.png; path = "70s@2x.png"; sourceTree = "<group>"; };
		750F138D18DF7C990004BA86 /* 80s.png */ = {isa = PBXFileReference; lastKnownFileType = image.png; path = 80s.png; sourceTree = "<group>"; };
		750F139418DF813E0004BA86 /* 769-male-gray.png */ = {isa = PBXFileReference; lastKnownFileType = image.png; path = "769-male-gray.png"; sourceTree = "<group>"; };
		750F139518DF813E0004BA86 /* 769-male-gray@2x.png */ = {isa = PBXFileReference; lastKnownFileType = image.png; path = "769-male-gray@2x.png"; sourceTree = "<group>"; };
		750F139818DF81B50004BA86 /* 769-male-white.png */ = {isa = PBXFileReference; lastKnownFileType = image.png; path = "769-male-white.png"; sourceTree = "<group>"; };
		750F139918DF81B50004BA86 /* 769-male-white@2x.png */ = {isa = PBXFileReference; lastKnownFileType = image.png; path = "769-male-white@2x.png"; sourceTree = "<group>"; };
		750F139C18DFB8470004BA86 /* 700-heart-filled.png */ = {isa = PBXFileReference; lastKnownFileType = image.png; path = "700-heart-filled.png"; sourceTree = "<group>"; };
		750F139D18DFB8470004BA86 /* 700-heart-filled@2x.png */ = {isa = PBXFileReference; lastKnownFileType = image.png; path = "700-heart-filled@2x.png"; sourceTree = "<group>"; };
		750F139E18DFB8470004BA86 /* 700-info-filled.png */ = {isa = PBXFileReference; lastKnownFileType = image.png; path = "700-info-filled.png"; sourceTree = "<group>"; };
		750F139F18DFB8470004BA86 /* 700-info-filled@2x.png */ = {isa = PBXFileReference; lastKnownFileType = image.png; path = "700-info-filled@2x.png"; sourceTree = "<group>"; };
		7519BA47188252900010D874 /* TimeMachineTVC.h */ = {isa = PBXFileReference; fileEncoding = 4; lastKnownFileType = sourcecode.c.h; path = TimeMachineTVC.h; sourceTree = "<group>"; };
		7519BA48188252900010D874 /* TimeMachineTVC.m */ = {isa = PBXFileReference; fileEncoding = 4; lastKnownFileType = sourcecode.c.objc; path = TimeMachineTVC.m; sourceTree = "<group>"; };
		7519BA4D18825BCD0010D874 /* SignUpCell.h */ = {isa = PBXFileReference; fileEncoding = 4; lastKnownFileType = sourcecode.c.h; path = SignUpCell.h; sourceTree = "<group>"; };
		7519BA4E18825BCD0010D874 /* SignUpCell.m */ = {isa = PBXFileReference; fileEncoding = 4; lastKnownFileType = sourcecode.c.objc; path = SignUpCell.m; sourceTree = "<group>"; };
		75270ABE187CCBB700B49643 /* DataLoader.h */ = {isa = PBXFileReference; fileEncoding = 4; lastKnownFileType = sourcecode.c.h; path = DataLoader.h; sourceTree = "<group>"; };
		75270ABF187CCBB700B49643 /* DataLoader.m */ = {isa = PBXFileReference; fileEncoding = 4; lastKnownFileType = sourcecode.c.objc; path = DataLoader.m; sourceTree = "<group>"; };
		754BD99818BBA2B20057EC38 /* Song.h */ = {isa = PBXFileReference; fileEncoding = 4; lastKnownFileType = sourcecode.c.h; path = Song.h; sourceTree = "<group>"; };
		754BD99918BBA2B20057EC38 /* Song.m */ = {isa = PBXFileReference; fileEncoding = 4; lastKnownFileType = sourcecode.c.objc; path = Song.m; sourceTree = "<group>"; };
		754BD99B18BBA2B30057EC38 /* Thumbnail.h */ = {isa = PBXFileReference; fileEncoding = 4; lastKnownFileType = sourcecode.c.h; path = Thumbnail.h; sourceTree = "<group>"; };
		754BD99C18BBA2B30057EC38 /* Thumbnail.m */ = {isa = PBXFileReference; fileEncoding = 4; lastKnownFileType = sourcecode.c.objc; path = Thumbnail.m; sourceTree = "<group>"; };
		754BD9A418BBA5460057EC38 /* Media+Keys.h */ = {isa = PBXFileReference; fileEncoding = 4; lastKnownFileType = sourcecode.c.h; path = "Media+Keys.h"; sourceTree = "<group>"; };
		754BD9A518BBA5460057EC38 /* Media+Keys.m */ = {isa = PBXFileReference; fileEncoding = 4; lastKnownFileType = sourcecode.c.objc; path = "Media+Keys.m"; sourceTree = "<group>"; };
		754BD9AA18BBA84C0057EC38 /* Movie.h */ = {isa = PBXFileReference; fileEncoding = 4; lastKnownFileType = sourcecode.c.h; path = Movie.h; sourceTree = "<group>"; };
		754BD9AB18BBA84C0057EC38 /* Movie.m */ = {isa = PBXFileReference; fileEncoding = 4; lastKnownFileType = sourcecode.c.objc; path = Movie.m; sourceTree = "<group>"; };
		756A482118EB56EA007B2F97 /* Media.h */ = {isa = PBXFileReference; fileEncoding = 4; lastKnownFileType = sourcecode.c.h; path = Media.h; sourceTree = "<group>"; };
		756A482218EB56EA007B2F97 /* Media.m */ = {isa = PBXFileReference; fileEncoding = 4; lastKnownFileType = sourcecode.c.objc; path = Media.m; sourceTree = "<group>"; };
		756DE87A18ADB3BB003A8518 /* SongAttributeCell.xib */ = {isa = PBXFileReference; fileEncoding = 4; lastKnownFileType = file.xib; path = SongAttributeCell.xib; sourceTree = "<group>"; };
		756DE87C18ADC3E3003A8518 /* 724-info-white.png */ = {isa = PBXFileReference; lastKnownFileType = image.png; path = "724-info-white.png"; sourceTree = "<group>"; };
		756DE87D18ADC3E3003A8518 /* 724-info-white@2x.png */ = {isa = PBXFileReference; lastKnownFileType = image.png; path = "724-info-white@2x.png"; sourceTree = "<group>"; };
		756DE88018ADC3FF003A8518 /* 724-info-gray.png */ = {isa = PBXFileReference; lastKnownFileType = image.png; path = "724-info-gray.png"; sourceTree = "<group>"; };
		756DE88118ADC3FF003A8518 /* 724-info-gray@2x.png */ = {isa = PBXFileReference; lastKnownFileType = image.png; path = "724-info-gray@2x.png"; sourceTree = "<group>"; };
		756F50DA18AEA70B0068C7AC /* FilterTVC.h */ = {isa = PBXFileReference; fileEncoding = 4; lastKnownFileType = sourcecode.c.h; path = FilterTVC.h; sourceTree = "<group>"; };
		756F50DB18AEA70B0068C7AC /* FilterTVC.m */ = {isa = PBXFileReference; fileEncoding = 4; lastKnownFileType = sourcecode.c.objc; path = FilterTVC.m; sourceTree = "<group>"; };
		756F510118B16B8C0068C7AC /* 798-filter-gray.png */ = {isa = PBXFileReference; lastKnownFileType = image.png; path = "798-filter-gray.png"; sourceTree = "<group>"; };
		756F510218B16B8C0068C7AC /* 798-filter-gray@2x.png */ = {isa = PBXFileReference; lastKnownFileType = image.png; path = "798-filter-gray@2x.png"; sourceTree = "<group>"; };
		756F510518B16BAF0068C7AC /* 798-filter-white.png */ = {isa = PBXFileReference; lastKnownFileType = image.png; path = "798-filter-white.png"; sourceTree = "<group>"; };
		756F510618B16BAF0068C7AC /* 798-filter-white@2x.png */ = {isa = PBXFileReference; lastKnownFileType = image.png; path = "798-filter-white@2x.png"; sourceTree = "<group>"; };
		756F510918B1740B0068C7AC /* MessageUI.framework */ = {isa = PBXFileReference; lastKnownFileType = wrapper.framework; name = MessageUI.framework; path = System/Library/Frameworks/MessageUI.framework; sourceTree = SDKROOT; };
		7587C44618AE6B2B000721C3 /* ExampleThumbnail.jpg */ = {isa = PBXFileReference; lastKnownFileType = image.jpeg; path = ExampleThumbnail.jpg; sourceTree = "<group>"; };
		7587C44818AEA093000721C3 /* 702-share-gray.png */ = {isa = PBXFileReference; lastKnownFileType = image.png; path = "702-share-gray.png"; sourceTree = "<group>"; };
		7587C44918AEA093000721C3 /* 702-share-gray@2x.png */ = {isa = PBXFileReference; lastKnownFileType = image.png; path = "702-share-gray@2x.png"; sourceTree = "<group>"; };
		7587C44C18AEA0A7000721C3 /* 702-share-white.png */ = {isa = PBXFileReference; lastKnownFileType = image.png; path = "702-share-white.png"; sourceTree = "<group>"; };
		7587C44D18AEA0A7000721C3 /* 702-share-white@2x.png */ = {isa = PBXFileReference; lastKnownFileType = image.png; path = "702-share-white@2x.png"; sourceTree = "<group>"; };
		758AB1A418B430C800E5CBF3 /* 748-heart-white.png */ = {isa = PBXFileReference; lastKnownFileType = image.png; path = "748-heart-white.png"; sourceTree = "<group>"; };
		758AB1A518B430C800E5CBF3 /* 748-heart-white@2x.png */ = {isa = PBXFileReference; lastKnownFileType = image.png; path = "748-heart-white@2x.png"; sourceTree = "<group>"; };
		758AB1A818B430F100E5CBF3 /* 748-heart-gray.png */ = {isa = PBXFileReference; lastKnownFileType = image.png; path = "748-heart-gray.png"; sourceTree = "<group>"; };
		758AB1A918B430F100E5CBF3 /* 748-heart-gray@2x.png */ = {isa = PBXFileReference; lastKnownFileType = image.png; path = "748-heart-gray@2x.png"; sourceTree = "<group>"; };
		758CDBB318BBEBC0005FD9E7 /* SongCell.xib */ = {isa = PBXFileReference; fileEncoding = 4; lastKnownFileType = file.xib; path = SongCell.xib; sourceTree = "<group>"; };
		758CDBB518BBEBD6005FD9E7 /* MovieCell.xib */ = {isa = PBXFileReference; fileEncoding = 4; lastKnownFileType = file.xib; path = MovieCell.xib; sourceTree = "<group>"; };
		758CDBB718BBEBE8005FD9E7 /* MovieCell.h */ = {isa = PBXFileReference; fileEncoding = 4; lastKnownFileType = sourcecode.c.h; path = MovieCell.h; sourceTree = "<group>"; };
		758CDBB818BBEBE8005FD9E7 /* MovieCell.m */ = {isa = PBXFileReference; fileEncoding = 4; lastKnownFileType = sourcecode.c.objc; path = MovieCell.m; sourceTree = "<group>"; };
		758CDBBA18BC0D8D005FD9E7 /* HeaderView.xib */ = {isa = PBXFileReference; fileEncoding = 4; lastKnownFileType = file.xib; path = HeaderView.xib; sourceTree = "<group>"; };
		758CDBBC18BC1978005FD9E7 /* HeaderView.h */ = {isa = PBXFileReference; fileEncoding = 4; lastKnownFileType = sourcecode.c.h; path = HeaderView.h; sourceTree = "<group>"; };
		758CDBBD18BC1978005FD9E7 /* HeaderView.m */ = {isa = PBXFileReference; fileEncoding = 4; lastKnownFileType = sourcecode.c.objc; path = HeaderView.m; sourceTree = "<group>"; };
		758FF25A18E8B772008C010D /* 726-star-filled-gray.png */ = {isa = PBXFileReference; lastKnownFileType = image.png; path = "726-star-filled-gray.png"; sourceTree = "<group>"; };
		758FF25B18E8B772008C010D /* 726-star-filled-gray@2x.png */ = {isa = PBXFileReference; lastKnownFileType = image.png; path = "726-star-filled-gray@2x.png"; sourceTree = "<group>"; };
		758FF25E18E8BC46008C010D /* 726-star-filled-white.png */ = {isa = PBXFileReference; lastKnownFileType = image.png; path = "726-star-filled-white.png"; sourceTree = "<group>"; };
		758FF25F18E8BC46008C010D /* 726-star-filled-white@2x.png */ = {isa = PBXFileReference; lastKnownFileType = image.png; path = "726-star-filled-white@2x.png"; sourceTree = "<group>"; };
		75B0EB8818AB154800673236 /* MediaDetailVC.h */ = {isa = PBXFileReference; fileEncoding = 4; lastKnownFileType = sourcecode.c.h; path = MediaDetailVC.h; sourceTree = "<group>"; };
		75B0EB8918AB154800673236 /* MediaDetailVC.m */ = {isa = PBXFileReference; fileEncoding = 4; lastKnownFileType = sourcecode.c.objc; path = MediaDetailVC.m; sourceTree = "<group>"; };
		75B729841882D81B00D0A695 /* Song+Networking.h */ = {isa = PBXFileReference; fileEncoding = 4; lastKnownFileType = sourcecode.c.h; path = "Song+Networking.h"; sourceTree = "<group>"; };
		75B729851882D81B00D0A695 /* Song+Networking.m */ = {isa = PBXFileReference; fileEncoding = 4; lastKnownFileType = sourcecode.c.objc; path = "Song+Networking.m"; sourceTree = "<group>"; };
		75B729871882DBB900D0A695 /* MusicRanked.json */ = {isa = PBXFileReference; fileEncoding = 4; lastKnownFileType = text.json; path = MusicRanked.json; sourceTree = "<group>"; };
		75B729891882DFF200D0A695 /* Constants.h */ = {isa = PBXFileReference; fileEncoding = 4; lastKnownFileType = sourcecode.c.h; path = Constants.h; sourceTree = "<group>"; };
		75B7298A1882DFF200D0A695 /* Constants.m */ = {isa = PBXFileReference; fileEncoding = 4; lastKnownFileType = sourcecode.c.objc; path = Constants.m; sourceTree = "<group>"; };
		75B7298D1883920900D0A695 /* DatePickerTVC.h */ = {isa = PBXFileReference; fileEncoding = 4; lastKnownFileType = sourcecode.c.h; path = DatePickerTVC.h; sourceTree = "<group>"; };
		75B7298E1883920900D0A695 /* DatePickerTVC.m */ = {isa = PBXFileReference; fileEncoding = 4; lastKnownFileType = sourcecode.c.objc; path = DatePickerTVC.m; sourceTree = "<group>"; };
		75C735B01846E0260055F8C3 /* Nostalgia.app */ = {isa = PBXFileReference; explicitFileType = wrapper.application; includeInIndex = 0; path = Nostalgia.app; sourceTree = BUILT_PRODUCTS_DIR; };
		75C735B31846E0260055F8C3 /* Foundation.framework */ = {isa = PBXFileReference; lastKnownFileType = wrapper.framework; name = Foundation.framework; path = System/Library/Frameworks/Foundation.framework; sourceTree = SDKROOT; };
		75C735B51846E0260055F8C3 /* CoreGraphics.framework */ = {isa = PBXFileReference; lastKnownFileType = wrapper.framework; name = CoreGraphics.framework; path = System/Library/Frameworks/CoreGraphics.framework; sourceTree = SDKROOT; };
		75C735B71846E0260055F8C3 /* UIKit.framework */ = {isa = PBXFileReference; lastKnownFileType = wrapper.framework; name = UIKit.framework; path = System/Library/Frameworks/UIKit.framework; sourceTree = SDKROOT; };
		75C735BB1846E0260055F8C3 /* Nostalgia-Info.plist */ = {isa = PBXFileReference; lastKnownFileType = text.plist.xml; path = "Nostalgia-Info.plist"; sourceTree = "<group>"; };
		75C735BD1846E0260055F8C3 /* en */ = {isa = PBXFileReference; lastKnownFileType = text.plist.strings; name = en; path = en.lproj/InfoPlist.strings; sourceTree = "<group>"; };
		75C735BF1846E0260055F8C3 /* main.m */ = {isa = PBXFileReference; lastKnownFileType = sourcecode.c.objc; path = main.m; sourceTree = "<group>"; };
		75C735C11846E0260055F8C3 /* Nostalgia-Prefix.pch */ = {isa = PBXFileReference; lastKnownFileType = sourcecode.c.h; path = "Nostalgia-Prefix.pch"; sourceTree = "<group>"; };
		75C735C21846E0260055F8C3 /* AppDelegate.h */ = {isa = PBXFileReference; lastKnownFileType = sourcecode.c.h; path = AppDelegate.h; sourceTree = "<group>"; };
		75C735C31846E0260055F8C3 /* AppDelegate.m */ = {isa = PBXFileReference; lastKnownFileType = sourcecode.c.objc; path = AppDelegate.m; sourceTree = "<group>"; };
		75C735C61846E0260055F8C3 /* Base */ = {isa = PBXFileReference; lastKnownFileType = file.storyboard; name = Base; path = Base.lproj/Main.storyboard; sourceTree = "<group>"; };
		75C735C81846E0260055F8C3 /* PickerVC.h */ = {isa = PBXFileReference; lastKnownFileType = sourcecode.c.h; path = PickerVC.h; sourceTree = "<group>"; };
		75C735C91846E0260055F8C3 /* PickerVC.m */ = {isa = PBXFileReference; lastKnownFileType = sourcecode.c.objc; path = PickerVC.m; sourceTree = "<group>"; };
		75C735CB1846E0260055F8C3 /* Images.xcassets */ = {isa = PBXFileReference; lastKnownFileType = folder.assetcatalog; path = Images.xcassets; sourceTree = "<group>"; };
		75C735D11846E0270055F8C3 /* NostalgiaTests.xctest */ = {isa = PBXFileReference; explicitFileType = wrapper.cfbundle; includeInIndex = 0; path = NostalgiaTests.xctest; sourceTree = BUILT_PRODUCTS_DIR; };
		75C735D21846E0270055F8C3 /* XCTest.framework */ = {isa = PBXFileReference; lastKnownFileType = wrapper.framework; name = XCTest.framework; path = Library/Frameworks/XCTest.framework; sourceTree = DEVELOPER_DIR; };
		75C735DA1846E0270055F8C3 /* NostalgiaTests-Info.plist */ = {isa = PBXFileReference; lastKnownFileType = text.plist.xml; path = "NostalgiaTests-Info.plist"; sourceTree = "<group>"; };
		75C735DC1846E0270055F8C3 /* en */ = {isa = PBXFileReference; lastKnownFileType = text.plist.strings; name = en; path = en.lproj/InfoPlist.strings; sourceTree = "<group>"; };
		75C735DE1846E0270055F8C3 /* NostalgiaTests.m */ = {isa = PBXFileReference; lastKnownFileType = sourcecode.c.objc; path = NostalgiaTests.m; sourceTree = "<group>"; };
		75CA879B18821D24007A9F06 /* Nostalgia.xcdatamodel */ = {isa = PBXFileReference; lastKnownFileType = wrapper.xcdatamodel; path = Nostalgia.xcdatamodel; sourceTree = "<group>"; };
		75CA87A11882247F007A9F06 /* CoreData.framework */ = {isa = PBXFileReference; lastKnownFileType = wrapper.framework; name = CoreData.framework; path = System/Library/Frameworks/CoreData.framework; sourceTree = SDKROOT; };
		75CA87A61882499D007A9F06 /* SignUpTVC.h */ = {isa = PBXFileReference; fileEncoding = 4; lastKnownFileType = sourcecode.c.h; path = SignUpTVC.h; sourceTree = "<group>"; };
		75CA87A71882499D007A9F06 /* SignUpTVC.m */ = {isa = PBXFileReference; fileEncoding = 4; lastKnownFileType = sourcecode.c.objc; path = SignUpTVC.m; sourceTree = "<group>"; };
		75CA87A918824A39007A9F06 /* TextFieldCell.h */ = {isa = PBXFileReference; fileEncoding = 4; lastKnownFileType = sourcecode.c.h; path = TextFieldCell.h; sourceTree = "<group>"; };
		75CA87AA18824A39007A9F06 /* TextFieldCell.m */ = {isa = PBXFileReference; fileEncoding = 4; lastKnownFileType = sourcecode.c.objc; path = TextFieldCell.m; sourceTree = "<group>"; };
		75D4596018B1EBAF00E5144E /* Movie+Networking.h */ = {isa = PBXFileReference; fileEncoding = 4; lastKnownFileType = sourcecode.c.h; path = "Movie+Networking.h"; sourceTree = "<group>"; };
		75D4596118B1EBAF00E5144E /* Movie+Networking.m */ = {isa = PBXFileReference; fileEncoding = 4; lastKnownFileType = sourcecode.c.objc; path = "Movie+Networking.m"; sourceTree = "<group>"; };
		75D52A3418AE4755008177C3 /* 767-photo-1-gray.png */ = {isa = PBXFileReference; lastKnownFileType = image.png; path = "767-photo-1-gray.png"; sourceTree = "<group>"; };
		75D52A3518AE4755008177C3 /* 767-photo-1-gray@2x.png */ = {isa = PBXFileReference; lastKnownFileType = image.png; path = "767-photo-1-gray@2x.png"; sourceTree = "<group>"; };
		75D52A3818AE47ED008177C3 /* 767-photo-1-white.png */ = {isa = PBXFileReference; lastKnownFileType = image.png; path = "767-photo-1-white.png"; sourceTree = "<group>"; };
		75D52A3918AE47ED008177C3 /* 767-photo-1-white@2x.png */ = {isa = PBXFileReference; lastKnownFileType = image.png; path = "767-photo-1-white@2x.png"; sourceTree = "<group>"; };
		75DC3D9218B9899B000A4778 /* InfoTVC.h */ = {isa = PBXFileReference; fileEncoding = 4; lastKnownFileType = sourcecode.c.h; path = InfoTVC.h; sourceTree = "<group>"; };
		75DC3D9318B9899B000A4778 /* InfoTVC.m */ = {isa = PBXFileReference; fileEncoding = 4; lastKnownFileType = sourcecode.c.objc; path = InfoTVC.m; sourceTree = "<group>"; };
		75DC3D9518B9B1B9000A4778 /* SignUpCell.xib */ = {isa = PBXFileReference; fileEncoding = 4; lastKnownFileType = file.xib; path = SignUpCell.xib; sourceTree = "<group>"; };
		75DC3D9718B9B1C6000A4778 /* TextFieldCell.xib */ = {isa = PBXFileReference; fileEncoding = 4; lastKnownFileType = file.xib; path = TextFieldCell.xib; sourceTree = "<group>"; };
		75FBBE3418AAE11E00914A98 /* en */ = {isa = PBXFileReference; lastKnownFileType = text.plist.strings; name = en; path = en.lproj/Localizable.strings; sourceTree = "<group>"; };
		89784CB92502488DB677EEE9 /* libPods-Nostalgia.a */ = {isa = PBXFileReference; explicitFileType = archive.ar; includeInIndex = 0; path = "libPods-Nostalgia.a"; sourceTree = BUILT_PRODUCTS_DIR; };
/* End PBXFileReference section */

/* Begin PBXFrameworksBuildPhase section */
		75C735AD1846E0260055F8C3 /* Frameworks */ = {
			isa = PBXFrameworksBuildPhase;
			buildActionMask = 2147483647;
			files = (
				756F510A18B1740B0068C7AC /* MessageUI.framework in Frameworks */,
				75CA87A21882247F007A9F06 /* CoreData.framework in Frameworks */,
				75C735B61846E0260055F8C3 /* CoreGraphics.framework in Frameworks */,
				75C735B81846E0260055F8C3 /* UIKit.framework in Frameworks */,
				75C735B41846E0260055F8C3 /* Foundation.framework in Frameworks */,
				FA3EFB11A6DD40D1917C6D71 /* libPods-Nostalgia.a in Frameworks */,
			);
			runOnlyForDeploymentPostprocessing = 0;
		};
		75C735CE1846E0270055F8C3 /* Frameworks */ = {
			isa = PBXFrameworksBuildPhase;
			buildActionMask = 2147483647;
			files = (
				75C735D31846E0270055F8C3 /* XCTest.framework in Frameworks */,
				75C735D51846E0270055F8C3 /* UIKit.framework in Frameworks */,
				75C735D41846E0270055F8C3 /* Foundation.framework in Frameworks */,
			);
			runOnlyForDeploymentPostprocessing = 0;
		};
/* End PBXFrameworksBuildPhase section */

/* Begin PBXGroup section */
		750A55AE18B6C49600E3BFA6 /* Results */ = {
			isa = PBXGroup;
			children = (
				758FF25518E8A84A008C010D /* Cells/Header Views */,
				750065B91895B26600778029 /* ResultsCVC.h */,
				750065BA1895B26600778029 /* ResultsCVC.m */,
				756F50DA18AEA70B0068C7AC /* FilterTVC.h */,
				756F50DB18AEA70B0068C7AC /* FilterTVC.m */,
			);
			name = Results;
			sourceTree = "<group>";
		};
		7519BA50188265970010D874 /* Sign Up */ = {
			isa = PBXGroup;
			children = (
				75CA87A61882499D007A9F06 /* SignUpTVC.h */,
				75CA87A71882499D007A9F06 /* SignUpTVC.m */,
				75B7298D1883920900D0A695 /* DatePickerTVC.h */,
				75B7298E1883920900D0A695 /* DatePickerTVC.m */,
				75CA87A918824A39007A9F06 /* TextFieldCell.h */,
				75CA87AA18824A39007A9F06 /* TextFieldCell.m */,
				75DC3D9718B9B1C6000A4778 /* TextFieldCell.xib */,
				7519BA4D18825BCD0010D874 /* SignUpCell.h */,
				7519BA4E18825BCD0010D874 /* SignUpCell.m */,
				75DC3D9518B9B1B9000A4778 /* SignUpCell.xib */,
			);
			name = "Sign Up";
			sourceTree = "<group>";
		};
		758FF25518E8A84A008C010D /* Cells/Header Views */ = {
			isa = PBXGroup;
			children = (
				758CDBBC18BC1978005FD9E7 /* HeaderView.h */,
				758CDBBD18BC1978005FD9E7 /* HeaderView.m */,
				758CDBBA18BC0D8D005FD9E7 /* HeaderView.xib */,
				750065BC1895B3CC00778029 /* SongCell.h */,
				750065BD1895B3CC00778029 /* SongCell.m */,
				758CDBB318BBEBC0005FD9E7 /* SongCell.xib */,
				758CDBB718BBEBE8005FD9E7 /* MovieCell.h */,
				758CDBB818BBEBE8005FD9E7 /* MovieCell.m */,
				758CDBB518BBEBD6005FD9E7 /* MovieCell.xib */,
			);
			name = "Cells/Header Views";
			sourceTree = "<group>";
		};
		75B7298C18837D4200D0A695 /* Time Machine */ = {
			isa = PBXGroup;
			children = (
				7519BA47188252900010D874 /* TimeMachineTVC.h */,
				7519BA48188252900010D874 /* TimeMachineTVC.m */,
				75C735C81846E0260055F8C3 /* PickerVC.h */,
				75C735C91846E0260055F8C3 /* PickerVC.m */,
				750065B61895ADEC00778029 /* TimeMachineCell.h */,
				750065B71895ADEC00778029 /* TimeMachineCell.m */,
			);
			name = "Time Machine";
			sourceTree = "<group>";
		};
		75C735A71846E0260055F8C3 = {
			isa = PBXGroup;
			children = (
				75C735B91846E0260055F8C3 /* Nostalgia */,
				75C735D81846E0270055F8C3 /* NostalgiaTests */,
				75C735B21846E0260055F8C3 /* Frameworks */,
				75C735B11846E0260055F8C3 /* Products */,
				03196A2CFEB8495180B11472 /* Pods-Nostalgia.xcconfig */,
			);
			sourceTree = "<group>";
		};
		75C735B11846E0260055F8C3 /* Products */ = {
			isa = PBXGroup;
			children = (
				75C735B01846E0260055F8C3 /* Nostalgia.app */,
				75C735D11846E0270055F8C3 /* NostalgiaTests.xctest */,
			);
			name = Products;
			sourceTree = "<group>";
		};
		75C735B21846E0260055F8C3 /* Frameworks */ = {
			isa = PBXGroup;
			children = (
				756F510918B1740B0068C7AC /* MessageUI.framework */,
				75CA87A11882247F007A9F06 /* CoreData.framework */,
				75C735B31846E0260055F8C3 /* Foundation.framework */,
				75C735B51846E0260055F8C3 /* CoreGraphics.framework */,
				75C735B71846E0260055F8C3 /* UIKit.framework */,
				75C735D21846E0270055F8C3 /* XCTest.framework */,
				89784CB92502488DB677EEE9 /* libPods-Nostalgia.a */,
			);
			name = Frameworks;
			sourceTree = "<group>";
		};
		75C735B91846E0260055F8C3 /* Nostalgia */ = {
			isa = PBXGroup;
			children = (
				75C735C21846E0260055F8C3 /* AppDelegate.h */,
				75C735C31846E0260055F8C3 /* AppDelegate.m */,
				75B729891882DFF200D0A695 /* Constants.h */,
				75B7298A1882DFF200D0A695 /* Constants.m */,
				75C735C51846E0260055F8C3 /* Main.storyboard */,
				7519BA50188265970010D874 /* Sign Up */,
				75B7298C18837D4200D0A695 /* Time Machine */,
				750A55AE18B6C49600E3BFA6 /* Results */,
				75DC3D9018B988D4000A4778 /* Detail Screens */,
				75DC3D9118B98936000A4778 /* Favorites */,
				75CA879D18821D87007A9F06 /* Model */,
				75DC3D9218B9899B000A4778 /* InfoTVC.h */,
				75DC3D9318B9899B000A4778 /* InfoTVC.m */,
				750F138218DF64D90004BA86 /* info.html */,
				75C735CB1846E0260055F8C3 /* Images.xcassets */,
				75C735BA1846E0260055F8C3 /* Supporting Files */,
			);
			path = Nostalgia;
			sourceTree = "<group>";
		};
		75C735BA1846E0260055F8C3 /* Supporting Files */ = {
			isa = PBXGroup;
			children = (
				75F9BAC518F880A900C1B08C /* Images */,
				75C735BB1846E0260055F8C3 /* Nostalgia-Info.plist */,
				75C735BC1846E0260055F8C3 /* InfoPlist.strings */,
				75FBBE3318AAE11E00914A98 /* Localizable.strings */,
				75C735BF1846E0260055F8C3 /* main.m */,
				75C735C11846E0260055F8C3 /* Nostalgia-Prefix.pch */,
			);
			name = "Supporting Files";
			sourceTree = "<group>";
		};
		75C735D81846E0270055F8C3 /* NostalgiaTests */ = {
			isa = PBXGroup;
			children = (
				75C735DE1846E0270055F8C3 /* NostalgiaTests.m */,
				75C735D91846E0270055F8C3 /* Supporting Files */,
			);
			path = NostalgiaTests;
			sourceTree = "<group>";
		};
		75C735D91846E0270055F8C3 /* Supporting Files */ = {
			isa = PBXGroup;
			children = (
				75C735DA1846E0270055F8C3 /* NostalgiaTests-Info.plist */,
				75C735DB1846E0270055F8C3 /* InfoPlist.strings */,
			);
			name = "Supporting Files";
			sourceTree = "<group>";
		};
		75CA879D18821D87007A9F06 /* Model */ = {
			isa = PBXGroup;
			children = (
				75B729871882DBB900D0A695 /* MusicRanked.json */,
				75270ABE187CCBB700B49643 /* DataLoader.h */,
				75270ABF187CCBB700B49643 /* DataLoader.m */,
				75CA879A18821D24007A9F06 /* Nostalgia.xcdatamodeld */,
				756A482118EB56EA007B2F97 /* Media.h */,
				756A482218EB56EA007B2F97 /* Media.m */,
				754BD9AA18BBA84C0057EC38 /* Movie.h */,
				754BD9AB18BBA84C0057EC38 /* Movie.m */,
				754BD99818BBA2B20057EC38 /* Song.h */,
				754BD99918BBA2B20057EC38 /* Song.m */,
				754BD9A418BBA5460057EC38 /* Media+Keys.h */,
				754BD9A518BBA5460057EC38 /* Media+Keys.m */,
				754BD99B18BBA2B30057EC38 /* Thumbnail.h */,
				754BD99C18BBA2B30057EC38 /* Thumbnail.m */,
				75B729841882D81B00D0A695 /* Song+Networking.h */,
				75B729851882D81B00D0A695 /* Song+Networking.m */,
				75D4596018B1EBAF00E5144E /* Movie+Networking.h */,
				75D4596118B1EBAF00E5144E /* Movie+Networking.m */,
			);
			name = Model;
			sourceTree = "<group>";
		};
		75DC3D9018B988D4000A4778 /* Detail Screens */ = {
			isa = PBXGroup;
			children = (
				75B0EB8818AB154800673236 /* MediaDetailVC.h */,
				75B0EB8918AB154800673236 /* MediaDetailVC.m */,
				756DE87A18ADB3BB003A8518 /* SongAttributeCell.xib */,
				750A55AF18B6C4EE00E3BFA6 /* SongAttributeCell.h */,
				750A55B018B6C4EE00E3BFA6 /* SongAttributeCell.m */,
			);
			name = "Detail Screens";
			sourceTree = "<group>";
		};
		75DC3D9118B98936000A4778 /* Favorites */ = {
			isa = PBXGroup;
			children = (
				750A55A018B6B2D900E3BFA6 /* FavoritesCVC.h */,
				750A55A118B6B2D900E3BFA6 /* FavoritesCVC.m */,
			);
			name = Favorites;
			sourceTree = "<group>";
		};
		75F9BAC518F880A900C1B08C /* Images */ = {
			isa = PBXGroup;
			children = (
				750F139C18DFB8470004BA86 /* 700-heart-filled.png */,
				750F139D18DFB8470004BA86 /* 700-heart-filled@2x.png */,
				750F139E18DFB8470004BA86 /* 700-info-filled.png */,
				750F139F18DFB8470004BA86 /* 700-info-filled@2x.png */,
				750F139818DF81B50004BA86 /* 769-male-white.png */,
				750F139918DF81B50004BA86 /* 769-male-white@2x.png */,
				750F139418DF813E0004BA86 /* 769-male-gray.png */,
				750F139518DF813E0004BA86 /* 769-male-gray@2x.png */,
				750F138918DF7C990004BA86 /* 90s.png */,
				750F138A18DF7C990004BA86 /* 90s@2x.png */,
				750F138D18DF7C990004BA86 /* 80s.png */,
				750F138818DF7C990004BA86 /* 80s@2x.png */,
				750F138B18DF7C990004BA86 /* 70s.png */,
				750F138C18DF7C990004BA86 /* 70s@2x.png */,
				750F137E18DF53CA0004BA86 /* 729-top-list-white.png */,
				750F137F18DF53CA0004BA86 /* 729-top-list-white@2x.png */,
				7587C44618AE6B2B000721C3 /* ExampleThumbnail.jpg */,
				758FF25E18E8BC46008C010D /* 726-star-filled-white.png */,
				758FF25F18E8BC46008C010D /* 726-star-filled-white@2x.png */,
				750A55AA18B6BE1800E3BFA6 /* 726-star-white.png */,
				750A55AB18B6BE1800E3BFA6 /* 726-star-white@2x.png */,
				758FF25A18E8B772008C010D /* 726-star-filled-gray.png */,
				758FF25B18E8B772008C010D /* 726-star-filled-gray@2x.png */,
				750A55A618B6BDFE00E3BFA6 /* 726-star-gray.png */,
				750A55A718B6BDFE00E3BFA6 /* 726-star-gray@2x.png */,
				758AB1A818B430F100E5CBF3 /* 748-heart-gray.png */,
				758AB1A918B430F100E5CBF3 /* 748-heart-gray@2x.png */,
				758AB1A418B430C800E5CBF3 /* 748-heart-white.png */,
				758AB1A518B430C800E5CBF3 /* 748-heart-white@2x.png */,
				756F510518B16BAF0068C7AC /* 798-filter-white.png */,
				756F510618B16BAF0068C7AC /* 798-filter-white@2x.png */,
				756F510118B16B8C0068C7AC /* 798-filter-gray.png */,
				756F510218B16B8C0068C7AC /* 798-filter-gray@2x.png */,
				7587C44818AEA093000721C3 /* 702-share-gray.png */,
				7587C44918AEA093000721C3 /* 702-share-gray@2x.png */,
				7587C44C18AEA0A7000721C3 /* 702-share-white.png */,
				7587C44D18AEA0A7000721C3 /* 702-share-white@2x.png */,
				75D52A3818AE47ED008177C3 /* 767-photo-1-white.png */,
				75D52A3918AE47ED008177C3 /* 767-photo-1-white@2x.png */,
				75D52A3418AE4755008177C3 /* 767-photo-1-gray.png */,
				75D52A3518AE4755008177C3 /* 767-photo-1-gray@2x.png */,
				756DE87C18ADC3E3003A8518 /* 724-info-white.png */,
				756DE87D18ADC3E3003A8518 /* 724-info-white@2x.png */,
				756DE88018ADC3FF003A8518 /* 724-info-gray.png */,
				756DE88118ADC3FF003A8518 /* 724-info-gray@2x.png */,
			);
			name = Images;
			sourceTree = "<group>";
		};
/* End PBXGroup section */

/* Begin PBXNativeTarget section */
		75C735AF1846E0260055F8C3 /* Nostalgia */ = {
			isa = PBXNativeTarget;
			buildConfigurationList = 75C735E21846E0270055F8C3 /* Build configuration list for PBXNativeTarget "Nostalgia" */;
			buildPhases = (
				0A680BC1065C470ABB8C0D9C /* Check Pods Manifest.lock */,
				75C735AC1846E0260055F8C3 /* Sources */,
				75C735AD1846E0260055F8C3 /* Frameworks */,
				75C735AE1846E0260055F8C3 /* Resources */,
				BA2C48A2B27143A98011575A /* Copy Pods Resources */,
			);
			buildRules = (
			);
			dependencies = (
			);
			name = Nostalgia;
			productName = Nostalgia;
			productReference = 75C735B01846E0260055F8C3 /* Nostalgia.app */;
			productType = "com.apple.product-type.application";
		};
		75C735D01846E0270055F8C3 /* NostalgiaTests */ = {
			isa = PBXNativeTarget;
			buildConfigurationList = 75C735E51846E0270055F8C3 /* Build configuration list for PBXNativeTarget "NostalgiaTests" */;
			buildPhases = (
				75C735CD1846E0270055F8C3 /* Sources */,
				75C735CE1846E0270055F8C3 /* Frameworks */,
				75C735CF1846E0270055F8C3 /* Resources */,
			);
			buildRules = (
			);
			dependencies = (
				75C735D71846E0270055F8C3 /* PBXTargetDependency */,
			);
			name = NostalgiaTests;
			productName = NostalgiaTests;
			productReference = 75C735D11846E0270055F8C3 /* NostalgiaTests.xctest */;
			productType = "com.apple.product-type.bundle.unit-test";
		};
/* End PBXNativeTarget section */

/* Begin PBXProject section */
		75C735A81846E0260055F8C3 /* Project object */ = {
			isa = PBXProject;
			attributes = {
				LastUpgradeCheck = 0510;
				ORGANIZATIONNAME = placeholder;
				TargetAttributes = {
					75C735AF1846E0260055F8C3 = {
						DevelopmentTeam = 28UAY82S25;
					};
					75C735D01846E0270055F8C3 = {
						TestTargetID = 75C735AF1846E0260055F8C3;
					};
				};
			};
			buildConfigurationList = 75C735AB1846E0260055F8C3 /* Build configuration list for PBXProject "Nostalgia" */;
			compatibilityVersion = "Xcode 3.2";
			developmentRegion = English;
			hasScannedForEncodings = 0;
			knownRegions = (
				en,
				Base,
			);
			mainGroup = 75C735A71846E0260055F8C3;
			productRefGroup = 75C735B11846E0260055F8C3 /* Products */;
			projectDirPath = "";
			projectRoot = "";
			targets = (
				75C735AF1846E0260055F8C3 /* Nostalgia */,
				75C735D01846E0270055F8C3 /* NostalgiaTests */,
			);
		};
/* End PBXProject section */

/* Begin PBXResourcesBuildPhase section */
		75C735AE1846E0260055F8C3 /* Resources */ = {
			isa = PBXResourcesBuildPhase;
			buildActionMask = 2147483647;
			files = (
				750F139118DF7C990004BA86 /* 70s.png in Resources */,
				750F139A18DF81B50004BA86 /* 769-male-white.png in Resources */,
				75D52A3B18AE47ED008177C3 /* 767-photo-1-white@2x.png in Resources */,
				756DE88318ADC3FF003A8518 /* 724-info-gray@2x.png in Resources */,
				750F13A518DFB8470004BA86 /* 700-info-filled@2x.png in Resources */,
				75FBBE3518AAE11E00914A98 /* Localizable.strings in Resources */,
				75C735CC1846E0260055F8C3 /* Images.xcassets in Resources */,
				758AB1A618B430C800E5CBF3 /* 748-heart-white.png in Resources */,
				750F139B18DF81B50004BA86 /* 769-male-white@2x.png in Resources */,
				750F139318DF7C990004BA86 /* 80s.png in Resources */,
				750F138318DF64D90004BA86 /* info.html in Resources */,
				758AB1A718B430C800E5CBF3 /* 748-heart-white@2x.png in Resources */,
				758FF25C18E8B772008C010D /* 726-star-filled-gray.png in Resources */,
				758FF26018E8BC46008C010D /* 726-star-filled-white.png in Resources */,
				758FF26118E8BC46008C010D /* 726-star-filled-white@2x.png in Resources */,
				756F510318B16B8C0068C7AC /* 798-filter-gray.png in Resources */,
				756F510818B16BAF0068C7AC /* 798-filter-white@2x.png in Resources */,
				750A55AD18B6BE1800E3BFA6 /* 726-star-white@2x.png in Resources */,
				75D52A3618AE4755008177C3 /* 767-photo-1-gray.png in Resources */,
				750F13A418DFB8470004BA86 /* 700-info-filled.png in Resources */,
				750F139618DF813E0004BA86 /* 769-male-gray.png in Resources */,
				75D52A3718AE4755008177C3 /* 767-photo-1-gray@2x.png in Resources */,
				756DE88218ADC3FF003A8518 /* 724-info-gray.png in Resources */,
				756F510418B16B8C0068C7AC /* 798-filter-gray@2x.png in Resources */,
				758AB1AA18B430F100E5CBF3 /* 748-heart-gray.png in Resources */,
				75DC3D9618B9B1B9000A4778 /* SignUpCell.xib in Resources */,
				758CDBBB18BC0D8D005FD9E7 /* HeaderView.xib in Resources */,
				7587C44E18AEA0A7000721C3 /* 702-share-white.png in Resources */,
				7587C44718AE6B2B000721C3 /* ExampleThumbnail.jpg in Resources */,
				75D52A3A18AE47ED008177C3 /* 767-photo-1-white.png in Resources */,
				750A55A918B6BDFE00E3BFA6 /* 726-star-gray@2x.png in Resources */,
				7587C44A18AEA093000721C3 /* 702-share-gray.png in Resources */,
				758FF25D18E8B772008C010D /* 726-star-filled-gray@2x.png in Resources */,
				758AB1AB18B430F100E5CBF3 /* 748-heart-gray@2x.png in Resources */,
				756DE87F18ADC3E3003A8518 /* 724-info-white@2x.png in Resources */,
				750F138118DF53CA0004BA86 /* 729-top-list-white@2x.png in Resources */,
				7587C44B18AEA093000721C3 /* 702-share-gray@2x.png in Resources */,
				750F138F18DF7C990004BA86 /* 90s.png in Resources */,
				750F13A318DFB8470004BA86 /* 700-heart-filled@2x.png in Resources */,
				750F138E18DF7C990004BA86 /* 80s@2x.png in Resources */,
				75C735BE1846E0260055F8C3 /* InfoPlist.strings in Resources */,
				750F13A218DFB8470004BA86 /* 700-heart-filled.png in Resources */,
				75B729881882DBB900D0A695 /* MusicRanked.json in Resources */,
				75C735C71846E0260055F8C3 /* Main.storyboard in Resources */,
				7587C44F18AEA0A7000721C3 /* 702-share-white@2x.png in Resources */,
				750F139218DF7C990004BA86 /* 70s@2x.png in Resources */,
				756DE87E18ADC3E3003A8518 /* 724-info-white.png in Resources */,
				750F139718DF813E0004BA86 /* 769-male-gray@2x.png in Resources */,
				750F138018DF53CA0004BA86 /* 729-top-list-white.png in Resources */,
				758CDBB418BBEBC0005FD9E7 /* SongCell.xib in Resources */,
				758CDBB618BBEBD6005FD9E7 /* MovieCell.xib in Resources */,
				750A55A818B6BDFE00E3BFA6 /* 726-star-gray.png in Resources */,
				75DC3D9818B9B1C6000A4778 /* TextFieldCell.xib in Resources */,
				756F510718B16BAF0068C7AC /* 798-filter-white.png in Resources */,
				750F139018DF7C990004BA86 /* 90s@2x.png in Resources */,
				756DE87B18ADB3BB003A8518 /* SongAttributeCell.xib in Resources */,
				750A55AC18B6BE1800E3BFA6 /* 726-star-white.png in Resources */,
			);
			runOnlyForDeploymentPostprocessing = 0;
		};
		75C735CF1846E0270055F8C3 /* Resources */ = {
			isa = PBXResourcesBuildPhase;
			buildActionMask = 2147483647;
			files = (
				75C735DD1846E0270055F8C3 /* InfoPlist.strings in Resources */,
			);
			runOnlyForDeploymentPostprocessing = 0;
		};
/* End PBXResourcesBuildPhase section */

/* Begin PBXShellScriptBuildPhase section */
		0A680BC1065C470ABB8C0D9C /* Check Pods Manifest.lock */ = {
			isa = PBXShellScriptBuildPhase;
			buildActionMask = 2147483647;
			files = (
			);
			inputPaths = (
			);
			name = "Check Pods Manifest.lock";
			outputPaths = (
			);
			runOnlyForDeploymentPostprocessing = 0;
			shellPath = /bin/sh;
			shellScript = "diff \"${PODS_ROOT}/../Podfile.lock\" \"${PODS_ROOT}/Manifest.lock\" > /dev/null\nif [[ $? != 0 ]] ; then\n    cat << EOM\nerror: The sandbox is not in sync with the Podfile.lock. Run 'pod install' or update your CocoaPods installation.\nEOM\n    exit 1\nfi\n";
			showEnvVarsInLog = 0;
		};
		BA2C48A2B27143A98011575A /* Copy Pods Resources */ = {
			isa = PBXShellScriptBuildPhase;
			buildActionMask = 2147483647;
			files = (
			);
			inputPaths = (
			);
			name = "Copy Pods Resources";
			outputPaths = (
			);
			runOnlyForDeploymentPostprocessing = 0;
			shellPath = /bin/sh;
			shellScript = "\"${SRCROOT}/Pods/Pods-Nostalgia-resources.sh\"\n";
			showEnvVarsInLog = 0;
		};
/* End PBXShellScriptBuildPhase section */

/* Begin PBXSourcesBuildPhase section */
		75C735AC1846E0260055F8C3 /* Sources */ = {
			isa = PBXSourcesBuildPhase;
			buildActionMask = 2147483647;
			files = (
				754BD99A18BBA2B20057EC38 /* Song.m in Sources */,
				754BD9AC18BBA84C0057EC38 /* Movie.m in Sources */,
				75B729861882D81B00D0A695 /* Song+Networking.m in Sources */,
				7519BA49188252900010D874 /* TimeMachineTVC.m in Sources */,
				756F50DC18AEA70B0068C7AC /* FilterTVC.m in Sources */,
				75CA87A81882499D007A9F06 /* SignUpTVC.m in Sources */,
				750065BB1895B26600778029 /* ResultsCVC.m in Sources */,
				758CDBBE18BC1978005FD9E7 /* HeaderView.m in Sources */,
				75B0EB8A18AB154800673236 /* MediaDetailVC.m in Sources */,
				75B7298B1882DFF200D0A695 /* Constants.m in Sources */,
				754BD9A618BBA5460057EC38 /* Media+Keys.m in Sources */,
				75CA879C18821D24007A9F06 /* Nostalgia.xcdatamodeld in Sources */,
				750065BE1895B3CC00778029 /* SongCell.m in Sources */,
				75CA87AB18824A39007A9F06 /* TextFieldCell.m in Sources */,
				75270AC0187CCBB700B49643 /* DataLoader.m in Sources */,
				75B7298F1883920900D0A695 /* DatePickerTVC.m in Sources */,
				75D4596218B1EBAF00E5144E /* Movie+Networking.m in Sources */,
				75C735CA1846E0260055F8C3 /* PickerVC.m in Sources */,
				754BD99D18BBA2B30057EC38 /* Thumbnail.m in Sources */,
				750A55A218B6B2D900E3BFA6 /* FavoritesCVC.m in Sources */,
				75C735C41846E0260055F8C3 /* AppDelegate.m in Sources */,
				75DC3D9418B9899B000A4778 /* InfoTVC.m in Sources */,
				756A482318EB56EA007B2F97 /* Media.m in Sources */,
				75C735C01846E0260055F8C3 /* main.m in Sources */,
				758CDBB918BBEBE8005FD9E7 /* MovieCell.m in Sources */,
				750A55B118B6C4EE00E3BFA6 /* SongAttributeCell.m in Sources */,
				7519BA4F18825BCD0010D874 /* SignUpCell.m in Sources */,
				750065B81895ADEC00778029 /* TimeMachineCell.m in Sources */,
			);
			runOnlyForDeploymentPostprocessing = 0;
		};
		75C735CD1846E0270055F8C3 /* Sources */ = {
			isa = PBXSourcesBuildPhase;
			buildActionMask = 2147483647;
			files = (
				75C735DF1846E0270055F8C3 /* NostalgiaTests.m in Sources */,
			);
			runOnlyForDeploymentPostprocessing = 0;
		};
/* End PBXSourcesBuildPhase section */

/* Begin PBXTargetDependency section */
		75C735D71846E0270055F8C3 /* PBXTargetDependency */ = {
			isa = PBXTargetDependency;
			target = 75C735AF1846E0260055F8C3 /* Nostalgia */;
			targetProxy = 75C735D61846E0270055F8C3 /* PBXContainerItemProxy */;
		};
/* End PBXTargetDependency section */

/* Begin PBXVariantGroup section */
		75C735BC1846E0260055F8C3 /* InfoPlist.strings */ = {
			isa = PBXVariantGroup;
			children = (
				75C735BD1846E0260055F8C3 /* en */,
			);
			name = InfoPlist.strings;
			sourceTree = "<group>";
		};
		75C735C51846E0260055F8C3 /* Main.storyboard */ = {
			isa = PBXVariantGroup;
			children = (
				75C735C61846E0260055F8C3 /* Base */,
			);
			name = Main.storyboard;
			sourceTree = "<group>";
		};
		75C735DB1846E0270055F8C3 /* InfoPlist.strings */ = {
			isa = PBXVariantGroup;
			children = (
				75C735DC1846E0270055F8C3 /* en */,
			);
			name = InfoPlist.strings;
			sourceTree = "<group>";
		};
		75FBBE3318AAE11E00914A98 /* Localizable.strings */ = {
			isa = PBXVariantGroup;
			children = (
				75FBBE3418AAE11E00914A98 /* en */,
			);
			name = Localizable.strings;
			sourceTree = "<group>";
		};
/* End PBXVariantGroup section */

/* Begin XCBuildConfiguration section */
		75C735E01846E0270055F8C3 /* Debug */ = {
			isa = XCBuildConfiguration;
			buildSettings = {
				ALWAYS_SEARCH_USER_PATHS = NO;
				CLANG_CXX_LANGUAGE_STANDARD = "gnu++0x";
				CLANG_CXX_LIBRARY = "libc++";
				CLANG_ENABLE_MODULES = YES;
				CLANG_ENABLE_OBJC_ARC = YES;
				CLANG_WARN_BOOL_CONVERSION = YES;
				CLANG_WARN_CONSTANT_CONVERSION = YES;
				CLANG_WARN_DIRECT_OBJC_ISA_USAGE = YES_ERROR;
				CLANG_WARN_EMPTY_BODY = YES;
				CLANG_WARN_ENUM_CONVERSION = YES;
				CLANG_WARN_INT_CONVERSION = YES;
				CLANG_WARN_OBJC_ROOT_CLASS = YES_ERROR;
				CLANG_WARN__DUPLICATE_METHOD_MATCH = YES;
				"CODE_SIGN_IDENTITY[sdk=iphoneos*]" = "iPhone Developer";
				COPY_PHASE_STRIP = NO;
				GCC_C_LANGUAGE_STANDARD = gnu99;
				GCC_DYNAMIC_NO_PIC = NO;
				GCC_OPTIMIZATION_LEVEL = 0;
				GCC_PREPROCESSOR_DEFINITIONS = (
					"DEBUG=1",
					"$(inherited)",
				);
				GCC_SYMBOLS_PRIVATE_EXTERN = NO;
				GCC_WARN_64_TO_32_BIT_CONVERSION = YES;
				GCC_WARN_ABOUT_RETURN_TYPE = YES_ERROR;
				GCC_WARN_UNDECLARED_SELECTOR = YES;
				GCC_WARN_UNINITIALIZED_AUTOS = YES;
				GCC_WARN_UNUSED_FUNCTION = YES;
				GCC_WARN_UNUSED_VARIABLE = YES;
				IPHONEOS_DEPLOYMENT_TARGET = 7.0;
				ONLY_ACTIVE_ARCH = YES;
				SDKROOT = iphoneos;
			};
			name = Debug;
		};
		75C735E11846E0270055F8C3 /* Release */ = {
			isa = XCBuildConfiguration;
			buildSettings = {
				ALWAYS_SEARCH_USER_PATHS = NO;
				CLANG_CXX_LANGUAGE_STANDARD = "gnu++0x";
				CLANG_CXX_LIBRARY = "libc++";
				CLANG_ENABLE_MODULES = YES;
				CLANG_ENABLE_OBJC_ARC = YES;
				CLANG_WARN_BOOL_CONVERSION = YES;
				CLANG_WARN_CONSTANT_CONVERSION = YES;
				CLANG_WARN_DIRECT_OBJC_ISA_USAGE = YES_ERROR;
				CLANG_WARN_EMPTY_BODY = YES;
				CLANG_WARN_ENUM_CONVERSION = YES;
				CLANG_WARN_INT_CONVERSION = YES;
				CLANG_WARN_OBJC_ROOT_CLASS = YES_ERROR;
				CLANG_WARN__DUPLICATE_METHOD_MATCH = YES;
				"CODE_SIGN_IDENTITY[sdk=iphoneos*]" = "iPhone Developer";
				COPY_PHASE_STRIP = YES;
				ENABLE_NS_ASSERTIONS = NO;
				GCC_C_LANGUAGE_STANDARD = gnu99;
				GCC_WARN_64_TO_32_BIT_CONVERSION = YES;
				GCC_WARN_ABOUT_RETURN_TYPE = YES_ERROR;
				GCC_WARN_UNDECLARED_SELECTOR = YES;
				GCC_WARN_UNINITIALIZED_AUTOS = YES;
				GCC_WARN_UNUSED_FUNCTION = YES;
				GCC_WARN_UNUSED_VARIABLE = YES;
				IPHONEOS_DEPLOYMENT_TARGET = 7.0;
				SDKROOT = iphoneos;
				VALIDATE_PRODUCT = YES;
			};
			name = Release;
		};
		75C735E31846E0270055F8C3 /* Debug */ = {
			isa = XCBuildConfiguration;
			baseConfigurationReference = 03196A2CFEB8495180B11472 /* Pods-Nostalgia.xcconfig */;
			buildSettings = {
				ASSETCATALOG_COMPILER_APPICON_NAME = AppIcon;
				ASSETCATALOG_COMPILER_LAUNCHIMAGE_NAME = LaunchImage;
				CODE_SIGN_IDENTITY = "iPhone Developer";
				"CODE_SIGN_IDENTITY[sdk=iphoneos*]" = "iPhone Developer";
				GCC_PRECOMPILE_PREFIX_HEADER = YES;
				GCC_PREFIX_HEADER = "Nostalgia/Nostalgia-Prefix.pch";
				INFOPLIST_FILE = "Nostalgia/Nostalgia-Info.plist";
				PRODUCT_NAME = "$(TARGET_NAME)";
				PROVISIONING_PROFILE = "3CD5221E-9104-4968-814D-BAC15A802DE4";
				WRAPPER_EXTENSION = app;
			};
			name = Debug;
		};
		75C735E41846E0270055F8C3 /* Release */ = {
			isa = XCBuildConfiguration;
			baseConfigurationReference = 03196A2CFEB8495180B11472 /* Pods-Nostalgia.xcconfig */;
			buildSettings = {
				ASSETCATALOG_COMPILER_APPICON_NAME = AppIcon;
				ASSETCATALOG_COMPILER_LAUNCHIMAGE_NAME = LaunchImage;
				CODE_SIGN_IDENTITY = "iPhone Developer";
				"CODE_SIGN_IDENTITY[sdk=iphoneos*]" = "iPhone Distribution: Walter Vargas-Pena (28UAY82S25)";
				GCC_PRECOMPILE_PREFIX_HEADER = YES;
				GCC_PREFIX_HEADER = "Nostalgia/Nostalgia-Prefix.pch";
				INFOPLIST_FILE = "Nostalgia/Nostalgia-Info.plist";
				PRODUCT_NAME = "$(TARGET_NAME)";
				PROVISIONING_PROFILE = "5BEB627F-B0F1-4F17-B89D-B40AEABD9B5C";
				WRAPPER_EXTENSION = app;
			};
			name = Release;
		};
		75C735E61846E0270055F8C3 /* Debug */ = {
			isa = XCBuildConfiguration;
			buildSettings = {
				BUNDLE_LOADER = "$(BUILT_PRODUCTS_DIR)/Nostalgia.app/Nostalgia";
				FRAMEWORK_SEARCH_PATHS = (
					"$(SDKROOT)/Developer/Library/Frameworks",
					"$(inherited)",
					"$(DEVELOPER_FRAMEWORKS_DIR)",
				);
				GCC_PRECOMPILE_PREFIX_HEADER = YES;
				GCC_PREFIX_HEADER = "Nostalgia/Nostalgia-Prefix.pch";
				GCC_PREPROCESSOR_DEFINITIONS = (
					"DEBUG=1",
					"$(inherited)",
				);
				INFOPLIST_FILE = "NostalgiaTests/NostalgiaTests-Info.plist";
				PRODUCT_NAME = "$(TARGET_NAME)";
				TEST_HOST = "$(BUNDLE_LOADER)";
				WRAPPER_EXTENSION = xctest;
			};
			name = Debug;
		};
		75C735E71846E0270055F8C3 /* Release */ = {
			isa = XCBuildConfiguration;
			buildSettings = {
				BUNDLE_LOADER = "$(BUILT_PRODUCTS_DIR)/Nostalgia.app/Nostalgia";
				FRAMEWORK_SEARCH_PATHS = (
					"$(SDKROOT)/Developer/Library/Frameworks",
					"$(inherited)",
					"$(DEVELOPER_FRAMEWORKS_DIR)",
				);
				GCC_PRECOMPILE_PREFIX_HEADER = YES;
				GCC_PREFIX_HEADER = "Nostalgia/Nostalgia-Prefix.pch";
				INFOPLIST_FILE = "NostalgiaTests/NostalgiaTests-Info.plist";
				PRODUCT_NAME = "$(TARGET_NAME)";
				TEST_HOST = "$(BUNDLE_LOADER)";
				WRAPPER_EXTENSION = xctest;
			};
			name = Release;
		};
/* End XCBuildConfiguration section */

/* Begin XCConfigurationList section */
		75C735AB1846E0260055F8C3 /* Build configuration list for PBXProject "Nostalgia" */ = {
			isa = XCConfigurationList;
			buildConfigurations = (
				75C735E01846E0270055F8C3 /* Debug */,
				75C735E11846E0270055F8C3 /* Release */,
			);
			defaultConfigurationIsVisible = 0;
			defaultConfigurationName = Release;
		};
		75C735E21846E0270055F8C3 /* Build configuration list for PBXNativeTarget "Nostalgia" */ = {
			isa = XCConfigurationList;
			buildConfigurations = (
				75C735E31846E0270055F8C3 /* Debug */,
				75C735E41846E0270055F8C3 /* Release */,
			);
			defaultConfigurationIsVisible = 0;
			defaultConfigurationName = Release;
		};
		75C735E51846E0270055F8C3 /* Build configuration list for PBXNativeTarget "NostalgiaTests" */ = {
			isa = XCConfigurationList;
			buildConfigurations = (
				75C735E61846E0270055F8C3 /* Debug */,
				75C735E71846E0270055F8C3 /* Release */,
			);
			defaultConfigurationIsVisible = 0;
			defaultConfigurationName = Release;
		};
/* End XCConfigurationList section */

/* Begin XCVersionGroup section */
		75CA879A18821D24007A9F06 /* Nostalgia.xcdatamodeld */ = {
			isa = XCVersionGroup;
			children = (
				75CA879B18821D24007A9F06 /* Nostalgia.xcdatamodel */,
			);
			currentVersion = 75CA879B18821D24007A9F06 /* Nostalgia.xcdatamodel */;
			path = Nostalgia.xcdatamodeld;
			sourceTree = "<group>";
			versionGroupType = wrapper.xcdatamodel;
		};
/* End XCVersionGroup section */
	};
	rootObject = 75C735A81846E0260055F8C3 /* Project object */;
}
