<?xml version="1.0" encoding="UTF-8"?>
<!DOCTYPE plist PUBLIC "-//Apple//DTD PLIST 1.0//EN" "http://www.apple.com/DTDs/PropertyList-1.0.dtd">
<plist version="1.0">
<dict>
	<key>archiveVersion</key>
	<string>1</string>
	<key>classes</key>
	<dict/>
	<key>objectVersion</key>
	<string>46</string>
	<key>objects</key>
	<dict>
		<key>03196A2CFEB8495180B11472</key>
		<dict>
			<key>includeInIndex</key>
			<string>1</string>
			<key>isa</key>
			<string>PBXFileReference</string>
			<key>lastKnownFileType</key>
			<string>text.xcconfig</string>
			<key>name</key>
			<string>Pods-Nostalgia.xcconfig</string>
			<key>path</key>
			<string>Pods/Pods-Nostalgia.xcconfig</string>
			<key>sourceTree</key>
			<string>&lt;group&gt;</string>
		</dict>
		<key>0A680BC1065C470ABB8C0D9C</key>
		<dict>
			<key>buildActionMask</key>
			<string>2147483647</string>
			<key>files</key>
			<array/>
			<key>inputPaths</key>
			<array/>
			<key>isa</key>
			<string>PBXShellScriptBuildPhase</string>
			<key>name</key>
			<string>Check Pods Manifest.lock</string>
			<key>outputPaths</key>
			<array/>
			<key>runOnlyForDeploymentPostprocessing</key>
			<string>0</string>
			<key>shellPath</key>
			<string>/bin/sh</string>
			<key>shellScript</key>
			<string>diff "${PODS_ROOT}/../Podfile.lock" "${PODS_ROOT}/Manifest.lock" &gt; /dev/null
if [[ $? != 0 ]] ; then
    cat &lt;&lt; EOM
error: The sandbox is not in sync with the Podfile.lock. Run 'pod install' or update your CocoaPods installation.
EOM
    exit 1
fi
</string>
			<key>showEnvVarsInLog</key>
			<string>0</string>
		</dict>
		<key>750065B91895B26600778029</key>
		<dict>
			<key>fileEncoding</key>
			<string>4</string>
			<key>isa</key>
			<string>PBXFileReference</string>
			<key>lastKnownFileType</key>
			<string>sourcecode.c.h</string>
			<key>path</key>
			<string>ResultsCVC.h</string>
			<key>sourceTree</key>
			<string>&lt;group&gt;</string>
		</dict>
		<key>750065BA1895B26600778029</key>
		<dict>
			<key>fileEncoding</key>
			<string>4</string>
			<key>isa</key>
			<string>PBXFileReference</string>
			<key>lastKnownFileType</key>
			<string>sourcecode.c.objc</string>
			<key>path</key>
			<string>ResultsCVC.m</string>
			<key>sourceTree</key>
			<string>&lt;group&gt;</string>
		</dict>
		<key>750065BB1895B26600778029</key>
		<dict>
			<key>fileRef</key>
			<string>750065BA1895B26600778029</string>
			<key>isa</key>
			<string>PBXBuildFile</string>
		</dict>
		<key>750065BC1895B3CC00778029</key>
		<dict>
			<key>fileEncoding</key>
			<string>4</string>
			<key>isa</key>
			<string>PBXFileReference</string>
			<key>lastKnownFileType</key>
			<string>sourcecode.c.h</string>
			<key>path</key>
			<string>SongCell.h</string>
			<key>sourceTree</key>
			<string>&lt;group&gt;</string>
		</dict>
		<key>750065BD1895B3CC00778029</key>
		<dict>
			<key>fileEncoding</key>
			<string>4</string>
			<key>isa</key>
			<string>PBXFileReference</string>
			<key>lastKnownFileType</key>
			<string>sourcecode.c.objc</string>
			<key>path</key>
			<string>SongCell.m</string>
			<key>sourceTree</key>
			<string>&lt;group&gt;</string>
		</dict>
		<key>750065BE1895B3CC00778029</key>
		<dict>
			<key>fileRef</key>
			<string>750065BD1895B3CC00778029</string>
			<key>isa</key>
			<string>PBXBuildFile</string>
		</dict>
		<key>750A55A018B6B2D900E3BFA6</key>
		<dict>
			<key>fileEncoding</key>
			<string>4</string>
			<key>isa</key>
			<string>PBXFileReference</string>
			<key>lastKnownFileType</key>
			<string>sourcecode.c.h</string>
			<key>path</key>
			<string>FavoritesCVC.h</string>
			<key>sourceTree</key>
			<string>&lt;group&gt;</string>
		</dict>
		<key>750A55A118B6B2D900E3BFA6</key>
		<dict>
			<key>fileEncoding</key>
			<string>4</string>
			<key>isa</key>
			<string>PBXFileReference</string>
			<key>lastKnownFileType</key>
			<string>sourcecode.c.objc</string>
			<key>path</key>
			<string>FavoritesCVC.m</string>
			<key>sourceTree</key>
			<string>&lt;group&gt;</string>
		</dict>
		<key>750A55A218B6B2D900E3BFA6</key>
		<dict>
			<key>fileRef</key>
			<string>750A55A118B6B2D900E3BFA6</string>
			<key>isa</key>
			<string>PBXBuildFile</string>
		</dict>
		<key>750A55A618B6BDFE00E3BFA6</key>
		<dict>
			<key>isa</key>
			<string>PBXFileReference</string>
			<key>lastKnownFileType</key>
			<string>image.png</string>
			<key>path</key>
			<string>726-star-gray.png</string>
			<key>sourceTree</key>
			<string>&lt;group&gt;</string>
		</dict>
		<key>750A55A718B6BDFE00E3BFA6</key>
		<dict>
			<key>isa</key>
			<string>PBXFileReference</string>
			<key>lastKnownFileType</key>
			<string>image.png</string>
			<key>path</key>
			<string>726-star-gray@2x.png</string>
			<key>sourceTree</key>
			<string>&lt;group&gt;</string>
		</dict>
		<key>750A55A818B6BDFE00E3BFA6</key>
		<dict>
			<key>fileRef</key>
			<string>750A55A618B6BDFE00E3BFA6</string>
			<key>isa</key>
			<string>PBXBuildFile</string>
		</dict>
		<key>750A55A918B6BDFE00E3BFA6</key>
		<dict>
			<key>fileRef</key>
			<string>750A55A718B6BDFE00E3BFA6</string>
			<key>isa</key>
			<string>PBXBuildFile</string>
		</dict>
		<key>750A55AA18B6BE1800E3BFA6</key>
		<dict>
			<key>isa</key>
			<string>PBXFileReference</string>
			<key>lastKnownFileType</key>
			<string>image.png</string>
			<key>path</key>
			<string>726-star-white.png</string>
			<key>sourceTree</key>
			<string>&lt;group&gt;</string>
		</dict>
		<key>750A55AB18B6BE1800E3BFA6</key>
		<dict>
			<key>isa</key>
			<string>PBXFileReference</string>
			<key>lastKnownFileType</key>
			<string>image.png</string>
			<key>path</key>
			<string>726-star-white@2x.png</string>
			<key>sourceTree</key>
			<string>&lt;group&gt;</string>
		</dict>
		<key>750A55AC18B6BE1800E3BFA6</key>
		<dict>
			<key>fileRef</key>
			<string>750A55AA18B6BE1800E3BFA6</string>
			<key>isa</key>
			<string>PBXBuildFile</string>
		</dict>
		<key>750A55AD18B6BE1800E3BFA6</key>
		<dict>
			<key>fileRef</key>
			<string>750A55AB18B6BE1800E3BFA6</string>
			<key>isa</key>
			<string>PBXBuildFile</string>
		</dict>
		<key>750A55AE18B6C49600E3BFA6</key>
		<dict>
			<key>children</key>
			<array>
				<string>758FF25518E8A84A008C010D</string>
				<string>750065B91895B26600778029</string>
				<string>750065BA1895B26600778029</string>
				<string>756F50DA18AEA70B0068C7AC</string>
				<string>756F50DB18AEA70B0068C7AC</string>
			</array>
			<key>isa</key>
			<string>PBXGroup</string>
			<key>name</key>
			<string>Results</string>
			<key>sourceTree</key>
			<string>&lt;group&gt;</string>
		</dict>
		<key>750A55AF18B6C4EE00E3BFA6</key>
		<dict>
			<key>fileEncoding</key>
			<string>4</string>
			<key>isa</key>
			<string>PBXFileReference</string>
			<key>lastKnownFileType</key>
			<string>sourcecode.c.h</string>
			<key>path</key>
			<string>SongAttributeCell.h</string>
			<key>sourceTree</key>
			<string>&lt;group&gt;</string>
		</dict>
		<key>750A55B018B6C4EE00E3BFA6</key>
		<dict>
			<key>fileEncoding</key>
			<string>4</string>
			<key>isa</key>
			<string>PBXFileReference</string>
			<key>lastKnownFileType</key>
			<string>sourcecode.c.objc</string>
			<key>path</key>
			<string>SongAttributeCell.m</string>
			<key>sourceTree</key>
			<string>&lt;group&gt;</string>
		</dict>
		<key>750A55B118B6C4EE00E3BFA6</key>
		<dict>
			<key>fileRef</key>
			<string>750A55B018B6C4EE00E3BFA6</string>
			<key>isa</key>
			<string>PBXBuildFile</string>
		</dict>
		<key>750F137E18DF53CA0004BA86</key>
		<dict>
			<key>isa</key>
			<string>PBXFileReference</string>
			<key>lastKnownFileType</key>
			<string>image.png</string>
			<key>path</key>
			<string>729-top-list-white.png</string>
			<key>sourceTree</key>
			<string>&lt;group&gt;</string>
		</dict>
		<key>750F137F18DF53CA0004BA86</key>
		<dict>
			<key>isa</key>
			<string>PBXFileReference</string>
			<key>lastKnownFileType</key>
			<string>image.png</string>
			<key>path</key>
			<string>729-top-list-white@2x.png</string>
			<key>sourceTree</key>
			<string>&lt;group&gt;</string>
		</dict>
		<key>750F138018DF53CA0004BA86</key>
		<dict>
			<key>fileRef</key>
			<string>750F137E18DF53CA0004BA86</string>
			<key>isa</key>
			<string>PBXBuildFile</string>
		</dict>
		<key>750F138118DF53CA0004BA86</key>
		<dict>
			<key>fileRef</key>
			<string>750F137F18DF53CA0004BA86</string>
			<key>isa</key>
			<string>PBXBuildFile</string>
		</dict>
		<key>750F138218DF64D90004BA86</key>
		<dict>
			<key>fileEncoding</key>
			<string>4</string>
			<key>isa</key>
			<string>PBXFileReference</string>
			<key>lastKnownFileType</key>
			<string>text.html</string>
			<key>path</key>
			<string>info.html</string>
			<key>sourceTree</key>
			<string>&lt;group&gt;</string>
		</dict>
		<key>750F138318DF64D90004BA86</key>
		<dict>
			<key>fileRef</key>
			<string>750F138218DF64D90004BA86</string>
			<key>isa</key>
			<string>PBXBuildFile</string>
		</dict>
		<key>750F139418DF813E0004BA86</key>
		<dict>
			<key>isa</key>
			<string>PBXFileReference</string>
			<key>lastKnownFileType</key>
			<string>image.png</string>
			<key>path</key>
			<string>769-male-gray.png</string>
			<key>sourceTree</key>
			<string>&lt;group&gt;</string>
		</dict>
		<key>750F139518DF813E0004BA86</key>
		<dict>
			<key>isa</key>
			<string>PBXFileReference</string>
			<key>lastKnownFileType</key>
			<string>image.png</string>
			<key>path</key>
			<string>769-male-gray@2x.png</string>
			<key>sourceTree</key>
			<string>&lt;group&gt;</string>
		</dict>
		<key>750F139618DF813E0004BA86</key>
		<dict>
			<key>fileRef</key>
			<string>750F139418DF813E0004BA86</string>
			<key>isa</key>
			<string>PBXBuildFile</string>
		</dict>
		<key>750F139718DF813E0004BA86</key>
		<dict>
			<key>fileRef</key>
			<string>750F139518DF813E0004BA86</string>
			<key>isa</key>
			<string>PBXBuildFile</string>
		</dict>
		<key>750F139818DF81B50004BA86</key>
		<dict>
			<key>isa</key>
			<string>PBXFileReference</string>
			<key>lastKnownFileType</key>
			<string>image.png</string>
			<key>path</key>
			<string>769-male-white.png</string>
			<key>sourceTree</key>
			<string>&lt;group&gt;</string>
		</dict>
		<key>750F139918DF81B50004BA86</key>
		<dict>
			<key>isa</key>
			<string>PBXFileReference</string>
			<key>lastKnownFileType</key>
			<string>image.png</string>
			<key>path</key>
			<string>769-male-white@2x.png</string>
			<key>sourceTree</key>
			<string>&lt;group&gt;</string>
		</dict>
		<key>750F139A18DF81B50004BA86</key>
		<dict>
			<key>fileRef</key>
			<string>750F139818DF81B50004BA86</string>
			<key>isa</key>
			<string>PBXBuildFile</string>
		</dict>
		<key>750F139B18DF81B50004BA86</key>
		<dict>
			<key>fileRef</key>
			<string>750F139918DF81B50004BA86</string>
			<key>isa</key>
			<string>PBXBuildFile</string>
		</dict>
		<key>750F139C18DFB8470004BA86</key>
		<dict>
			<key>isa</key>
			<string>PBXFileReference</string>
			<key>lastKnownFileType</key>
			<string>image.png</string>
			<key>path</key>
			<string>700-heart-filled.png</string>
			<key>sourceTree</key>
			<string>&lt;group&gt;</string>
		</dict>
		<key>750F139D18DFB8470004BA86</key>
		<dict>
			<key>isa</key>
			<string>PBXFileReference</string>
			<key>lastKnownFileType</key>
			<string>image.png</string>
			<key>path</key>
			<string>700-heart-filled@2x.png</string>
			<key>sourceTree</key>
			<string>&lt;group&gt;</string>
		</dict>
		<key>750F139E18DFB8470004BA86</key>
		<dict>
			<key>isa</key>
			<string>PBXFileReference</string>
			<key>lastKnownFileType</key>
			<string>image.png</string>
			<key>path</key>
			<string>700-info-filled.png</string>
			<key>sourceTree</key>
			<string>&lt;group&gt;</string>
		</dict>
		<key>750F139F18DFB8470004BA86</key>
		<dict>
			<key>isa</key>
			<string>PBXFileReference</string>
			<key>lastKnownFileType</key>
			<string>image.png</string>
			<key>path</key>
			<string>700-info-filled@2x.png</string>
			<key>sourceTree</key>
			<string>&lt;group&gt;</string>
		</dict>
		<key>750F13A218DFB8470004BA86</key>
		<dict>
			<key>fileRef</key>
			<string>750F139C18DFB8470004BA86</string>
			<key>isa</key>
			<string>PBXBuildFile</string>
		</dict>
		<key>750F13A318DFB8470004BA86</key>
		<dict>
			<key>fileRef</key>
			<string>750F139D18DFB8470004BA86</string>
			<key>isa</key>
			<string>PBXBuildFile</string>
		</dict>
		<key>750F13A418DFB8470004BA86</key>
		<dict>
			<key>fileRef</key>
			<string>750F139E18DFB8470004BA86</string>
			<key>isa</key>
			<string>PBXBuildFile</string>
		</dict>
		<key>750F13A518DFB8470004BA86</key>
		<dict>
			<key>fileRef</key>
			<string>750F139F18DFB8470004BA86</string>
			<key>isa</key>
			<string>PBXBuildFile</string>
		</dict>
		<key>7519BA4D18825BCD0010D874</key>
		<dict>
			<key>fileEncoding</key>
			<string>4</string>
			<key>isa</key>
			<string>PBXFileReference</string>
			<key>lastKnownFileType</key>
			<string>sourcecode.c.h</string>
			<key>path</key>
			<string>SignUpCell.h</string>
			<key>sourceTree</key>
			<string>&lt;group&gt;</string>
		</dict>
		<key>7519BA4E18825BCD0010D874</key>
		<dict>
			<key>fileEncoding</key>
			<string>4</string>
			<key>isa</key>
			<string>PBXFileReference</string>
			<key>lastKnownFileType</key>
			<string>sourcecode.c.objc</string>
			<key>path</key>
			<string>SignUpCell.m</string>
			<key>sourceTree</key>
			<string>&lt;group&gt;</string>
		</dict>
		<key>7519BA4F18825BCD0010D874</key>
		<dict>
			<key>fileRef</key>
			<string>7519BA4E18825BCD0010D874</string>
			<key>isa</key>
			<string>PBXBuildFile</string>
		</dict>
		<key>7519BA50188265970010D874</key>
		<dict>
			<key>children</key>
			<array>
				<string>75CA87A61882499D007A9F06</string>
				<string>75CA87A71882499D007A9F06</string>
				<string>75B7298D1883920900D0A695</string>
				<string>75B7298E1883920900D0A695</string>
				<string>75CA87A918824A39007A9F06</string>
				<string>75CA87AA18824A39007A9F06</string>
				<string>75DC3D9718B9B1C6000A4778</string>
				<string>7519BA4D18825BCD0010D874</string>
				<string>7519BA4E18825BCD0010D874</string>
				<string>75DC3D9518B9B1B9000A4778</string>
			</array>
			<key>isa</key>
			<string>PBXGroup</string>
			<key>name</key>
			<string>Sign Up</string>
			<key>sourceTree</key>
			<string>&lt;group&gt;</string>
		</dict>
		<key>75270ABE187CCBB700B49643</key>
		<dict>
			<key>fileEncoding</key>
			<string>4</string>
			<key>isa</key>
			<string>PBXFileReference</string>
			<key>lastKnownFileType</key>
			<string>sourcecode.c.h</string>
			<key>path</key>
			<string>DataLoader.h</string>
			<key>sourceTree</key>
			<string>&lt;group&gt;</string>
		</dict>
		<key>75270ABF187CCBB700B49643</key>
		<dict>
			<key>fileEncoding</key>
			<string>4</string>
			<key>isa</key>
			<string>PBXFileReference</string>
			<key>lastKnownFileType</key>
			<string>sourcecode.c.objc</string>
			<key>path</key>
			<string>DataLoader.m</string>
			<key>sourceTree</key>
			<string>&lt;group&gt;</string>
		</dict>
		<key>75270AC0187CCBB700B49643</key>
		<dict>
			<key>fileRef</key>
			<string>75270ABF187CCBB700B49643</string>
			<key>isa</key>
			<string>PBXBuildFile</string>
		</dict>
		<key>7535D94719551978001C0362</key>
		<dict>
			<key>isa</key>
			<string>PBXFileReference</string>
			<key>lastKnownFileType</key>
			<string>image.png</string>
			<key>path</key>
			<string>Download_on_the_App_Store_Badge_US-UK_135x40.png</string>
			<key>sourceTree</key>
			<string>&lt;group&gt;</string>
		</dict>
		<key>7535D94819551978001C0362</key>
		<dict>
			<key>fileRef</key>
			<string>7535D94719551978001C0362</string>
			<key>isa</key>
			<string>PBXBuildFile</string>
		</dict>
		<key>7535D9491956AD00001C0362</key>
		<dict>
			<key>fileEncoding</key>
			<string>4</string>
			<key>isa</key>
			<string>PBXFileReference</string>
			<key>lastKnownFileType</key>
			<string>text.html</string>
			<key>path</key>
			<string>Share.html</string>
			<key>sourceTree</key>
			<string>&lt;group&gt;</string>
		</dict>
		<key>7535D94A1956AD00001C0362</key>
		<dict>
			<key>fileRef</key>
			<string>7535D9491956AD00001C0362</string>
			<key>isa</key>
			<string>PBXBuildFile</string>
		</dict>
		<key>7535D94B1956AF17001C0362</key>
		<dict>
			<key>isa</key>
			<string>PBXFileReference</string>
			<key>lastKnownFileType</key>
			<string>image.png</string>
			<key>path</key>
			<string>AppStoreBadge.png</string>
			<key>sourceTree</key>
			<string>&lt;group&gt;</string>
		</dict>
		<key>7535D94C1956AF17001C0362</key>
		<dict>
			<key>isa</key>
			<string>PBXFileReference</string>
			<key>lastKnownFileType</key>
			<string>image.png</string>
			<key>path</key>
			<string>AppStoreBadge@2x.png</string>
			<key>sourceTree</key>
			<string>&lt;group&gt;</string>
		</dict>
		<key>7535D94D1956AF17001C0362</key>
		<dict>
			<key>fileRef</key>
			<string>7535D94B1956AF17001C0362</string>
			<key>isa</key>
			<string>PBXBuildFile</string>
		</dict>
		<key>7535D94E1956AF17001C0362</key>
		<dict>
			<key>fileRef</key>
			<string>7535D94C1956AF17001C0362</string>
			<key>isa</key>
			<string>PBXBuildFile</string>
		</dict>
		<key>754BD99818BBA2B20057EC38</key>
		<dict>
			<key>fileEncoding</key>
			<string>4</string>
			<key>isa</key>
			<string>PBXFileReference</string>
			<key>lastKnownFileType</key>
			<string>sourcecode.c.h</string>
			<key>path</key>
			<string>Song.h</string>
			<key>sourceTree</key>
			<string>&lt;group&gt;</string>
		</dict>
		<key>754BD99918BBA2B20057EC38</key>
		<dict>
			<key>fileEncoding</key>
			<string>4</string>
			<key>isa</key>
			<string>PBXFileReference</string>
			<key>lastKnownFileType</key>
			<string>sourcecode.c.objc</string>
			<key>path</key>
			<string>Song.m</string>
			<key>sourceTree</key>
			<string>&lt;group&gt;</string>
		</dict>
		<key>754BD99A18BBA2B20057EC38</key>
		<dict>
			<key>fileRef</key>
			<string>754BD99918BBA2B20057EC38</string>
			<key>isa</key>
			<string>PBXBuildFile</string>
		</dict>
		<key>754BD99B18BBA2B30057EC38</key>
		<dict>
			<key>fileEncoding</key>
			<string>4</string>
			<key>isa</key>
			<string>PBXFileReference</string>
			<key>lastKnownFileType</key>
			<string>sourcecode.c.h</string>
			<key>path</key>
			<string>Thumbnail.h</string>
			<key>sourceTree</key>
			<string>&lt;group&gt;</string>
		</dict>
		<key>754BD99C18BBA2B30057EC38</key>
		<dict>
			<key>fileEncoding</key>
			<string>4</string>
			<key>isa</key>
			<string>PBXFileReference</string>
			<key>lastKnownFileType</key>
			<string>sourcecode.c.objc</string>
			<key>path</key>
			<string>Thumbnail.m</string>
			<key>sourceTree</key>
			<string>&lt;group&gt;</string>
		</dict>
		<key>754BD99D18BBA2B30057EC38</key>
		<dict>
			<key>fileRef</key>
			<string>754BD99C18BBA2B30057EC38</string>
			<key>isa</key>
			<string>PBXBuildFile</string>
		</dict>
		<key>754BD9A418BBA5460057EC38</key>
		<dict>
			<key>fileEncoding</key>
			<string>4</string>
			<key>isa</key>
			<string>PBXFileReference</string>
			<key>lastKnownFileType</key>
			<string>sourcecode.c.h</string>
			<key>path</key>
			<string>Media+Keys.h</string>
			<key>sourceTree</key>
			<string>&lt;group&gt;</string>
		</dict>
		<key>754BD9A518BBA5460057EC38</key>
		<dict>
			<key>fileEncoding</key>
			<string>4</string>
			<key>isa</key>
			<string>PBXFileReference</string>
			<key>lastKnownFileType</key>
			<string>sourcecode.c.objc</string>
			<key>path</key>
			<string>Media+Keys.m</string>
			<key>sourceTree</key>
			<string>&lt;group&gt;</string>
		</dict>
		<key>754BD9A618BBA5460057EC38</key>
		<dict>
			<key>fileRef</key>
			<string>754BD9A518BBA5460057EC38</string>
			<key>isa</key>
			<string>PBXBuildFile</string>
		</dict>
		<key>754BD9AA18BBA84C0057EC38</key>
		<dict>
			<key>fileEncoding</key>
			<string>4</string>
			<key>isa</key>
			<string>PBXFileReference</string>
			<key>lastKnownFileType</key>
			<string>sourcecode.c.h</string>
			<key>path</key>
			<string>Movie.h</string>
			<key>sourceTree</key>
			<string>&lt;group&gt;</string>
		</dict>
		<key>754BD9AB18BBA84C0057EC38</key>
		<dict>
			<key>fileEncoding</key>
			<string>4</string>
			<key>isa</key>
			<string>PBXFileReference</string>
			<key>lastKnownFileType</key>
			<string>sourcecode.c.objc</string>
			<key>path</key>
			<string>Movie.m</string>
			<key>sourceTree</key>
			<string>&lt;group&gt;</string>
		</dict>
		<key>754BD9AC18BBA84C0057EC38</key>
		<dict>
			<key>fileRef</key>
			<string>754BD9AB18BBA84C0057EC38</string>
			<key>isa</key>
			<string>PBXBuildFile</string>
		</dict>
		<key>7557FDDB191B030700FE9F11</key>
		<dict>
			<key>isa</key>
			<string>PBXFileReference</string>
			<key>lastKnownFileType</key>
			<string>text.plist.strings</string>
			<key>name</key>
			<string>en</string>
			<key>path</key>
			<string>en.lproj/Localizable.strings</string>
			<key>sourceTree</key>
			<string>&lt;group&gt;</string>
		</dict>
		<key>7557FDDC191B042A00FE9F11</key>
		<dict>
			<key>fileEncoding</key>
			<string>4</string>
			<key>isa</key>
			<string>PBXFileReference</string>
			<key>lastKnownFileType</key>
			<string>sourcecode.c.h</string>
			<key>path</key>
			<string>MovieDetailVC.h</string>
			<key>sourceTree</key>
			<string>&lt;group&gt;</string>
		</dict>
		<key>7557FDDD191B042A00FE9F11</key>
		<dict>
			<key>fileEncoding</key>
			<string>4</string>
			<key>isa</key>
			<string>PBXFileReference</string>
			<key>lastKnownFileType</key>
			<string>sourcecode.c.objc</string>
			<key>path</key>
			<string>MovieDetailVC.m</string>
			<key>sourceTree</key>
			<string>&lt;group&gt;</string>
		</dict>
		<key>7557FDDE191B042A00FE9F11</key>
		<dict>
			<key>fileRef</key>
			<string>7557FDDD191B042A00FE9F11</string>
			<key>isa</key>
			<string>PBXBuildFile</string>
		</dict>
		<key>756DE87A18ADB3BB003A8518</key>
		<dict>
			<key>fileEncoding</key>
			<string>4</string>
			<key>isa</key>
			<string>PBXFileReference</string>
			<key>lastKnownFileType</key>
			<string>file.xib</string>
			<key>path</key>
			<string>SongAttributeCell.xib</string>
			<key>sourceTree</key>
			<string>&lt;group&gt;</string>
		</dict>
		<key>756DE87B18ADB3BB003A8518</key>
		<dict>
			<key>fileRef</key>
			<string>756DE87A18ADB3BB003A8518</string>
			<key>isa</key>
			<string>PBXBuildFile</string>
		</dict>
		<key>756DE87C18ADC3E3003A8518</key>
		<dict>
			<key>isa</key>
			<string>PBXFileReference</string>
			<key>lastKnownFileType</key>
			<string>image.png</string>
			<key>path</key>
			<string>724-info-white.png</string>
			<key>sourceTree</key>
			<string>&lt;group&gt;</string>
		</dict>
		<key>756DE87D18ADC3E3003A8518</key>
		<dict>
			<key>isa</key>
			<string>PBXFileReference</string>
			<key>lastKnownFileType</key>
			<string>image.png</string>
			<key>path</key>
			<string>724-info-white@2x.png</string>
			<key>sourceTree</key>
			<string>&lt;group&gt;</string>
		</dict>
		<key>756DE87E18ADC3E3003A8518</key>
		<dict>
			<key>fileRef</key>
			<string>756DE87C18ADC3E3003A8518</string>
			<key>isa</key>
			<string>PBXBuildFile</string>
		</dict>
		<key>756DE87F18ADC3E3003A8518</key>
		<dict>
			<key>fileRef</key>
			<string>756DE87D18ADC3E3003A8518</string>
			<key>isa</key>
			<string>PBXBuildFile</string>
		</dict>
		<key>756DE88018ADC3FF003A8518</key>
		<dict>
			<key>isa</key>
			<string>PBXFileReference</string>
			<key>lastKnownFileType</key>
			<string>image.png</string>
			<key>path</key>
			<string>724-info-gray.png</string>
			<key>sourceTree</key>
			<string>&lt;group&gt;</string>
		</dict>
		<key>756DE88118ADC3FF003A8518</key>
		<dict>
			<key>isa</key>
			<string>PBXFileReference</string>
			<key>lastKnownFileType</key>
			<string>image.png</string>
			<key>path</key>
			<string>724-info-gray@2x.png</string>
			<key>sourceTree</key>
			<string>&lt;group&gt;</string>
		</dict>
		<key>756DE88218ADC3FF003A8518</key>
		<dict>
			<key>fileRef</key>
			<string>756DE88018ADC3FF003A8518</string>
			<key>isa</key>
			<string>PBXBuildFile</string>
		</dict>
		<key>756DE88318ADC3FF003A8518</key>
		<dict>
			<key>fileRef</key>
			<string>756DE88118ADC3FF003A8518</string>
			<key>isa</key>
			<string>PBXBuildFile</string>
		</dict>
		<key>756F50DA18AEA70B0068C7AC</key>
		<dict>
			<key>fileEncoding</key>
			<string>4</string>
			<key>isa</key>
			<string>PBXFileReference</string>
			<key>lastKnownFileType</key>
			<string>sourcecode.c.h</string>
			<key>path</key>
			<string>FilterTVC.h</string>
			<key>sourceTree</key>
			<string>&lt;group&gt;</string>
		</dict>
		<key>756F50DB18AEA70B0068C7AC</key>
		<dict>
			<key>fileEncoding</key>
			<string>4</string>
			<key>isa</key>
			<string>PBXFileReference</string>
			<key>lastKnownFileType</key>
			<string>sourcecode.c.objc</string>
			<key>path</key>
			<string>FilterTVC.m</string>
			<key>sourceTree</key>
			<string>&lt;group&gt;</string>
		</dict>
		<key>756F50DC18AEA70B0068C7AC</key>
		<dict>
			<key>fileRef</key>
			<string>756F50DB18AEA70B0068C7AC</string>
			<key>isa</key>
			<string>PBXBuildFile</string>
		</dict>
		<key>756F510118B16B8C0068C7AC</key>
		<dict>
			<key>isa</key>
			<string>PBXFileReference</string>
			<key>lastKnownFileType</key>
			<string>image.png</string>
			<key>path</key>
			<string>798-filter-gray.png</string>
			<key>sourceTree</key>
			<string>&lt;group&gt;</string>
		</dict>
		<key>756F510218B16B8C0068C7AC</key>
		<dict>
			<key>isa</key>
			<string>PBXFileReference</string>
			<key>lastKnownFileType</key>
			<string>image.png</string>
			<key>path</key>
			<string>798-filter-gray@2x.png</string>
			<key>sourceTree</key>
			<string>&lt;group&gt;</string>
		</dict>
		<key>756F510318B16B8C0068C7AC</key>
		<dict>
			<key>fileRef</key>
			<string>756F510118B16B8C0068C7AC</string>
			<key>isa</key>
			<string>PBXBuildFile</string>
		</dict>
		<key>756F510418B16B8C0068C7AC</key>
		<dict>
			<key>fileRef</key>
			<string>756F510218B16B8C0068C7AC</string>
			<key>isa</key>
			<string>PBXBuildFile</string>
		</dict>
		<key>756F510518B16BAF0068C7AC</key>
		<dict>
			<key>isa</key>
			<string>PBXFileReference</string>
			<key>lastKnownFileType</key>
			<string>image.png</string>
			<key>path</key>
			<string>798-filter-white.png</string>
			<key>sourceTree</key>
			<string>&lt;group&gt;</string>
		</dict>
		<key>756F510618B16BAF0068C7AC</key>
		<dict>
			<key>isa</key>
			<string>PBXFileReference</string>
			<key>lastKnownFileType</key>
			<string>image.png</string>
			<key>path</key>
			<string>798-filter-white@2x.png</string>
			<key>sourceTree</key>
			<string>&lt;group&gt;</string>
		</dict>
		<key>756F510718B16BAF0068C7AC</key>
		<dict>
			<key>fileRef</key>
			<string>756F510518B16BAF0068C7AC</string>
			<key>isa</key>
			<string>PBXBuildFile</string>
		</dict>
		<key>756F510818B16BAF0068C7AC</key>
		<dict>
			<key>fileRef</key>
			<string>756F510618B16BAF0068C7AC</string>
			<key>isa</key>
			<string>PBXBuildFile</string>
		</dict>
		<key>756F510918B1740B0068C7AC</key>
		<dict>
			<key>isa</key>
			<string>PBXFileReference</string>
			<key>lastKnownFileType</key>
			<string>wrapper.framework</string>
			<key>name</key>
			<string>MessageUI.framework</string>
			<key>path</key>
			<string>System/Library/Frameworks/MessageUI.framework</string>
			<key>sourceTree</key>
			<string>SDKROOT</string>
		</dict>
		<key>756F510A18B1740B0068C7AC</key>
		<dict>
			<key>fileRef</key>
			<string>756F510918B1740B0068C7AC</string>
			<key>isa</key>
			<string>PBXBuildFile</string>
		</dict>
		<key>757BADAF193E7F180087CC54</key>
		<dict>
			<key>fileEncoding</key>
			<string>4</string>
			<key>isa</key>
			<string>PBXFileReference</string>
			<key>lastKnownFileType</key>
			<string>sourcecode.c.h</string>
			<key>path</key>
			<string>Media.h</string>
			<key>sourceTree</key>
			<string>&lt;group&gt;</string>
		</dict>
		<key>757BADB0193E7F180087CC54</key>
		<dict>
			<key>fileEncoding</key>
			<string>4</string>
			<key>isa</key>
			<string>PBXFileReference</string>
			<key>lastKnownFileType</key>
			<string>sourcecode.c.objc</string>
			<key>path</key>
			<string>Media.m</string>
			<key>sourceTree</key>
			<string>&lt;group&gt;</string>
		</dict>
		<key>757BADB1193E7F180087CC54</key>
		<dict>
			<key>fileRef</key>
			<string>757BADB0193E7F180087CC54</string>
			<key>isa</key>
			<string>PBXBuildFile</string>
		</dict>
		<key>7585B0A81933C0DC00DD6838</key>
		<dict>
			<key>children</key>
			<array>
				<string>7585B0A91933C0DC00DD6838</string>
				<string>7585B0AA1933C0DC00DD6838</string>
				<string>7585B0AB1933C0DC00DD6838</string>
				<string>7585B0AC1933C0DC00DD6838</string>
			</array>
			<key>isa</key>
			<string>PBXGroup</string>
			<key>path</key>
			<string>Icons</string>
			<key>sourceTree</key>
			<string>&lt;group&gt;</string>
		</dict>
		<key>7585B0A91933C0DC00DD6838</key>
		<dict>
			<key>isa</key>
			<string>PBXFileReference</string>
			<key>lastKnownFileType</key>
			<string>image.png</string>
			<key>path</key>
			<string>00s@2x.png</string>
			<key>sourceTree</key>
			<string>&lt;group&gt;</string>
		</dict>
		<key>7585B0AA1933C0DC00DD6838</key>
		<dict>
			<key>isa</key>
			<string>PBXFileReference</string>
			<key>lastKnownFileType</key>
			<string>image.png</string>
			<key>path</key>
			<string>70s@2x.png</string>
			<key>sourceTree</key>
			<string>&lt;group&gt;</string>
		</dict>
		<key>7585B0AB1933C0DC00DD6838</key>
		<dict>
			<key>isa</key>
			<string>PBXFileReference</string>
			<key>lastKnownFileType</key>
			<string>image.png</string>
			<key>path</key>
			<string>80s@2x.png</string>
			<key>sourceTree</key>
			<string>&lt;group&gt;</string>
		</dict>
		<key>7585B0AC1933C0DC00DD6838</key>
		<dict>
			<key>isa</key>
			<string>PBXFileReference</string>
			<key>lastKnownFileType</key>
			<string>image.png</string>
			<key>path</key>
			<string>90s@2x.png</string>
			<key>sourceTree</key>
			<string>&lt;group&gt;</string>
		</dict>
		<key>7585B0AD1933C0DC00DD6838</key>
		<dict>
			<key>fileRef</key>
			<string>7585B0A91933C0DC00DD6838</string>
			<key>isa</key>
			<string>PBXBuildFile</string>
		</dict>
		<key>7585B0AE1933C0DC00DD6838</key>
		<dict>
			<key>fileRef</key>
			<string>7585B0AA1933C0DC00DD6838</string>
			<key>isa</key>
			<string>PBXBuildFile</string>
		</dict>
		<key>7585B0AF1933C0DC00DD6838</key>
		<dict>
			<key>fileRef</key>
			<string>7585B0AB1933C0DC00DD6838</string>
			<key>isa</key>
			<string>PBXBuildFile</string>
		</dict>
		<key>7585B0B01933C0DC00DD6838</key>
		<dict>
			<key>fileRef</key>
			<string>7585B0AC1933C0DC00DD6838</string>
			<key>isa</key>
			<string>PBXBuildFile</string>
		</dict>
		<key>7587C44618AE6B2B000721C3</key>
		<dict>
			<key>isa</key>
			<string>PBXFileReference</string>
			<key>lastKnownFileType</key>
			<string>image.jpeg</string>
			<key>path</key>
			<string>ExampleThumbnail.jpg</string>
			<key>sourceTree</key>
			<string>&lt;group&gt;</string>
		</dict>
		<key>7587C44718AE6B2B000721C3</key>
		<dict>
			<key>fileRef</key>
			<string>7587C44618AE6B2B000721C3</string>
			<key>isa</key>
			<string>PBXBuildFile</string>
		</dict>
		<key>7587C44818AEA093000721C3</key>
		<dict>
			<key>isa</key>
			<string>PBXFileReference</string>
			<key>lastKnownFileType</key>
			<string>image.png</string>
			<key>path</key>
			<string>702-share-gray.png</string>
			<key>sourceTree</key>
			<string>&lt;group&gt;</string>
		</dict>
		<key>7587C44918AEA093000721C3</key>
		<dict>
			<key>isa</key>
			<string>PBXFileReference</string>
			<key>lastKnownFileType</key>
			<string>image.png</string>
			<key>path</key>
			<string>702-share-gray@2x.png</string>
			<key>sourceTree</key>
			<string>&lt;group&gt;</string>
		</dict>
		<key>7587C44A18AEA093000721C3</key>
		<dict>
			<key>fileRef</key>
			<string>7587C44818AEA093000721C3</string>
			<key>isa</key>
			<string>PBXBuildFile</string>
		</dict>
		<key>7587C44B18AEA093000721C3</key>
		<dict>
			<key>fileRef</key>
			<string>7587C44918AEA093000721C3</string>
			<key>isa</key>
			<string>PBXBuildFile</string>
		</dict>
		<key>7587C44C18AEA0A7000721C3</key>
		<dict>
			<key>isa</key>
			<string>PBXFileReference</string>
			<key>lastKnownFileType</key>
			<string>image.png</string>
			<key>path</key>
			<string>702-share-white.png</string>
			<key>sourceTree</key>
			<string>&lt;group&gt;</string>
		</dict>
		<key>7587C44D18AEA0A7000721C3</key>
		<dict>
			<key>isa</key>
			<string>PBXFileReference</string>
			<key>lastKnownFileType</key>
			<string>image.png</string>
			<key>path</key>
			<string>702-share-white@2x.png</string>
			<key>sourceTree</key>
			<string>&lt;group&gt;</string>
		</dict>
		<key>7587C44E18AEA0A7000721C3</key>
		<dict>
			<key>fileRef</key>
			<string>7587C44C18AEA0A7000721C3</string>
			<key>isa</key>
			<string>PBXBuildFile</string>
		</dict>
		<key>7587C44F18AEA0A7000721C3</key>
		<dict>
			<key>fileRef</key>
			<string>7587C44D18AEA0A7000721C3</string>
			<key>isa</key>
			<string>PBXBuildFile</string>
		</dict>
		<key>758AB1A418B430C800E5CBF3</key>
		<dict>
			<key>isa</key>
			<string>PBXFileReference</string>
			<key>lastKnownFileType</key>
			<string>image.png</string>
			<key>path</key>
			<string>748-heart-white.png</string>
			<key>sourceTree</key>
			<string>&lt;group&gt;</string>
		</dict>
		<key>758AB1A518B430C800E5CBF3</key>
		<dict>
			<key>isa</key>
			<string>PBXFileReference</string>
			<key>lastKnownFileType</key>
			<string>image.png</string>
			<key>path</key>
			<string>748-heart-white@2x.png</string>
			<key>sourceTree</key>
			<string>&lt;group&gt;</string>
		</dict>
		<key>758AB1A618B430C800E5CBF3</key>
		<dict>
			<key>fileRef</key>
			<string>758AB1A418B430C800E5CBF3</string>
			<key>isa</key>
			<string>PBXBuildFile</string>
		</dict>
		<key>758AB1A718B430C800E5CBF3</key>
		<dict>
			<key>fileRef</key>
			<string>758AB1A518B430C800E5CBF3</string>
			<key>isa</key>
			<string>PBXBuildFile</string>
		</dict>
		<key>758AB1A818B430F100E5CBF3</key>
		<dict>
			<key>isa</key>
			<string>PBXFileReference</string>
			<key>lastKnownFileType</key>
			<string>image.png</string>
			<key>path</key>
			<string>748-heart-gray.png</string>
			<key>sourceTree</key>
			<string>&lt;group&gt;</string>
		</dict>
		<key>758AB1A918B430F100E5CBF3</key>
		<dict>
			<key>isa</key>
			<string>PBXFileReference</string>
			<key>lastKnownFileType</key>
			<string>image.png</string>
			<key>path</key>
			<string>748-heart-gray@2x.png</string>
			<key>sourceTree</key>
			<string>&lt;group&gt;</string>
		</dict>
		<key>758AB1AA18B430F100E5CBF3</key>
		<dict>
			<key>fileRef</key>
			<string>758AB1A818B430F100E5CBF3</string>
			<key>isa</key>
			<string>PBXBuildFile</string>
		</dict>
		<key>758AB1AB18B430F100E5CBF3</key>
		<dict>
			<key>fileRef</key>
			<string>758AB1A918B430F100E5CBF3</string>
			<key>isa</key>
			<string>PBXBuildFile</string>
		</dict>
		<key>758CDBB318BBEBC0005FD9E7</key>
		<dict>
			<key>fileEncoding</key>
			<string>4</string>
			<key>isa</key>
			<string>PBXFileReference</string>
			<key>lastKnownFileType</key>
			<string>file.xib</string>
			<key>path</key>
			<string>SongCell.xib</string>
			<key>sourceTree</key>
			<string>&lt;group&gt;</string>
		</dict>
		<key>758CDBB418BBEBC0005FD9E7</key>
		<dict>
			<key>fileRef</key>
			<string>758CDBB318BBEBC0005FD9E7</string>
			<key>isa</key>
			<string>PBXBuildFile</string>
		</dict>
		<key>758CDBB518BBEBD6005FD9E7</key>
		<dict>
			<key>fileEncoding</key>
			<string>4</string>
			<key>isa</key>
			<string>PBXFileReference</string>
			<key>lastKnownFileType</key>
			<string>file.xib</string>
			<key>path</key>
			<string>MovieCell.xib</string>
			<key>sourceTree</key>
			<string>&lt;group&gt;</string>
		</dict>
		<key>758CDBB618BBEBD6005FD9E7</key>
		<dict>
			<key>fileRef</key>
			<string>758CDBB518BBEBD6005FD9E7</string>
			<key>isa</key>
			<string>PBXBuildFile</string>
		</dict>
		<key>758CDBB718BBEBE8005FD9E7</key>
		<dict>
			<key>fileEncoding</key>
			<string>4</string>
			<key>isa</key>
			<string>PBXFileReference</string>
			<key>lastKnownFileType</key>
			<string>sourcecode.c.h</string>
			<key>path</key>
			<string>MovieCell.h</string>
			<key>sourceTree</key>
			<string>&lt;group&gt;</string>
		</dict>
		<key>758CDBB818BBEBE8005FD9E7</key>
		<dict>
			<key>fileEncoding</key>
			<string>4</string>
			<key>isa</key>
			<string>PBXFileReference</string>
			<key>lastKnownFileType</key>
			<string>sourcecode.c.objc</string>
			<key>path</key>
			<string>MovieCell.m</string>
			<key>sourceTree</key>
			<string>&lt;group&gt;</string>
		</dict>
		<key>758CDBB918BBEBE8005FD9E7</key>
		<dict>
			<key>fileRef</key>
			<string>758CDBB818BBEBE8005FD9E7</string>
			<key>isa</key>
			<string>PBXBuildFile</string>
		</dict>
		<key>758CDBBA18BC0D8D005FD9E7</key>
		<dict>
			<key>fileEncoding</key>
			<string>4</string>
			<key>isa</key>
			<string>PBXFileReference</string>
			<key>lastKnownFileType</key>
			<string>file.xib</string>
			<key>path</key>
			<string>HeaderView.xib</string>
			<key>sourceTree</key>
			<string>&lt;group&gt;</string>
		</dict>
		<key>758CDBBB18BC0D8D005FD9E7</key>
		<dict>
			<key>fileRef</key>
			<string>758CDBBA18BC0D8D005FD9E7</string>
			<key>isa</key>
			<string>PBXBuildFile</string>
		</dict>
		<key>758CDBBC18BC1978005FD9E7</key>
		<dict>
			<key>fileEncoding</key>
			<string>4</string>
			<key>isa</key>
			<string>PBXFileReference</string>
			<key>lastKnownFileType</key>
			<string>sourcecode.c.h</string>
			<key>path</key>
			<string>HeaderView.h</string>
			<key>sourceTree</key>
			<string>&lt;group&gt;</string>
		</dict>
		<key>758CDBBD18BC1978005FD9E7</key>
		<dict>
			<key>fileEncoding</key>
			<string>4</string>
			<key>isa</key>
			<string>PBXFileReference</string>
			<key>lastKnownFileType</key>
			<string>sourcecode.c.objc</string>
			<key>path</key>
			<string>HeaderView.m</string>
			<key>sourceTree</key>
			<string>&lt;group&gt;</string>
		</dict>
		<key>758CDBBE18BC1978005FD9E7</key>
		<dict>
			<key>fileRef</key>
			<string>758CDBBD18BC1978005FD9E7</string>
			<key>isa</key>
			<string>PBXBuildFile</string>
		</dict>
		<key>758FF25518E8A84A008C010D</key>
		<dict>
			<key>children</key>
			<array>
				<string>75AB0F8D19576EE20033E9D2</string>
				<string>758CDBBC18BC1978005FD9E7</string>
				<string>758CDBBD18BC1978005FD9E7</string>
				<string>758CDBBA18BC0D8D005FD9E7</string>
				<string>750065BC1895B3CC00778029</string>
				<string>750065BD1895B3CC00778029</string>
				<string>758CDBB318BBEBC0005FD9E7</string>
				<string>758CDBB718BBEBE8005FD9E7</string>
				<string>758CDBB818BBEBE8005FD9E7</string>
				<string>758CDBB518BBEBD6005FD9E7</string>
			</array>
			<key>isa</key>
			<string>PBXGroup</string>
			<key>name</key>
			<string>Cells/Header Views</string>
			<key>sourceTree</key>
			<string>&lt;group&gt;</string>
		</dict>
		<key>758FF25A18E8B772008C010D</key>
		<dict>
			<key>isa</key>
			<string>PBXFileReference</string>
			<key>lastKnownFileType</key>
			<string>image.png</string>
			<key>path</key>
			<string>726-star-filled-gray.png</string>
			<key>sourceTree</key>
			<string>&lt;group&gt;</string>
		</dict>
		<key>758FF25B18E8B772008C010D</key>
		<dict>
			<key>isa</key>
			<string>PBXFileReference</string>
			<key>lastKnownFileType</key>
			<string>image.png</string>
			<key>path</key>
			<string>726-star-filled-gray@2x.png</string>
			<key>sourceTree</key>
			<string>&lt;group&gt;</string>
		</dict>
		<key>758FF25C18E8B772008C010D</key>
		<dict>
			<key>fileRef</key>
			<string>758FF25A18E8B772008C010D</string>
			<key>isa</key>
			<string>PBXBuildFile</string>
		</dict>
		<key>758FF25D18E8B772008C010D</key>
		<dict>
			<key>fileRef</key>
			<string>758FF25B18E8B772008C010D</string>
			<key>isa</key>
			<string>PBXBuildFile</string>
		</dict>
		<key>758FF25E18E8BC46008C010D</key>
		<dict>
			<key>isa</key>
			<string>PBXFileReference</string>
			<key>lastKnownFileType</key>
			<string>image.png</string>
			<key>path</key>
			<string>726-star-filled-white.png</string>
			<key>sourceTree</key>
			<string>&lt;group&gt;</string>
		</dict>
		<key>758FF25F18E8BC46008C010D</key>
		<dict>
			<key>isa</key>
			<string>PBXFileReference</string>
			<key>lastKnownFileType</key>
			<string>image.png</string>
			<key>path</key>
			<string>726-star-filled-white@2x.png</string>
			<key>sourceTree</key>
			<string>&lt;group&gt;</string>
		</dict>
		<key>758FF26018E8BC46008C010D</key>
		<dict>
			<key>fileRef</key>
			<string>758FF25E18E8BC46008C010D</string>
			<key>isa</key>
			<string>PBXBuildFile</string>
		</dict>
		<key>758FF26118E8BC46008C010D</key>
		<dict>
			<key>fileRef</key>
			<string>758FF25F18E8BC46008C010D</string>
			<key>isa</key>
			<string>PBXBuildFile</string>
		</dict>
		<key>75AB0F8D19576EE20033E9D2</key>
		<dict>
			<key>isa</key>
			<string>PBXFileReference</string>
			<key>lastKnownFileType</key>
			<string>image.png</string>
			<key>name</key>
			<string>AppIcon-1.png</string>
			<key>path</key>
			<string>Images.xcassets/AppIcon.appiconset/AppIcon-1.png</string>
			<key>sourceTree</key>
			<string>&lt;group&gt;</string>
		</dict>
		<key>75AB0F8E19576EE20033E9D2</key>
		<dict>
			<key>fileRef</key>
			<string>75AB0F8D19576EE20033E9D2</string>
			<key>isa</key>
			<string>PBXBuildFile</string>
		</dict>
		<key>75B0EB8818AB154800673236</key>
		<dict>
			<key>fileEncoding</key>
			<string>4</string>
			<key>isa</key>
			<string>PBXFileReference</string>
			<key>lastKnownFileType</key>
			<string>sourcecode.c.h</string>
			<key>path</key>
			<string>SongDetailVC.h</string>
			<key>sourceTree</key>
			<string>&lt;group&gt;</string>
		</dict>
		<key>75B0EB8918AB154800673236</key>
		<dict>
			<key>fileEncoding</key>
			<string>4</string>
			<key>isa</key>
			<string>PBXFileReference</string>
			<key>lastKnownFileType</key>
			<string>sourcecode.c.objc</string>
			<key>path</key>
			<string>SongDetailVC.m</string>
			<key>sourceTree</key>
			<string>&lt;group&gt;</string>
		</dict>
		<key>75B0EB8A18AB154800673236</key>
		<dict>
			<key>fileRef</key>
			<string>75B0EB8918AB154800673236</string>
			<key>isa</key>
			<string>PBXBuildFile</string>
		</dict>
		<key>75B729841882D81B00D0A695</key>
		<dict>
			<key>fileEncoding</key>
			<string>4</string>
			<key>isa</key>
			<string>PBXFileReference</string>
			<key>lastKnownFileType</key>
			<string>sourcecode.c.h</string>
			<key>path</key>
			<string>Song+Networking.h</string>
			<key>sourceTree</key>
			<string>&lt;group&gt;</string>
		</dict>
		<key>75B729851882D81B00D0A695</key>
		<dict>
			<key>fileEncoding</key>
			<string>4</string>
			<key>isa</key>
			<string>PBXFileReference</string>
			<key>lastKnownFileType</key>
			<string>sourcecode.c.objc</string>
			<key>path</key>
			<string>Song+Networking.m</string>
			<key>sourceTree</key>
			<string>&lt;group&gt;</string>
		</dict>
		<key>75B729861882D81B00D0A695</key>
		<dict>
			<key>fileRef</key>
			<string>75B729851882D81B00D0A695</string>
			<key>isa</key>
			<string>PBXBuildFile</string>
		</dict>
		<key>75B729871882DBB900D0A695</key>
		<dict>
			<key>fileEncoding</key>
			<string>4</string>
			<key>isa</key>
			<string>PBXFileReference</string>
			<key>lastKnownFileType</key>
			<string>text.json</string>
			<key>path</key>
			<string>MusicRanked.json</string>
			<key>sourceTree</key>
			<string>&lt;group&gt;</string>
		</dict>
		<key>75B729881882DBB900D0A695</key>
		<dict>
			<key>fileRef</key>
			<string>75B729871882DBB900D0A695</string>
			<key>isa</key>
			<string>PBXBuildFile</string>
		</dict>
		<key>75B729891882DFF200D0A695</key>
		<dict>
			<key>fileEncoding</key>
			<string>4</string>
			<key>isa</key>
			<string>PBXFileReference</string>
			<key>lastKnownFileType</key>
			<string>sourcecode.c.h</string>
			<key>path</key>
			<string>Constants.h</string>
			<key>sourceTree</key>
			<string>&lt;group&gt;</string>
		</dict>
		<key>75B7298A1882DFF200D0A695</key>
		<dict>
			<key>fileEncoding</key>
			<string>4</string>
			<key>isa</key>
			<string>PBXFileReference</string>
			<key>lastKnownFileType</key>
			<string>sourcecode.c.objc</string>
			<key>path</key>
			<string>Constants.m</string>
			<key>sourceTree</key>
			<string>&lt;group&gt;</string>
		</dict>
		<key>75B7298B1882DFF200D0A695</key>
		<dict>
			<key>fileRef</key>
			<string>75B7298A1882DFF200D0A695</string>
			<key>isa</key>
			<string>PBXBuildFile</string>
		</dict>
		<key>75B7298D1883920900D0A695</key>
		<dict>
			<key>fileEncoding</key>
			<string>4</string>
			<key>isa</key>
			<string>PBXFileReference</string>
			<key>lastKnownFileType</key>
			<string>sourcecode.c.h</string>
			<key>path</key>
			<string>DatePickerTVC.h</string>
			<key>sourceTree</key>
			<string>&lt;group&gt;</string>
		</dict>
		<key>75B7298E1883920900D0A695</key>
		<dict>
			<key>fileEncoding</key>
			<string>4</string>
			<key>isa</key>
			<string>PBXFileReference</string>
			<key>lastKnownFileType</key>
			<string>sourcecode.c.objc</string>
			<key>path</key>
			<string>DatePickerTVC.m</string>
			<key>sourceTree</key>
			<string>&lt;group&gt;</string>
		</dict>
		<key>75B7298F1883920900D0A695</key>
		<dict>
			<key>fileRef</key>
			<string>75B7298E1883920900D0A695</string>
			<key>isa</key>
			<string>PBXBuildFile</string>
		</dict>
		<key>75C735A71846E0260055F8C3</key>
		<dict>
			<key>children</key>
			<array>
				<string>75C735B91846E0260055F8C3</string>
				<string>75C735D81846E0270055F8C3</string>
				<string>75C735B21846E0260055F8C3</string>
				<string>75C735B11846E0260055F8C3</string>
				<string>03196A2CFEB8495180B11472</string>
				<string>9916D4A3C21D4307BE32C485</string>
			</array>
			<key>isa</key>
			<string>PBXGroup</string>
			<key>sourceTree</key>
			<string>&lt;group&gt;</string>
		</dict>
		<key>75C735A81846E0260055F8C3</key>
		<dict>
			<key>attributes</key>
			<dict>
				<key>LastUpgradeCheck</key>
				<string>0510</string>
				<key>ORGANIZATIONNAME</key>
				<string>placeholder</string>
				<key>TargetAttributes</key>
				<dict>
					<key>75C735AF1846E0260055F8C3</key>
					<dict>
						<key>DevelopmentTeam</key>
						<string>28UAY82S25</string>
					</dict>
					<key>75C735D01846E0270055F8C3</key>
					<dict>
						<key>TestTargetID</key>
						<string>75C735AF1846E0260055F8C3</string>
					</dict>
				</dict>
			</dict>
			<key>buildConfigurationList</key>
			<string>75C735AB1846E0260055F8C3</string>
			<key>compatibilityVersion</key>
			<string>Xcode 3.2</string>
			<key>developmentRegion</key>
			<string>English</string>
			<key>hasScannedForEncodings</key>
			<string>0</string>
			<key>isa</key>
			<string>PBXProject</string>
			<key>knownRegions</key>
			<array>
				<string>en</string>
				<string>Base</string>
			</array>
			<key>mainGroup</key>
			<string>75C735A71846E0260055F8C3</string>
			<key>productRefGroup</key>
			<string>75C735B11846E0260055F8C3</string>
			<key>projectDirPath</key>
			<string></string>
			<key>projectReferences</key>
			<array/>
			<key>projectRoot</key>
			<string></string>
			<key>targets</key>
			<array>
				<string>75C735AF1846E0260055F8C3</string>
				<string>75C735D01846E0270055F8C3</string>
			</array>
		</dict>
		<key>75C735AB1846E0260055F8C3</key>
		<dict>
			<key>buildConfigurations</key>
			<array>
				<string>75C735E01846E0270055F8C3</string>
				<string>75C735E11846E0270055F8C3</string>
			</array>
			<key>defaultConfigurationIsVisible</key>
			<string>0</string>
			<key>defaultConfigurationName</key>
			<string>Release</string>
			<key>isa</key>
			<string>XCConfigurationList</string>
		</dict>
		<key>75C735AC1846E0260055F8C3</key>
		<dict>
			<key>buildActionMask</key>
			<string>2147483647</string>
			<key>files</key>
			<array>
				<string>754BD99A18BBA2B20057EC38</string>
				<string>7557FDDE191B042A00FE9F11</string>
				<string>754BD9AC18BBA84C0057EC38</string>
				<string>75B729861882D81B00D0A695</string>
				<string>756F50DC18AEA70B0068C7AC</string>
				<string>75CA87A81882499D007A9F06</string>
				<string>750065BB1895B26600778029</string>
				<string>758CDBBE18BC1978005FD9E7</string>
				<string>75B0EB8A18AB154800673236</string>
				<string>75B7298B1882DFF200D0A695</string>
				<string>754BD9A618BBA5460057EC38</string>
				<string>75CA879C18821D24007A9F06</string>
				<string>750065BE1895B3CC00778029</string>
				<string>75CA87AB18824A39007A9F06</string>
				<string>75270AC0187CCBB700B49643</string>
				<string>75B7298F1883920900D0A695</string>
				<string>75D4596218B1EBAF00E5144E</string>
				<string>754BD99D18BBA2B30057EC38</string>
				<string>750A55A218B6B2D900E3BFA6</string>
				<string>75C735C41846E0260055F8C3</string>
				<string>75DC3D9418B9899B000A4778</string>
				<string>75C735C01846E0260055F8C3</string>
				<string>758CDBB918BBEBE8005FD9E7</string>
				<string>750A55B118B6C4EE00E3BFA6</string>
				<string>757BADB1193E7F180087CC54</string>
				<string>7519BA4F18825BCD0010D874</string>
			</array>
			<key>isa</key>
			<string>PBXSourcesBuildPhase</string>
			<key>runOnlyForDeploymentPostprocessing</key>
			<string>0</string>
		</dict>
		<key>75C735AD1846E0260055F8C3</key>
		<dict>
			<key>buildActionMask</key>
			<string>2147483647</string>
			<key>files</key>
			<array>
				<string>756F510A18B1740B0068C7AC</string>
				<string>75CA87A21882247F007A9F06</string>
				<string>75C735B61846E0260055F8C3</string>
				<string>75C735B81846E0260055F8C3</string>
				<string>75C735B41846E0260055F8C3</string>
				<string>FA3EFB11A6DD40D1917C6D71</string>
				<string>CA8DF13A8DE24602A913ACB1</string>
			</array>
			<key>isa</key>
			<string>PBXFrameworksBuildPhase</string>
			<key>runOnlyForDeploymentPostprocessing</key>
			<string>0</string>
		</dict>
		<key>75C735AE1846E0260055F8C3</key>
		<dict>
			<key>buildActionMask</key>
			<string>2147483647</string>
			<key>files</key>
			<array>
				<string>750F139A18DF81B50004BA86</string>
				<string>75D52A3B18AE47ED008177C3</string>
				<string>756DE88318ADC3FF003A8518</string>
				<string>750F13A518DFB8470004BA86</string>
				<string>75FBBE3518AAE11E00914A98</string>
				<string>75C735CC1846E0260055F8C3</string>
				<string>758AB1A618B430C800E5CBF3</string>
				<string>750F139B18DF81B50004BA86</string>
				<string>75AB0F8E19576EE20033E9D2</string>
				<string>7535D94E1956AF17001C0362</string>
				<string>750F138318DF64D90004BA86</string>
				<string>758AB1A718B430C800E5CBF3</string>
				<string>758FF25C18E8B772008C010D</string>
				<string>758FF26018E8BC46008C010D</string>
				<string>758FF26118E8BC46008C010D</string>
				<string>756F510318B16B8C0068C7AC</string>
				<string>756F510818B16BAF0068C7AC</string>
				<string>750A55AD18B6BE1800E3BFA6</string>
				<string>75D52A3618AE4755008177C3</string>
				<string>750F13A418DFB8470004BA86</string>
				<string>750F139618DF813E0004BA86</string>
				<string>75D52A3718AE4755008177C3</string>
				<string>756DE88218ADC3FF003A8518</string>
				<string>7535D94819551978001C0362</string>
				<string>756F510418B16B8C0068C7AC</string>
				<string>7585B0AD1933C0DC00DD6838</string>
				<string>758AB1AA18B430F100E5CBF3</string>
				<string>7585B0AF1933C0DC00DD6838</string>
				<string>75DC3D9618B9B1B9000A4778</string>
				<string>758CDBBB18BC0D8D005FD9E7</string>
				<string>7587C44E18AEA0A7000721C3</string>
				<string>7587C44718AE6B2B000721C3</string>
				<string>7585B0AE1933C0DC00DD6838</string>
				<string>75D52A3A18AE47ED008177C3</string>
				<string>750A55A918B6BDFE00E3BFA6</string>
				<string>7587C44A18AEA093000721C3</string>
				<string>758FF25D18E8B772008C010D</string>
				<string>758AB1AB18B430F100E5CBF3</string>
				<string>756DE87F18ADC3E3003A8518</string>
				<string>750F138118DF53CA0004BA86</string>
				<string>7587C44B18AEA093000721C3</string>
				<string>7535D94A1956AD00001C0362</string>
				<string>750F13A318DFB8470004BA86</string>
				<string>75C735BE1846E0260055F8C3</string>
				<string>750F13A218DFB8470004BA86</string>
				<string>75B729881882DBB900D0A695</string>
				<string>75C735C71846E0260055F8C3</string>
				<string>7585B0B01933C0DC00DD6838</string>
				<string>7587C44F18AEA0A7000721C3</string>
				<string>756DE87E18ADC3E3003A8518</string>
				<string>750F139718DF813E0004BA86</string>
				<string>750F138018DF53CA0004BA86</string>
				<string>758CDBB418BBEBC0005FD9E7</string>
				<string>758CDBB618BBEBD6005FD9E7</string>
				<string>750A55A818B6BDFE00E3BFA6</string>
				<string>7535D94D1956AF17001C0362</string>
				<string>75DC3D9818B9B1C6000A4778</string>
				<string>756F510718B16BAF0068C7AC</string>
				<string>756DE87B18ADB3BB003A8518</string>
				<string>750A55AC18B6BE1800E3BFA6</string>
			</array>
			<key>isa</key>
			<string>PBXResourcesBuildPhase</string>
			<key>runOnlyForDeploymentPostprocessing</key>
			<string>0</string>
		</dict>
		<key>75C735AF1846E0260055F8C3</key>
		<dict>
			<key>buildConfigurationList</key>
			<string>75C735E21846E0270055F8C3</string>
			<key>buildPhases</key>
			<array>
				<string>0A680BC1065C470ABB8C0D9C</string>
				<string>75C735AC1846E0260055F8C3</string>
				<string>75C735AD1846E0260055F8C3</string>
				<string>75C735AE1846E0260055F8C3</string>
				<string>BA2C48A2B27143A98011575A</string>
			</array>
			<key>buildRules</key>
			<array/>
			<key>dependencies</key>
			<array/>
			<key>isa</key>
			<string>PBXNativeTarget</string>
			<key>name</key>
			<string>LookBack</string>
			<key>productName</key>
			<string>Nostalgia</string>
			<key>productReference</key>
			<string>75C735B01846E0260055F8C3</string>
			<key>productType</key>
			<string>com.apple.product-type.application</string>
		</dict>
		<key>75C735B01846E0260055F8C3</key>
		<dict>
			<key>explicitFileType</key>
			<string>wrapper.application</string>
			<key>includeInIndex</key>
			<string>0</string>
			<key>isa</key>
			<string>PBXFileReference</string>
			<key>path</key>
			<string>LookBack.app</string>
			<key>sourceTree</key>
			<string>BUILT_PRODUCTS_DIR</string>
		</dict>
		<key>75C735B11846E0260055F8C3</key>
		<dict>
			<key>children</key>
			<array>
				<string>75C735B01846E0260055F8C3</string>
				<string>75C735D11846E0270055F8C3</string>
			</array>
			<key>isa</key>
			<string>PBXGroup</string>
			<key>name</key>
			<string>Products</string>
			<key>sourceTree</key>
			<string>&lt;group&gt;</string>
		</dict>
		<key>75C735B21846E0260055F8C3</key>
		<dict>
			<key>children</key>
			<array>
				<string>756F510918B1740B0068C7AC</string>
				<string>75CA87A11882247F007A9F06</string>
				<string>75C735B31846E0260055F8C3</string>
				<string>75C735B51846E0260055F8C3</string>
				<string>75C735B71846E0260055F8C3</string>
				<string>75C735D21846E0270055F8C3</string>
				<string>89784CB92502488DB677EEE9</string>
				<string>E5BF7299DC05409ABF3D54C4</string>
			</array>
			<key>isa</key>
			<string>PBXGroup</string>
			<key>name</key>
			<string>Frameworks</string>
			<key>sourceTree</key>
			<string>&lt;group&gt;</string>
		</dict>
		<key>75C735B31846E0260055F8C3</key>
		<dict>
			<key>isa</key>
			<string>PBXFileReference</string>
			<key>lastKnownFileType</key>
			<string>wrapper.framework</string>
			<key>name</key>
			<string>Foundation.framework</string>
			<key>path</key>
			<string>System/Library/Frameworks/Foundation.framework</string>
			<key>sourceTree</key>
			<string>SDKROOT</string>
		</dict>
		<key>75C735B41846E0260055F8C3</key>
		<dict>
			<key>fileRef</key>
			<string>75C735B31846E0260055F8C3</string>
			<key>isa</key>
			<string>PBXBuildFile</string>
		</dict>
		<key>75C735B51846E0260055F8C3</key>
		<dict>
			<key>isa</key>
			<string>PBXFileReference</string>
			<key>lastKnownFileType</key>
			<string>wrapper.framework</string>
			<key>name</key>
			<string>CoreGraphics.framework</string>
			<key>path</key>
			<string>System/Library/Frameworks/CoreGraphics.framework</string>
			<key>sourceTree</key>
			<string>SDKROOT</string>
		</dict>
		<key>75C735B61846E0260055F8C3</key>
		<dict>
			<key>fileRef</key>
			<string>75C735B51846E0260055F8C3</string>
			<key>isa</key>
			<string>PBXBuildFile</string>
		</dict>
		<key>75C735B71846E0260055F8C3</key>
		<dict>
			<key>isa</key>
			<string>PBXFileReference</string>
			<key>lastKnownFileType</key>
			<string>wrapper.framework</string>
			<key>name</key>
			<string>UIKit.framework</string>
			<key>path</key>
			<string>System/Library/Frameworks/UIKit.framework</string>
			<key>sourceTree</key>
			<string>SDKROOT</string>
		</dict>
		<key>75C735B81846E0260055F8C3</key>
		<dict>
			<key>fileRef</key>
			<string>75C735B71846E0260055F8C3</string>
			<key>isa</key>
			<string>PBXBuildFile</string>
		</dict>
		<key>75C735B91846E0260055F8C3</key>
		<dict>
			<key>children</key>
			<array>
				<string>75C735C21846E0260055F8C3</string>
				<string>75C735C31846E0260055F8C3</string>
				<string>75B729891882DFF200D0A695</string>
				<string>75B7298A1882DFF200D0A695</string>
				<string>75C735C51846E0260055F8C3</string>
				<string>7535D94719551978001C0362</string>
				<string>7535D94B1956AF17001C0362</string>
				<string>7535D94C1956AF17001C0362</string>
				<string>7519BA50188265970010D874</string>
				<string>750A55AE18B6C49600E3BFA6</string>
				<string>75DC3D9018B988D4000A4778</string>
				<string>75DC3D9118B98936000A4778</string>
				<string>75CA879D18821D87007A9F06</string>
				<string>75DC3D9218B9899B000A4778</string>
				<string>75DC3D9318B9899B000A4778</string>
				<string>750F138218DF64D90004BA86</string>
				<string>75C735CB1846E0260055F8C3</string>
				<string>75C735BA1846E0260055F8C3</string>
			</array>
			<key>isa</key>
			<string>PBXGroup</string>
			<key>path</key>
			<string>Nostalgia</string>
			<key>sourceTree</key>
			<string>&lt;group&gt;</string>
		</dict>
		<key>75C735BA1846E0260055F8C3</key>
		<dict>
			<key>children</key>
			<array>
				<string>75F9BAC518F880A900C1B08C</string>
				<string>75C735BB1846E0260055F8C3</string>
				<string>75C735BC1846E0260055F8C3</string>
				<string>75FBBE3318AAE11E00914A98</string>
				<string>75C735BF1846E0260055F8C3</string>
				<string>75C735C11846E0260055F8C3</string>
			</array>
			<key>isa</key>
			<string>PBXGroup</string>
			<key>name</key>
			<string>Supporting Files</string>
			<key>sourceTree</key>
			<string>&lt;group&gt;</string>
		</dict>
		<key>75C735BB1846E0260055F8C3</key>
		<dict>
			<key>isa</key>
			<string>PBXFileReference</string>
			<key>lastKnownFileType</key>
			<string>text.plist.xml</string>
			<key>path</key>
			<string>LookBack-Info.plist</string>
			<key>sourceTree</key>
			<string>&lt;group&gt;</string>
		</dict>
		<key>75C735BC1846E0260055F8C3</key>
		<dict>
			<key>children</key>
			<array>
				<string>75C735BD1846E0260055F8C3</string>
			</array>
			<key>isa</key>
			<string>PBXVariantGroup</string>
			<key>name</key>
			<string>InfoPlist.strings</string>
			<key>sourceTree</key>
			<string>&lt;group&gt;</string>
		</dict>
		<key>75C735BD1846E0260055F8C3</key>
		<dict>
			<key>isa</key>
			<string>PBXFileReference</string>
			<key>lastKnownFileType</key>
			<string>text.plist.strings</string>
			<key>name</key>
			<string>en</string>
			<key>path</key>
			<string>en.lproj/InfoPlist.strings</string>
			<key>sourceTree</key>
			<string>&lt;group&gt;</string>
		</dict>
		<key>75C735BE1846E0260055F8C3</key>
		<dict>
			<key>fileRef</key>
			<string>75C735BC1846E0260055F8C3</string>
			<key>isa</key>
			<string>PBXBuildFile</string>
		</dict>
		<key>75C735BF1846E0260055F8C3</key>
		<dict>
			<key>isa</key>
			<string>PBXFileReference</string>
			<key>lastKnownFileType</key>
			<string>sourcecode.c.objc</string>
			<key>path</key>
			<string>main.m</string>
			<key>sourceTree</key>
			<string>&lt;group&gt;</string>
		</dict>
		<key>75C735C01846E0260055F8C3</key>
		<dict>
			<key>fileRef</key>
			<string>75C735BF1846E0260055F8C3</string>
			<key>isa</key>
			<string>PBXBuildFile</string>
		</dict>
		<key>75C735C11846E0260055F8C3</key>
		<dict>
			<key>isa</key>
			<string>PBXFileReference</string>
			<key>lastKnownFileType</key>
			<string>sourcecode.c.h</string>
			<key>path</key>
			<string>LookBack-Prefix.pch</string>
			<key>sourceTree</key>
			<string>&lt;group&gt;</string>
		</dict>
		<key>75C735C21846E0260055F8C3</key>
		<dict>
			<key>isa</key>
			<string>PBXFileReference</string>
			<key>lastKnownFileType</key>
			<string>sourcecode.c.h</string>
			<key>path</key>
			<string>AppDelegate.h</string>
			<key>sourceTree</key>
			<string>&lt;group&gt;</string>
		</dict>
		<key>75C735C31846E0260055F8C3</key>
		<dict>
			<key>isa</key>
			<string>PBXFileReference</string>
			<key>lastKnownFileType</key>
			<string>sourcecode.c.objc</string>
			<key>path</key>
			<string>AppDelegate.m</string>
			<key>sourceTree</key>
			<string>&lt;group&gt;</string>
		</dict>
		<key>75C735C41846E0260055F8C3</key>
		<dict>
			<key>fileRef</key>
			<string>75C735C31846E0260055F8C3</string>
			<key>isa</key>
			<string>PBXBuildFile</string>
		</dict>
		<key>75C735C51846E0260055F8C3</key>
		<dict>
			<key>children</key>
			<array>
				<string>75C735C61846E0260055F8C3</string>
			</array>
			<key>isa</key>
			<string>PBXVariantGroup</string>
			<key>name</key>
			<string>Main.storyboard</string>
			<key>sourceTree</key>
			<string>&lt;group&gt;</string>
		</dict>
		<key>75C735C61846E0260055F8C3</key>
		<dict>
			<key>isa</key>
			<string>PBXFileReference</string>
			<key>lastKnownFileType</key>
			<string>file.storyboard</string>
			<key>name</key>
			<string>Base</string>
			<key>path</key>
			<string>Base.lproj/Main.storyboard</string>
			<key>sourceTree</key>
			<string>&lt;group&gt;</string>
		</dict>
		<key>75C735C71846E0260055F8C3</key>
		<dict>
			<key>fileRef</key>
			<string>75C735C51846E0260055F8C3</string>
			<key>isa</key>
			<string>PBXBuildFile</string>
		</dict>
		<key>75C735CB1846E0260055F8C3</key>
		<dict>
			<key>isa</key>
			<string>PBXFileReference</string>
			<key>lastKnownFileType</key>
			<string>folder.assetcatalog</string>
			<key>path</key>
			<string>Images.xcassets</string>
			<key>sourceTree</key>
			<string>&lt;group&gt;</string>
		</dict>
		<key>75C735CC1846E0260055F8C3</key>
		<dict>
			<key>fileRef</key>
			<string>75C735CB1846E0260055F8C3</string>
			<key>isa</key>
			<string>PBXBuildFile</string>
		</dict>
		<key>75C735CD1846E0270055F8C3</key>
		<dict>
			<key>buildActionMask</key>
			<string>2147483647</string>
			<key>files</key>
			<array>
				<string>75C735DF1846E0270055F8C3</string>
			</array>
			<key>isa</key>
			<string>PBXSourcesBuildPhase</string>
			<key>runOnlyForDeploymentPostprocessing</key>
			<string>0</string>
		</dict>
		<key>75C735CE1846E0270055F8C3</key>
		<dict>
			<key>buildActionMask</key>
			<string>2147483647</string>
			<key>files</key>
			<array>
				<string>75C735D31846E0270055F8C3</string>
				<string>75C735D51846E0270055F8C3</string>
				<string>75C735D41846E0270055F8C3</string>
			</array>
			<key>isa</key>
			<string>PBXFrameworksBuildPhase</string>
			<key>runOnlyForDeploymentPostprocessing</key>
			<string>0</string>
		</dict>
		<key>75C735CF1846E0270055F8C3</key>
		<dict>
			<key>buildActionMask</key>
			<string>2147483647</string>
			<key>files</key>
			<array>
				<string>75C735DD1846E0270055F8C3</string>
			</array>
			<key>isa</key>
			<string>PBXResourcesBuildPhase</string>
			<key>runOnlyForDeploymentPostprocessing</key>
			<string>0</string>
		</dict>
		<key>75C735D01846E0270055F8C3</key>
		<dict>
			<key>buildConfigurationList</key>
			<string>75C735E51846E0270055F8C3</string>
			<key>buildPhases</key>
			<array>
				<string>75C735CD1846E0270055F8C3</string>
				<string>75C735CE1846E0270055F8C3</string>
				<string>75C735CF1846E0270055F8C3</string>
			</array>
			<key>buildRules</key>
			<array/>
			<key>dependencies</key>
			<array>
				<string>75C735D71846E0270055F8C3</string>
			</array>
			<key>isa</key>
			<string>PBXNativeTarget</string>
			<key>name</key>
			<string>LookBackTests</string>
			<key>productName</key>
			<string>NostalgiaTests</string>
			<key>productReference</key>
			<string>75C735D11846E0270055F8C3</string>
			<key>productType</key>
			<string>com.apple.product-type.bundle.unit-test</string>
		</dict>
		<key>75C735D11846E0270055F8C3</key>
		<dict>
			<key>explicitFileType</key>
			<string>wrapper.cfbundle</string>
			<key>includeInIndex</key>
			<string>0</string>
			<key>isa</key>
			<string>PBXFileReference</string>
			<key>path</key>
			<string>LookBackTests.xctest</string>
			<key>sourceTree</key>
			<string>BUILT_PRODUCTS_DIR</string>
		</dict>
		<key>75C735D21846E0270055F8C3</key>
		<dict>
			<key>isa</key>
			<string>PBXFileReference</string>
			<key>lastKnownFileType</key>
			<string>wrapper.framework</string>
			<key>name</key>
			<string>XCTest.framework</string>
			<key>path</key>
			<string>Library/Frameworks/XCTest.framework</string>
			<key>sourceTree</key>
			<string>DEVELOPER_DIR</string>
		</dict>
		<key>75C735D31846E0270055F8C3</key>
		<dict>
			<key>fileRef</key>
			<string>75C735D21846E0270055F8C3</string>
			<key>isa</key>
			<string>PBXBuildFile</string>
		</dict>
		<key>75C735D41846E0270055F8C3</key>
		<dict>
			<key>fileRef</key>
			<string>75C735B31846E0260055F8C3</string>
			<key>isa</key>
			<string>PBXBuildFile</string>
		</dict>
		<key>75C735D51846E0270055F8C3</key>
		<dict>
			<key>fileRef</key>
			<string>75C735B71846E0260055F8C3</string>
			<key>isa</key>
			<string>PBXBuildFile</string>
		</dict>
		<key>75C735D61846E0270055F8C3</key>
		<dict>
			<key>containerPortal</key>
			<string>75C735A81846E0260055F8C3</string>
			<key>isa</key>
			<string>PBXContainerItemProxy</string>
			<key>proxyType</key>
			<string>1</string>
			<key>remoteGlobalIDString</key>
			<string>75C735AF1846E0260055F8C3</string>
			<key>remoteInfo</key>
			<string>Nostalgia</string>
		</dict>
		<key>75C735D71846E0270055F8C3</key>
		<dict>
			<key>isa</key>
			<string>PBXTargetDependency</string>
			<key>target</key>
			<string>75C735AF1846E0260055F8C3</string>
			<key>targetProxy</key>
			<string>75C735D61846E0270055F8C3</string>
		</dict>
		<key>75C735D81846E0270055F8C3</key>
		<dict>
			<key>children</key>
			<array>
				<string>75C735DE1846E0270055F8C3</string>
				<string>75C735D91846E0270055F8C3</string>
			</array>
			<key>isa</key>
			<string>PBXGroup</string>
			<key>path</key>
			<string>NostalgiaTests</string>
			<key>sourceTree</key>
			<string>&lt;group&gt;</string>
		</dict>
		<key>75C735D91846E0270055F8C3</key>
		<dict>
			<key>children</key>
			<array>
				<string>75C735DA1846E0270055F8C3</string>
				<string>75C735DB1846E0270055F8C3</string>
			</array>
			<key>isa</key>
			<string>PBXGroup</string>
			<key>name</key>
			<string>Supporting Files</string>
			<key>sourceTree</key>
			<string>&lt;group&gt;</string>
		</dict>
		<key>75C735DA1846E0270055F8C3</key>
		<dict>
			<key>isa</key>
			<string>PBXFileReference</string>
			<key>lastKnownFileType</key>
			<string>text.plist.xml</string>
			<key>path</key>
			<string>LookBackTests-Info.plist</string>
			<key>sourceTree</key>
			<string>&lt;group&gt;</string>
		</dict>
		<key>75C735DB1846E0270055F8C3</key>
		<dict>
			<key>children</key>
			<array>
				<string>75C735DC1846E0270055F8C3</string>
			</array>
			<key>isa</key>
			<string>PBXVariantGroup</string>
			<key>name</key>
			<string>InfoPlist.strings</string>
			<key>sourceTree</key>
			<string>&lt;group&gt;</string>
		</dict>
		<key>75C735DC1846E0270055F8C3</key>
		<dict>
			<key>isa</key>
			<string>PBXFileReference</string>
			<key>lastKnownFileType</key>
			<string>text.plist.strings</string>
			<key>name</key>
			<string>en</string>
			<key>path</key>
			<string>en.lproj/InfoPlist.strings</string>
			<key>sourceTree</key>
			<string>&lt;group&gt;</string>
		</dict>
		<key>75C735DD1846E0270055F8C3</key>
		<dict>
			<key>fileRef</key>
			<string>75C735DB1846E0270055F8C3</string>
			<key>isa</key>
			<string>PBXBuildFile</string>
		</dict>
		<key>75C735DE1846E0270055F8C3</key>
		<dict>
			<key>isa</key>
			<string>PBXFileReference</string>
			<key>lastKnownFileType</key>
			<string>sourcecode.c.objc</string>
			<key>path</key>
			<string>NostalgiaTests.m</string>
			<key>sourceTree</key>
			<string>&lt;group&gt;</string>
		</dict>
		<key>75C735DF1846E0270055F8C3</key>
		<dict>
			<key>fileRef</key>
			<string>75C735DE1846E0270055F8C3</string>
			<key>isa</key>
			<string>PBXBuildFile</string>
		</dict>
		<key>75C735E01846E0270055F8C3</key>
		<dict>
			<key>buildSettings</key>
			<dict>
				<key>ALWAYS_SEARCH_USER_PATHS</key>
				<string>NO</string>
				<key>CLANG_CXX_LANGUAGE_STANDARD</key>
				<string>gnu++0x</string>
				<key>CLANG_CXX_LIBRARY</key>
				<string>libc++</string>
				<key>CLANG_ENABLE_MODULES</key>
				<string>YES</string>
				<key>CLANG_ENABLE_OBJC_ARC</key>
				<string>YES</string>
				<key>CLANG_WARN_BOOL_CONVERSION</key>
				<string>YES</string>
				<key>CLANG_WARN_CONSTANT_CONVERSION</key>
				<string>YES</string>
				<key>CLANG_WARN_DIRECT_OBJC_ISA_USAGE</key>
				<string>YES_ERROR</string>
				<key>CLANG_WARN_EMPTY_BODY</key>
				<string>YES</string>
				<key>CLANG_WARN_ENUM_CONVERSION</key>
				<string>YES</string>
				<key>CLANG_WARN_INT_CONVERSION</key>
				<string>YES</string>
				<key>CLANG_WARN_OBJC_ROOT_CLASS</key>
				<string>YES_ERROR</string>
				<key>CLANG_WARN__DUPLICATE_METHOD_MATCH</key>
				<string>YES</string>
				<key>CODE_SIGN_IDENTITY[sdk=iphoneos*]</key>
				<string>iPhone Developer</string>
				<key>COPY_PHASE_STRIP</key>
				<string>NO</string>
				<key>GCC_C_LANGUAGE_STANDARD</key>
				<string>gnu99</string>
				<key>GCC_DYNAMIC_NO_PIC</key>
				<string>NO</string>
				<key>GCC_OPTIMIZATION_LEVEL</key>
				<string>0</string>
				<key>GCC_PREPROCESSOR_DEFINITIONS</key>
				<array>
					<string>DEBUG=1</string>
					<string>$(inherited)</string>
				</array>
				<key>GCC_SYMBOLS_PRIVATE_EXTERN</key>
				<string>NO</string>
				<key>GCC_WARN_64_TO_32_BIT_CONVERSION</key>
				<string>YES</string>
				<key>GCC_WARN_ABOUT_RETURN_TYPE</key>
				<string>YES_ERROR</string>
				<key>GCC_WARN_UNDECLARED_SELECTOR</key>
				<string>YES</string>
				<key>GCC_WARN_UNINITIALIZED_AUTOS</key>
				<string>YES</string>
				<key>GCC_WARN_UNUSED_FUNCTION</key>
				<string>YES</string>
				<key>GCC_WARN_UNUSED_VARIABLE</key>
				<string>YES</string>
				<key>IPHONEOS_DEPLOYMENT_TARGET</key>
				<string>7.0</string>
				<key>ONLY_ACTIVE_ARCH</key>
				<string>YES</string>
				<key>SDKROOT</key>
				<string>iphoneos</string>
			</dict>
			<key>isa</key>
			<string>XCBuildConfiguration</string>
			<key>name</key>
			<string>Debug</string>
		</dict>
		<key>75C735E11846E0270055F8C3</key>
		<dict>
			<key>buildSettings</key>
			<dict>
				<key>ALWAYS_SEARCH_USER_PATHS</key>
				<string>NO</string>
				<key>CLANG_CXX_LANGUAGE_STANDARD</key>
				<string>gnu++0x</string>
				<key>CLANG_CXX_LIBRARY</key>
				<string>libc++</string>
				<key>CLANG_ENABLE_MODULES</key>
				<string>YES</string>
				<key>CLANG_ENABLE_OBJC_ARC</key>
				<string>YES</string>
				<key>CLANG_WARN_BOOL_CONVERSION</key>
				<string>YES</string>
				<key>CLANG_WARN_CONSTANT_CONVERSION</key>
				<string>YES</string>
				<key>CLANG_WARN_DIRECT_OBJC_ISA_USAGE</key>
				<string>YES_ERROR</string>
				<key>CLANG_WARN_EMPTY_BODY</key>
				<string>YES</string>
				<key>CLANG_WARN_ENUM_CONVERSION</key>
				<string>YES</string>
				<key>CLANG_WARN_INT_CONVERSION</key>
				<string>YES</string>
				<key>CLANG_WARN_OBJC_ROOT_CLASS</key>
				<string>YES_ERROR</string>
				<key>CLANG_WARN__DUPLICATE_METHOD_MATCH</key>
				<string>YES</string>
				<key>CODE_SIGN_IDENTITY[sdk=iphoneos*]</key>
				<string>iPhone Developer</string>
				<key>COPY_PHASE_STRIP</key>
				<string>YES</string>
				<key>ENABLE_NS_ASSERTIONS</key>
				<string>NO</string>
				<key>GCC_C_LANGUAGE_STANDARD</key>
				<string>gnu99</string>
				<key>GCC_WARN_64_TO_32_BIT_CONVERSION</key>
				<string>YES</string>
				<key>GCC_WARN_ABOUT_RETURN_TYPE</key>
				<string>YES_ERROR</string>
				<key>GCC_WARN_UNDECLARED_SELECTOR</key>
				<string>YES</string>
				<key>GCC_WARN_UNINITIALIZED_AUTOS</key>
				<string>YES</string>
				<key>GCC_WARN_UNUSED_FUNCTION</key>
				<string>YES</string>
				<key>GCC_WARN_UNUSED_VARIABLE</key>
				<string>YES</string>
				<key>IPHONEOS_DEPLOYMENT_TARGET</key>
				<string>7.0</string>
				<key>SDKROOT</key>
				<string>iphoneos</string>
				<key>VALIDATE_PRODUCT</key>
				<string>YES</string>
			</dict>
			<key>isa</key>
			<string>XCBuildConfiguration</string>
			<key>name</key>
			<string>Release</string>
		</dict>
		<key>75C735E21846E0270055F8C3</key>
		<dict>
			<key>buildConfigurations</key>
			<array>
				<string>75C735E31846E0270055F8C3</string>
				<string>75C735E41846E0270055F8C3</string>
			</array>
			<key>defaultConfigurationIsVisible</key>
			<string>0</string>
			<key>defaultConfigurationName</key>
			<string>Release</string>
			<key>isa</key>
			<string>XCConfigurationList</string>
		</dict>
		<key>75C735E31846E0270055F8C3</key>
		<dict>
			<key>baseConfigurationReference</key>
			<string>9916D4A3C21D4307BE32C485</string>
			<key>buildSettings</key>
			<dict>
				<key>ASSETCATALOG_COMPILER_APPICON_NAME</key>
				<string>AppIcon</string>
				<key>ASSETCATALOG_COMPILER_LAUNCHIMAGE_NAME</key>
				<string>LaunchImage</string>
				<key>CODE_SIGN_IDENTITY</key>
				<string>iPhone Developer</string>
				<key>CODE_SIGN_IDENTITY[sdk=iphoneos*]</key>
				<string>iPhone Developer</string>
				<key>GCC_PRECOMPILE_PREFIX_HEADER</key>
				<string>YES</string>
				<key>GCC_PREFIX_HEADER</key>
				<string>Nostalgia/LookBack-Prefix.pch</string>
				<key>INFOPLIST_FILE</key>
				<string>Nostalgia/LookBack-Info.plist</string>
				<key>PRODUCT_NAME</key>
				<string>LookBack</string>
				<key>PROVISIONING_PROFILE</key>
				<string>33D64A36-2619-4197-AD02-4DD86329514A</string>
				<key>WRAPPER_EXTENSION</key>
				<string>app</string>
			</dict>
			<key>isa</key>
			<string>XCBuildConfiguration</string>
			<key>name</key>
			<string>Debug</string>
		</dict>
		<key>75C735E41846E0270055F8C3</key>
		<dict>
			<key>baseConfigurationReference</key>
			<string>9916D4A3C21D4307BE32C485</string>
			<key>buildSettings</key>
			<dict>
				<key>ASSETCATALOG_COMPILER_APPICON_NAME</key>
				<string>AppIcon</string>
				<key>ASSETCATALOG_COMPILER_LAUNCHIMAGE_NAME</key>
				<string>LaunchImage</string>
				<key>CODE_SIGN_IDENTITY</key>
				<string>iPhone Developer</string>
				<key>CODE_SIGN_IDENTITY[sdk=iphoneos*]</key>
				<string></string>
				<key>GCC_PRECOMPILE_PREFIX_HEADER</key>
				<string>YES</string>
				<key>GCC_PREFIX_HEADER</key>
				<string>Nostalgia/LookBack-Prefix.pch</string>
				<key>INFOPLIST_FILE</key>
				<string>Nostalgia/LookBack-Info.plist</string>
				<key>PRODUCT_NAME</key>
				<string>LookBack</string>
				<key>PROVISIONING_PROFILE</key>
				<string></string>
				<key>WRAPPER_EXTENSION</key>
				<string>app</string>
			</dict>
			<key>isa</key>
			<string>XCBuildConfiguration</string>
			<key>name</key>
			<string>Release</string>
		</dict>
		<key>75C735E51846E0270055F8C3</key>
		<dict>
			<key>buildConfigurations</key>
			<array>
				<string>75C735E61846E0270055F8C3</string>
				<string>75C735E71846E0270055F8C3</string>
			</array>
			<key>defaultConfigurationIsVisible</key>
			<string>0</string>
			<key>defaultConfigurationName</key>
			<string>Release</string>
			<key>isa</key>
			<string>XCConfigurationList</string>
		</dict>
		<key>75C735E61846E0270055F8C3</key>
		<dict>
			<key>buildSettings</key>
			<dict>
				<key>BUNDLE_LOADER</key>
				<string>$(BUILT_PRODUCTS_DIR)/Nostalgia.app/Nostalgia</string>
				<key>FRAMEWORK_SEARCH_PATHS</key>
				<array>
					<string>$(SDKROOT)/Developer/Library/Frameworks</string>
					<string>$(inherited)</string>
					<string>$(DEVELOPER_FRAMEWORKS_DIR)</string>
				</array>
				<key>GCC_PRECOMPILE_PREFIX_HEADER</key>
				<string>YES</string>
				<key>GCC_PREFIX_HEADER</key>
				<string>Nostalgia/Nostalgia-Prefix.pch</string>
				<key>GCC_PREPROCESSOR_DEFINITIONS</key>
				<array>
					<string>DEBUG=1</string>
					<string>$(inherited)</string>
				</array>
				<key>INFOPLIST_FILE</key>
				<string>NostalgiaTests/LookBackTests-Info.plist</string>
				<key>PRODUCT_NAME</key>
				<string>LookBackTests</string>
				<key>TEST_HOST</key>
				<string>$(BUNDLE_LOADER)</string>
				<key>WRAPPER_EXTENSION</key>
				<string>xctest</string>
			</dict>
			<key>isa</key>
			<string>XCBuildConfiguration</string>
			<key>name</key>
			<string>Debug</string>
		</dict>
		<key>75C735E71846E0270055F8C3</key>
		<dict>
			<key>buildSettings</key>
			<dict>
				<key>BUNDLE_LOADER</key>
				<string>$(BUILT_PRODUCTS_DIR)/Nostalgia.app/Nostalgia</string>
				<key>FRAMEWORK_SEARCH_PATHS</key>
				<array>
					<string>$(SDKROOT)/Developer/Library/Frameworks</string>
					<string>$(inherited)</string>
					<string>$(DEVELOPER_FRAMEWORKS_DIR)</string>
				</array>
				<key>GCC_PRECOMPILE_PREFIX_HEADER</key>
				<string>YES</string>
				<key>GCC_PREFIX_HEADER</key>
				<string>Nostalgia/Nostalgia-Prefix.pch</string>
				<key>INFOPLIST_FILE</key>
				<string>NostalgiaTests/LookBackTests-Info.plist</string>
				<key>PRODUCT_NAME</key>
				<string>LookBackTests</string>
				<key>TEST_HOST</key>
				<string>$(BUNDLE_LOADER)</string>
				<key>WRAPPER_EXTENSION</key>
				<string>xctest</string>
			</dict>
			<key>isa</key>
			<string>XCBuildConfiguration</string>
			<key>name</key>
			<string>Release</string>
		</dict>
		<key>75CA879A18821D24007A9F06</key>
		<dict>
			<key>children</key>
			<array>
				<string>75CA879B18821D24007A9F06</string>
			</array>
			<key>currentVersion</key>
			<string>75CA879B18821D24007A9F06</string>
			<key>isa</key>
			<string>XCVersionGroup</string>
			<key>path</key>
			<string>Nostalgia.xcdatamodeld</string>
			<key>sourceTree</key>
			<string>&lt;group&gt;</string>
			<key>versionGroupType</key>
			<string>wrapper.xcdatamodel</string>
		</dict>
		<key>75CA879B18821D24007A9F06</key>
		<dict>
			<key>isa</key>
			<string>PBXFileReference</string>
			<key>lastKnownFileType</key>
			<string>wrapper.xcdatamodel</string>
			<key>path</key>
			<string>Nostalgia.xcdatamodel</string>
			<key>sourceTree</key>
			<string>&lt;group&gt;</string>
		</dict>
		<key>75CA879C18821D24007A9F06</key>
		<dict>
			<key>fileRef</key>
			<string>75CA879A18821D24007A9F06</string>
			<key>isa</key>
			<string>PBXBuildFile</string>
		</dict>
		<key>75CA879D18821D87007A9F06</key>
		<dict>
			<key>children</key>
			<array>
				<string>75B729871882DBB900D0A695</string>
				<string>75270ABE187CCBB700B49643</string>
				<string>75270ABF187CCBB700B49643</string>
				<string>75CA879A18821D24007A9F06</string>
				<string>757BADAF193E7F180087CC54</string>
				<string>757BADB0193E7F180087CC54</string>
				<string>754BD9AA18BBA84C0057EC38</string>
				<string>754BD9AB18BBA84C0057EC38</string>
				<string>754BD99818BBA2B20057EC38</string>
				<string>754BD99918BBA2B20057EC38</string>
				<string>754BD9A418BBA5460057EC38</string>
				<string>754BD9A518BBA5460057EC38</string>
				<string>754BD99B18BBA2B30057EC38</string>
				<string>754BD99C18BBA2B30057EC38</string>
				<string>75B729841882D81B00D0A695</string>
				<string>75B729851882D81B00D0A695</string>
				<string>75D4596018B1EBAF00E5144E</string>
				<string>75D4596118B1EBAF00E5144E</string>
			</array>
			<key>isa</key>
			<string>PBXGroup</string>
			<key>name</key>
			<string>Model</string>
			<key>sourceTree</key>
			<string>&lt;group&gt;</string>
		</dict>
		<key>75CA87A11882247F007A9F06</key>
		<dict>
			<key>isa</key>
			<string>PBXFileReference</string>
			<key>lastKnownFileType</key>
			<string>wrapper.framework</string>
			<key>name</key>
			<string>CoreData.framework</string>
			<key>path</key>
			<string>System/Library/Frameworks/CoreData.framework</string>
			<key>sourceTree</key>
			<string>SDKROOT</string>
		</dict>
		<key>75CA87A21882247F007A9F06</key>
		<dict>
			<key>fileRef</key>
			<string>75CA87A11882247F007A9F06</string>
			<key>isa</key>
			<string>PBXBuildFile</string>
		</dict>
		<key>75CA87A61882499D007A9F06</key>
		<dict>
			<key>fileEncoding</key>
			<string>4</string>
			<key>isa</key>
			<string>PBXFileReference</string>
			<key>lastKnownFileType</key>
			<string>sourcecode.c.h</string>
			<key>path</key>
			<string>SignUpTVC.h</string>
			<key>sourceTree</key>
			<string>&lt;group&gt;</string>
		</dict>
		<key>75CA87A71882499D007A9F06</key>
		<dict>
			<key>fileEncoding</key>
			<string>4</string>
			<key>isa</key>
			<string>PBXFileReference</string>
			<key>lastKnownFileType</key>
			<string>sourcecode.c.objc</string>
			<key>path</key>
			<string>SignUpTVC.m</string>
			<key>sourceTree</key>
			<string>&lt;group&gt;</string>
		</dict>
		<key>75CA87A81882499D007A9F06</key>
		<dict>
			<key>fileRef</key>
			<string>75CA87A71882499D007A9F06</string>
			<key>isa</key>
			<string>PBXBuildFile</string>
		</dict>
		<key>75CA87A918824A39007A9F06</key>
		<dict>
			<key>fileEncoding</key>
			<string>4</string>
			<key>isa</key>
			<string>PBXFileReference</string>
			<key>lastKnownFileType</key>
			<string>sourcecode.c.h</string>
			<key>path</key>
			<string>TextFieldCell.h</string>
			<key>sourceTree</key>
			<string>&lt;group&gt;</string>
		</dict>
		<key>75CA87AA18824A39007A9F06</key>
		<dict>
			<key>fileEncoding</key>
			<string>4</string>
			<key>isa</key>
			<string>PBXFileReference</string>
			<key>lastKnownFileType</key>
			<string>sourcecode.c.objc</string>
			<key>path</key>
			<string>TextFieldCell.m</string>
			<key>sourceTree</key>
			<string>&lt;group&gt;</string>
		</dict>
		<key>75CA87AB18824A39007A9F06</key>
		<dict>
			<key>fileRef</key>
			<string>75CA87AA18824A39007A9F06</string>
			<key>isa</key>
			<string>PBXBuildFile</string>
		</dict>
		<key>75D4596018B1EBAF00E5144E</key>
		<dict>
			<key>fileEncoding</key>
			<string>4</string>
			<key>isa</key>
			<string>PBXFileReference</string>
			<key>lastKnownFileType</key>
			<string>sourcecode.c.h</string>
			<key>path</key>
			<string>Movie+Networking.h</string>
			<key>sourceTree</key>
			<string>&lt;group&gt;</string>
		</dict>
		<key>75D4596118B1EBAF00E5144E</key>
		<dict>
			<key>fileEncoding</key>
			<string>4</string>
			<key>isa</key>
			<string>PBXFileReference</string>
			<key>lastKnownFileType</key>
			<string>sourcecode.c.objc</string>
			<key>path</key>
			<string>Movie+Networking.m</string>
			<key>sourceTree</key>
			<string>&lt;group&gt;</string>
		</dict>
		<key>75D4596218B1EBAF00E5144E</key>
		<dict>
			<key>fileRef</key>
			<string>75D4596118B1EBAF00E5144E</string>
			<key>isa</key>
			<string>PBXBuildFile</string>
		</dict>
		<key>75D52A3418AE4755008177C3</key>
		<dict>
			<key>isa</key>
			<string>PBXFileReference</string>
			<key>lastKnownFileType</key>
			<string>image.png</string>
			<key>path</key>
			<string>767-photo-1-gray.png</string>
			<key>sourceTree</key>
			<string>&lt;group&gt;</string>
		</dict>
		<key>75D52A3518AE4755008177C3</key>
		<dict>
			<key>isa</key>
			<string>PBXFileReference</string>
			<key>lastKnownFileType</key>
			<string>image.png</string>
			<key>path</key>
			<string>767-photo-1-gray@2x.png</string>
			<key>sourceTree</key>
			<string>&lt;group&gt;</string>
		</dict>
		<key>75D52A3618AE4755008177C3</key>
		<dict>
			<key>fileRef</key>
			<string>75D52A3418AE4755008177C3</string>
			<key>isa</key>
			<string>PBXBuildFile</string>
		</dict>
		<key>75D52A3718AE4755008177C3</key>
		<dict>
			<key>fileRef</key>
			<string>75D52A3518AE4755008177C3</string>
			<key>isa</key>
			<string>PBXBuildFile</string>
		</dict>
		<key>75D52A3818AE47ED008177C3</key>
		<dict>
			<key>isa</key>
			<string>PBXFileReference</string>
			<key>lastKnownFileType</key>
			<string>image.png</string>
			<key>path</key>
			<string>767-photo-1-white.png</string>
			<key>sourceTree</key>
			<string>&lt;group&gt;</string>
		</dict>
		<key>75D52A3918AE47ED008177C3</key>
		<dict>
			<key>isa</key>
			<string>PBXFileReference</string>
			<key>lastKnownFileType</key>
			<string>image.png</string>
			<key>path</key>
			<string>767-photo-1-white@2x.png</string>
			<key>sourceTree</key>
			<string>&lt;group&gt;</string>
		</dict>
		<key>75D52A3A18AE47ED008177C3</key>
		<dict>
			<key>fileRef</key>
			<string>75D52A3818AE47ED008177C3</string>
			<key>isa</key>
			<string>PBXBuildFile</string>
		</dict>
		<key>75D52A3B18AE47ED008177C3</key>
		<dict>
			<key>fileRef</key>
			<string>75D52A3918AE47ED008177C3</string>
			<key>isa</key>
			<string>PBXBuildFile</string>
		</dict>
		<key>75DC3D9018B988D4000A4778</key>
		<dict>
			<key>children</key>
			<array>
				<string>75B0EB8818AB154800673236</string>
				<string>75B0EB8918AB154800673236</string>
				<string>756DE87A18ADB3BB003A8518</string>
				<string>750A55AF18B6C4EE00E3BFA6</string>
				<string>750A55B018B6C4EE00E3BFA6</string>
				<string>7557FDDC191B042A00FE9F11</string>
				<string>7557FDDD191B042A00FE9F11</string>
				<string>7535D9491956AD00001C0362</string>
			</array>
			<key>isa</key>
			<string>PBXGroup</string>
			<key>name</key>
			<string>Detail Screens</string>
			<key>sourceTree</key>
			<string>&lt;group&gt;</string>
		</dict>
		<key>75DC3D9118B98936000A4778</key>
		<dict>
			<key>children</key>
			<array>
				<string>750A55A018B6B2D900E3BFA6</string>
				<string>750A55A118B6B2D900E3BFA6</string>
			</array>
			<key>isa</key>
			<string>PBXGroup</string>
			<key>name</key>
			<string>Favorites</string>
			<key>sourceTree</key>
			<string>&lt;group&gt;</string>
		</dict>
		<key>75DC3D9218B9899B000A4778</key>
		<dict>
			<key>fileEncoding</key>
			<string>4</string>
			<key>isa</key>
			<string>PBXFileReference</string>
			<key>lastKnownFileType</key>
			<string>sourcecode.c.h</string>
			<key>path</key>
			<string>InfoTVC.h</string>
			<key>sourceTree</key>
			<string>&lt;group&gt;</string>
		</dict>
		<key>75DC3D9318B9899B000A4778</key>
		<dict>
			<key>fileEncoding</key>
			<string>4</string>
			<key>isa</key>
			<string>PBXFileReference</string>
			<key>lastKnownFileType</key>
			<string>sourcecode.c.objc</string>
			<key>path</key>
			<string>InfoTVC.m</string>
			<key>sourceTree</key>
			<string>&lt;group&gt;</string>
		</dict>
		<key>75DC3D9418B9899B000A4778</key>
		<dict>
			<key>fileRef</key>
			<string>75DC3D9318B9899B000A4778</string>
			<key>isa</key>
			<string>PBXBuildFile</string>
		</dict>
		<key>75DC3D9518B9B1B9000A4778</key>
		<dict>
			<key>fileEncoding</key>
			<string>4</string>
			<key>isa</key>
			<string>PBXFileReference</string>
			<key>lastKnownFileType</key>
			<string>file.xib</string>
			<key>path</key>
			<string>SignUpCell.xib</string>
			<key>sourceTree</key>
			<string>&lt;group&gt;</string>
		</dict>
		<key>75DC3D9618B9B1B9000A4778</key>
		<dict>
			<key>fileRef</key>
			<string>75DC3D9518B9B1B9000A4778</string>
			<key>isa</key>
			<string>PBXBuildFile</string>
		</dict>
		<key>75DC3D9718B9B1C6000A4778</key>
		<dict>
			<key>fileEncoding</key>
			<string>4</string>
			<key>isa</key>
			<string>PBXFileReference</string>
			<key>lastKnownFileType</key>
			<string>file.xib</string>
			<key>path</key>
			<string>TextFieldCell.xib</string>
			<key>sourceTree</key>
			<string>&lt;group&gt;</string>
		</dict>
		<key>75DC3D9818B9B1C6000A4778</key>
		<dict>
			<key>fileRef</key>
			<string>75DC3D9718B9B1C6000A4778</string>
			<key>isa</key>
			<string>PBXBuildFile</string>
		</dict>
		<key>75F9BAC518F880A900C1B08C</key>
		<dict>
			<key>children</key>
			<array>
				<string>7585B0A81933C0DC00DD6838</string>
				<string>750F139C18DFB8470004BA86</string>
				<string>750F139D18DFB8470004BA86</string>
				<string>750F139E18DFB8470004BA86</string>
				<string>750F139F18DFB8470004BA86</string>
				<string>750F139818DF81B50004BA86</string>
				<string>750F139918DF81B50004BA86</string>
				<string>750F139418DF813E0004BA86</string>
				<string>750F139518DF813E0004BA86</string>
				<string>750F137E18DF53CA0004BA86</string>
				<string>750F137F18DF53CA0004BA86</string>
				<string>7587C44618AE6B2B000721C3</string>
				<string>758FF25E18E8BC46008C010D</string>
				<string>758FF25F18E8BC46008C010D</string>
				<string>750A55AA18B6BE1800E3BFA6</string>
				<string>750A55AB18B6BE1800E3BFA6</string>
				<string>758FF25A18E8B772008C010D</string>
				<string>758FF25B18E8B772008C010D</string>
				<string>750A55A618B6BDFE00E3BFA6</string>
				<string>750A55A718B6BDFE00E3BFA6</string>
				<string>758AB1A818B430F100E5CBF3</string>
				<string>758AB1A918B430F100E5CBF3</string>
				<string>758AB1A418B430C800E5CBF3</string>
				<string>758AB1A518B430C800E5CBF3</string>
				<string>756F510518B16BAF0068C7AC</string>
				<string>756F510618B16BAF0068C7AC</string>
				<string>756F510118B16B8C0068C7AC</string>
				<string>756F510218B16B8C0068C7AC</string>
				<string>7587C44818AEA093000721C3</string>
				<string>7587C44918AEA093000721C3</string>
				<string>7587C44C18AEA0A7000721C3</string>
				<string>7587C44D18AEA0A7000721C3</string>
				<string>75D52A3818AE47ED008177C3</string>
				<string>75D52A3918AE47ED008177C3</string>
				<string>75D52A3418AE4755008177C3</string>
				<string>75D52A3518AE4755008177C3</string>
				<string>756DE87C18ADC3E3003A8518</string>
				<string>756DE87D18ADC3E3003A8518</string>
				<string>756DE88018ADC3FF003A8518</string>
				<string>756DE88118ADC3FF003A8518</string>
			</array>
			<key>isa</key>
			<string>PBXGroup</string>
			<key>name</key>
			<string>Images</string>
			<key>sourceTree</key>
			<string>&lt;group&gt;</string>
		</dict>
		<key>75FBBE3318AAE11E00914A98</key>
		<dict>
			<key>children</key>
			<array>
				<string>7557FDDB191B030700FE9F11</string>
			</array>
			<key>isa</key>
			<string>PBXVariantGroup</string>
			<key>name</key>
			<string>Localizable.strings</string>
			<key>sourceTree</key>
			<string>&lt;group&gt;</string>
		</dict>
		<key>75FBBE3518AAE11E00914A98</key>
		<dict>
			<key>fileRef</key>
			<string>75FBBE3318AAE11E00914A98</string>
			<key>isa</key>
			<string>PBXBuildFile</string>
		</dict>
		<key>89784CB92502488DB677EEE9</key>
		<dict>
			<key>explicitFileType</key>
			<string>archive.ar</string>
			<key>includeInIndex</key>
			<string>0</string>
			<key>isa</key>
			<string>PBXFileReference</string>
			<key>path</key>
			<string>libPods-Nostalgia.a</string>
			<key>sourceTree</key>
			<string>BUILT_PRODUCTS_DIR</string>
		</dict>
		<key>9916D4A3C21D4307BE32C485</key>
		<dict>
			<key>includeInIndex</key>
			<string>1</string>
			<key>isa</key>
			<string>PBXFileReference</string>
			<key>lastKnownFileType</key>
			<string>text.xcconfig</string>
			<key>name</key>
			<string>Pods-LookBack.xcconfig</string>
			<key>path</key>
			<string>Pods/Pods-LookBack.xcconfig</string>
			<key>sourceTree</key>
			<string>&lt;group&gt;</string>
		</dict>
		<key>BA2C48A2B27143A98011575A</key>
		<dict>
			<key>buildActionMask</key>
			<string>2147483647</string>
			<key>files</key>
			<array/>
			<key>inputPaths</key>
			<array/>
			<key>isa</key>
			<string>PBXShellScriptBuildPhase</string>
			<key>name</key>
			<string>Copy Pods Resources</string>
			<key>outputPaths</key>
			<array/>
			<key>runOnlyForDeploymentPostprocessing</key>
			<string>0</string>
			<key>shellPath</key>
			<string>/bin/sh</string>
			<key>shellScript</key>
			<string>"${SRCROOT}/Pods/Pods-LookBack-resources.sh"
</string>
			<key>showEnvVarsInLog</key>
			<string>0</string>
		</dict>
		<key>CA8DF13A8DE24602A913ACB1</key>
		<dict>
			<key>fileRef</key>
			<string>E5BF7299DC05409ABF3D54C4</string>
			<key>isa</key>
			<string>PBXBuildFile</string>
		</dict>
		<key>E5BF7299DC05409ABF3D54C4</key>
		<dict>
			<key>explicitFileType</key>
			<string>archive.ar</string>
			<key>includeInIndex</key>
			<string>0</string>
			<key>isa</key>
			<string>PBXFileReference</string>
			<key>path</key>
			<string>libPods-LookBack.a</string>
			<key>sourceTree</key>
			<string>BUILT_PRODUCTS_DIR</string>
		</dict>
		<key>FA3EFB11A6DD40D1917C6D71</key>
		<dict>
			<key>fileRef</key>
			<string>89784CB92502488DB677EEE9</string>
			<key>isa</key>
			<string>PBXBuildFile</string>
		</dict>
	</dict>
	<key>rootObject</key>
	<string>75C735A81846E0260055F8C3</string>
</dict>
</plist>
